
Microsoft Visual Studio Solution File, Format Version 11.00
# Visual Studio 2010
Project("{FAE04EC0-301F-11D3-BF4B-00C04F79EFBC}") = "GroupMessages", "GroupMessages\GroupMessages.csproj", "{A400A79E-1879-4AFB-BE4F-88B0D6A11B93}"
EndProject
Project("{FAE04EC0-301F-11D3-BF4B-00C04F79EFBC}") = "RailwayTicketing", "RailwayTicketing\RailwayTicketing.csproj", "{7DF921DF-E3CD-4BF8-997B-1BEA217B5092}"
EndProject
Project("{FAE04EC0-301F-11D3-BF4B-00C04F79EFBC}") = "ProducerConsumer", "ProducerConsumer\ProducerConsumer.csproj", "{42312E01-EBC3-435C-97B3-9B27DF24CA7C}"
EndProject
Project("{FAE04EC0-301F-11D3-BF4B-00C04F79EFBC}") = "CheckUser", "CheckUser\CheckUser.csproj", "{EAE0B0A1-2DAA-4F84-B203-BE39C92AC90F}"
EndProject
Project("{FAE04EC0-301F-11D3-BF4B-00C04F79EFBC}") = "Maximum", "Maximum\Maximum.csproj", "{F260CA32-A7D4-4FB7-8257-CD9C90400BB1}"
EndProject
Project("{FAE04EC0-301F-11D3-BF4B-00C04F79EFBC}") = "PortScanner", "PortScanner\PortScanner.csproj", "{6C498CBF-4078-452C-933A-F34468709874}"
EndProject
Project("{FAE04EC0-301F-11D3-BF4B-00C04F79EFBC}") = "SearchFile", "SearchFile\SearchFile.csproj", "{D069DD8C-7FBD-41DF-B798-0C7FCF702758}"
EndProject
Project("{FAE04EC0-301F-11D3-BF4B-00C04F79EFBC}") = "WordFrequency", "WordFrequency\WordFrequency.csproj", "{7F605C1E-C0DA-4CAA-80D4-139A0D2B2539}"
EndProject
Project("{FAE04EC0-301F-11D3-BF4B-00C04F79EFBC}") = "SimulateTimer", "SimulateTimer\SimulateTimer.csproj", "{8D2CFED2-3E35-4DE0-86F2-E1CE913EA226}"
EndProject
Project("{2150E333-8FDC-42A3-9474-1A3956D46DE8}") = "实例148  模拟群发祝福短信", "实例148  模拟群发祝福短信", "{10DA5A42-2C0C-4EC0-9C1B-95D04E0745E2}"
EndProject
Project("{2150E333-8FDC-42A3-9474-1A3956D46DE8}") = "实例149  模拟铁路售票系统", "实例149  模拟铁路售票系统", "{BB39BD8A-B411-4D81-AB3A-B4A380C20E49}"
EndProject
Project("{2150E333-8FDC-42A3-9474-1A3956D46DE8}") = "实例150  生产者与消费者模型", "实例150  生产者与消费者模型", "{0E6D6285-59A7-4810-89B5-472E3C9BA17F}"
EndProject
Project("{2150E333-8FDC-42A3-9474-1A3956D46DE8}") = "实例151  检测用户在线时间", "实例151  检测用户在线时间", "{8A857571-B792-4716-8B63-7BBCC7A8662A}"
EndProject
Project("{2150E333-8FDC-42A3-9474-1A3956D46DE8}") = "实例152  求海量数据最大值", "实例152  求海量数据最大值", "{7EB230B0-A0F5-4F7E-A3EA-DD35DE8BB3D6}"
EndProject
Project("{2150E333-8FDC-42A3-9474-1A3956D46DE8}") = "实例153  端口扫描工具", "实例153  端口扫描工具", "{2558F9D7-A999-460D-A677-06F965FCDBA2}"
EndProject
Project("{2150E333-8FDC-42A3-9474-1A3956D46DE8}") = "实例154  查找本地文件", "实例154  查找本地文件", "{AAEE888D-903D-4ABD-BADC-9ADF7C2E352E}"
EndProject
Project("{2150E333-8FDC-42A3-9474-1A3956D46DE8}") = "实例155  统计单词词频", "实例155  统计单词词频", "{56A9507E-3C71-4574-85B3-F9533F0CB9EC}"
EndProject
Project("{2150E333-8FDC-42A3-9474-1A3956D46DE8}") = "实例156  简单定时器工具", "实例156  简单定时器工具", "{616B3716-E7AA-4A32-B5C1-07C67AF2DB8E}"
EndProject
Global
	GlobalSection(SolutionConfigurationPlatforms) = preSolution
		Debug|x86 = Debug|x86
		Release|x86 = Release|x86
	EndGlobalSection
	GlobalSection(ProjectConfigurationPlatforms) = postSolution
		{A400A79E-1879-4AFB-BE4F-88B0D6A11B93}.Debug|x86.ActiveCfg = Debug|x86
		{A400A79E-1879-4AFB-BE4F-88B0D6A11B93}.Debug|x86.Build.0 = Debug|x86
		{A400A79E-1879-4AFB-BE4F-88B0D6A11B93}.Release|x86.ActiveCfg = Release|x86
		{A400A79E-1879-4AFB-BE4F-88B0D6A11B93}.Release|x86.Build.0 = Release|x86
		{7DF921DF-E3CD-4BF8-997B-1BEA217B5092}.Debug|x86.ActiveCfg = Debug|x86
		{7DF921DF-E3CD-4BF8-997B-1BEA217B5092}.Debug|x86.Build.0 = Debug|x86
		{7DF921DF-E3CD-4BF8-997B-1BEA217B5092}.Release|x86.ActiveCfg = Release|x86
		{7DF921DF-E3CD-4BF8-997B-1BEA217B5092}.Release|x86.Build.0 = Release|x86
		{42312E01-EBC3-435C-97B3-9B27DF24CA7C}.Debug|x86.ActiveCfg = Debug|x86
		{42312E01-EBC3-435C-97B3-9B27DF24CA7C}.Debug|x86.Build.0 = Debug|x86
		{42312E01-EBC3-435C-97B3-9B27DF24CA7C}.Release|x86.ActiveCfg = Release|x86
		{42312E01-EBC3-435C-97B3-9B27DF24CA7C}.Release|x86.Build.0 = Release|x86
		{EAE0B0A1-2DAA-4F84-B203-BE39C92AC90F}.Debug|x86.ActiveCfg = Debug|x86
		{EAE0B0A1-2DAA-4F84-B203-BE39C92AC90F}.Debug|x86.Build.0 = Debug|x86
		{EAE0B0A1-2DAA-4F84-B203-BE39C92AC90F}.Release|x86.ActiveCfg = Release|x86
		{EAE0B0A1-2DAA-4F84-B203-BE39C92AC90F}.Release|x86.Build.0 = Release|x86
		{F260CA32-A7D4-4FB7-8257-CD9C90400BB1}.Debug|x86.ActiveCfg = Debug|x86
		{F260CA32-A7D4-4FB7-8257-CD9C90400BB1}.Debug|x86.Build.0 = Debug|x86
		{F260CA32-A7D4-4FB7-8257-CD9C90400BB1}.Release|x86.ActiveCfg = Release|x86
		{F260CA32-A7D4-4FB7-8257-CD9C90400BB1}.Release|x86.Build.0 = Release|x86
		{6C498CBF-4078-452C-933A-F34468709874}.Debug|x86.ActiveCfg = Debug|x86
		{6C498CBF-4078-452C-933A-F34468709874}.Debug|x86.Build.0 = Debug|x86
		{6C498CBF-4078-452C-933A-F34468709874}.Release|x86.ActiveCfg = Release|x86
		{6C498CBF-4078-452C-933A-F34468709874}.Release|x86.Build.0 = Release|x86
		{D069DD8C-7FBD-41DF-B798-0C7FCF702758}.Debug|x86.ActiveCfg = Debug|x86
		{D069DD8C-7FBD-41DF-B798-0C7FCF702758}.Debug|x86.Build.0 = Debug|x86
		{D069DD8C-7FBD-41DF-B798-0C7FCF702758}.Release|x86.ActiveCfg = Release|x86
		{D069DD8C-7FBD-41DF-B798-0C7FCF702758}.Release|x86.Build.0 = Release|x86
		{7F605C1E-C0DA-4CAA-80D4-139A0D2B2539}.Debug|x86.ActiveCfg = Debug|x86
		{7F605C1E-C0DA-4CAA-80D4-139A0D2B2539}.Debug|x86.Build.0 = Debug|x86
		{7F605C1E-C0DA-4CAA-80D4-139A0D2B2539}.Release|x86.ActiveCfg = Release|x86
		{7F605C1E-C0DA-4CAA-80D4-139A0D2B2539}.Release|x86.Build.0 = Release|x86
		{8D2CFED2-3E35-4DE0-86F2-E1CE913EA226}.Debug|x86.ActiveCfg = Debug|x86
		{8D2CFED2-3E35-4DE0-86F2-E1CE913EA226}.Debug|x86.Build.0 = Debug|x86
		{8D2CFED2-3E35-4DE0-86F2-E1CE913EA226}.Release|x86.ActiveCfg = Release|x86
		{8D2CFED2-3E35-4DE0-86F2-E1CE913EA226}.Release|x86.Build.0 = Release|x86
	EndGlobalSection
	GlobalSection(SolutionProperties) = preSolution
		HideSolutionNode = FALSE
	EndGlobalSection
	GlobalSection(NestedProjects) = preSolution
		{A400A79E-1879-4AFB-BE4F-88B0D6A11B93} = {10DA5A42-2C0C-4EC0-9C1B-95D04E0745E2}
		{7DF921DF-E3CD-4BF8-997B-1BEA217B5092} = {BB39BD8A-B411-4D81-AB3A-B4A380C20E49}
		{42312E01-EBC3-435C-97B3-9B27DF24CA7C} = {0E6D6285-59A7-4810-89B5-472E3C9BA17F}
		{EAE0B0A1-2DAA-4F84-B203-BE39C92AC90F} = {8A857571-B792-4716-8B63-7BBCC7A8662A}
		{F260CA32-A7D4-4FB7-8257-CD9C90400BB1} = {7EB230B0-A0F5-4F7E-A3EA-DD35DE8BB3D6}
		{6C498CBF-4078-452C-933A-F34468709874} = {2558F9D7-A999-460D-A677-06F965FCDBA2}
		{D069DD8C-7FBD-41DF-B798-0C7FCF702758} = {AAEE888D-903D-4ABD-BADC-9ADF7C2E352E}
		{7F605C1E-C0DA-4CAA-80D4-139A0D2B2539} = {56A9507E-3C71-4574-85B3-F9533F0CB9EC}
		{8D2CFED2-3E35-4DE0-86F2-E1CE913EA226} = {616B3716-E7AA-4A32-B5C1-07C67AF2DB8E}
	EndGlobalSection
EndGlobal
