
Microsoft Visual Studio Solution File, Format Version 11.00
# Visual Studio 2010
Project("{FAE04EC0-301F-11D3-BF4B-00C04F79EFBC}") = "Integer", "Integer\Integer.csproj", "{49BFBCDA-79E7-4F79-AAA7-A43A9145E1FA}"
EndProject
Project("{FAE04EC0-301F-11D3-BF4B-00C04F79EFBC}") = "Float", "Float\Float.csproj", "{FAFEA0D9-D5DA-444C-9E00-0426CAE5993A}"
EndProject
Project("{FAE04EC0-301F-11D3-BF4B-00C04F79EFBC}") = "Struct", "Struct\Struct.csproj", "{8A09FFCF-3427-4A5A-BBB0-F41D0765B99B}"
EndProject
Project("{FAE04EC0-301F-11D3-BF4B-00C04F79EFBC}") = "Enum", "Enum\Enum.csproj", "{0F83891B-3A39-4ED4-BA10-AABB4D442661}"
EndProject
Project("{FAE04EC0-301F-11D3-BF4B-00C04F79EFBC}") = "Reference", "Reference\Reference.csproj", "{22E12503-B8A9-4A24-BDEB-C525F0E575C3}"
EndProject
Project("{FAE04EC0-301F-11D3-BF4B-00C04F79EFBC}") = "CircleArea", "CircleArea\CircleArea.csproj", "{63918D79-45B5-485F-80FA-164D9BEA4014}"
EndProject
Project("{FAE04EC0-301F-11D3-BF4B-00C04F79EFBC}") = "RectangleArea", "RectangleArea\RectangleArea.csproj", "{93824EAD-8B42-495E-BA0A-857E5D0A7580}"
EndProject
Project("{FAE04EC0-301F-11D3-BF4B-00C04F79EFBC}") = "Calculator", "Calculator\Calculator.csproj", "{197A33DD-863C-4E5E-B8BD-C7A048EDEB34}"
EndProject
Project("{FAE04EC0-301F-11D3-BF4B-00C04F79EFBC}") = "Relation", "Relation\Relation.csproj", "{C6F0F478-3A06-4D44-8F52-8B6571B0BCB2}"
EndProject
Project("{FAE04EC0-301F-11D3-BF4B-00C04F79EFBC}") = "Logic", "Logic\Logic.csproj", "{7CBDF916-0F9A-4513-8256-49C3711D22AD}"
EndProject
Project("{FAE04EC0-301F-11D3-BF4B-00C04F79EFBC}") = "Condition", "Condition\Condition.csproj", "{4ADEC05C-0E8E-4335-B88D-157021D1B188}"
EndProject
Project("{FAE04EC0-301F-11D3-BF4B-00C04F79EFBC}") = "Max", "Max\Max.csproj", "{59E046D2-4B17-4207-86DB-ABBB0C4D5395}"
EndProject
Project("{FAE04EC0-301F-11D3-BF4B-00C04F79EFBC}") = "Exchange", "Exchange\Exchange.csproj", "{A80884D7-98B1-41EC-B29B-E6F5FEB1629D}"
EndProject
Project("{FAE04EC0-301F-11D3-BF4B-00C04F79EFBC}") = "Factorial", "Factorial\Factorial.csproj", "{B06C64A3-45A5-4507-B002-DCC9A686C758}"
EndProject
Project("{FAE04EC0-301F-11D3-BF4B-00C04F79EFBC}") = "Multiplication", "Multiplication\Multiplication.csproj", "{1C21458E-4327-42BC-BC7B-3578171330A2}"
EndProject
Project("{2150E333-8FDC-42A3-9474-1A3956D46DE8}") = "实例004  从控制台输出整数类型--整数类型", "实例004  从控制台输出整数类型--整数类型", "{26C8F880-D2EA-46E8-9DF9-908339DADA22}"
EndProject
Project("{2150E333-8FDC-42A3-9474-1A3956D46DE8}") = "实例005  从控制台输出浮点类型--浮点类型", "实例005  从控制台输出浮点类型--浮点类型", "{11E73FA9-1EC4-4156-A07F-298CDA39D2D7}"
EndProject
Project("{2150E333-8FDC-42A3-9474-1A3956D46DE8}") = "实例006  判断矩形是否为正方形--结构体和布尔型", "实例006  判断矩形是否为正方形--结构体和布尔型", "{54F29B4C-B96A-4B87-BE13-49A5EE02B7A3}"
EndProject
Project("{2150E333-8FDC-42A3-9474-1A3956D46DE8}") = "实例007  利用枚举型描述动物类型--枚举类型", "实例007  利用枚举型描述动物类型--枚举类型", "{4807843F-464C-4E5C-9255-19C3CEBD4E23}"
EndProject
Project("{2150E333-8FDC-42A3-9474-1A3956D46DE8}") = "实例008  修改圆柱体的高度和底面半径--引用类型", "实例008  修改圆柱体的高度和底面半径--引用类型", "{E127702B-E555-41DA-ADEF-73E09E8F25D4}"
EndProject
Project("{2150E333-8FDC-42A3-9474-1A3956D46DE8}") = "实例009  计算圆形的面积--常量", "实例009  计算圆形的面积--常量", "{CD50FBA7-F96B-4EA0-A956-BAEBD8D899DA}"
EndProject
Project("{2150E333-8FDC-42A3-9474-1A3956D46DE8}") = "实例010  计算矩形的面积--变量", "实例010  计算矩形的面积--变量", "{3A06BECA-6555-41EF-A763-0E642548F260}"
EndProject
Project("{2150E333-8FDC-42A3-9474-1A3956D46DE8}") = "实例011  实现简单计算器--算术运算符", "实例011  实现简单计算器--算术运算符", "{42A0F0AF-29CF-43DB-985F-F48CB1701026}"
EndProject
Project("{2150E333-8FDC-42A3-9474-1A3956D46DE8}") = "实例012  输出两个数之间的关系--关系运算符", "实例012  输出两个数之间的关系--关系运算符", "{25BB693A-589F-4495-8D50-C1E250DCF8F3}"
EndProject
Project("{2150E333-8FDC-42A3-9474-1A3956D46DE8}") = "实例013  按字节提取整型数值--按位运算符", "实例013  按字节提取整型数值--按位运算符", "{3C987C1E-4E23-4B3E-9180-24A3AC6C39E1}"
EndProject
Project("{2150E333-8FDC-42A3-9474-1A3956D46DE8}") = "实例014  对学生成绩进行分类--条件运算符", "实例014  对学生成绩进行分类--条件运算符", "{3653CD59-6B3F-4818-851F-724D2103AD37}"
EndProject
Project("{2150E333-8FDC-42A3-9474-1A3956D46DE8}") = "实例015  求三个数中的最大值--三元运算符", "实例015  求三个数中的最大值--三元运算符", "{DE6EF494-9D1D-40FB-8FAA-7DEBA5B378DD}"
EndProject
Project("{2150E333-8FDC-42A3-9474-1A3956D46DE8}") = "实例016  将两个数的值交换--函数的使用及引用传递", "实例016  将两个数的值交换--函数的使用及引用传递", "{4A2AFCCB-A1E4-4103-B5D2-EAD0B303867D}"
EndProject
Project("{2150E333-8FDC-42A3-9474-1A3956D46DE8}") = "实例017  求解正整数的阶乘--函数的递归调用及值传递", "实例017  求解正整数的阶乘--函数的递归调用及值传递", "{2E587B84-C1C8-4BAD-AC77-6215F3A0AC18}"
EndProject
Project("{2150E333-8FDC-42A3-9474-1A3956D46DE8}") = "实例018  求解多个数的乘法运算--函数参数输出", "实例018  求解多个数的乘法运算--函数参数输出", "{F038BF87-AAA3-4D45-8CE7-B41CFABD9DE9}"
EndProject
Global
	GlobalSection(SolutionConfigurationPlatforms) = preSolution
		Debug|x86 = Debug|x86
		Release|x86 = Release|x86
	EndGlobalSection
	GlobalSection(ProjectConfigurationPlatforms) = postSolution
		{49BFBCDA-79E7-4F79-AAA7-A43A9145E1FA}.Debug|x86.ActiveCfg = Debug|x86
		{49BFBCDA-79E7-4F79-AAA7-A43A9145E1FA}.Debug|x86.Build.0 = Debug|x86
		{49BFBCDA-79E7-4F79-AAA7-A43A9145E1FA}.Release|x86.ActiveCfg = Release|x86
		{49BFBCDA-79E7-4F79-AAA7-A43A9145E1FA}.Release|x86.Build.0 = Release|x86
		{FAFEA0D9-D5DA-444C-9E00-0426CAE5993A}.Debug|x86.ActiveCfg = Debug|x86
		{FAFEA0D9-D5DA-444C-9E00-0426CAE5993A}.Debug|x86.Build.0 = Debug|x86
		{FAFEA0D9-D5DA-444C-9E00-0426CAE5993A}.Release|x86.ActiveCfg = Release|x86
		{FAFEA0D9-D5DA-444C-9E00-0426CAE5993A}.Release|x86.Build.0 = Release|x86
		{8A09FFCF-3427-4A5A-BBB0-F41D0765B99B}.Debug|x86.ActiveCfg = Debug|x86
		{8A09FFCF-3427-4A5A-BBB0-F41D0765B99B}.Debug|x86.Build.0 = Debug|x86
		{8A09FFCF-3427-4A5A-BBB0-F41D0765B99B}.Release|x86.ActiveCfg = Release|x86
		{8A09FFCF-3427-4A5A-BBB0-F41D0765B99B}.Release|x86.Build.0 = Release|x86
		{0F83891B-3A39-4ED4-BA10-AABB4D442661}.Debug|x86.ActiveCfg = Debug|x86
		{0F83891B-3A39-4ED4-BA10-AABB4D442661}.Debug|x86.Build.0 = Debug|x86
		{0F83891B-3A39-4ED4-BA10-AABB4D442661}.Release|x86.ActiveCfg = Release|x86
		{0F83891B-3A39-4ED4-BA10-AABB4D442661}.Release|x86.Build.0 = Release|x86
		{22E12503-B8A9-4A24-BDEB-C525F0E575C3}.Debug|x86.ActiveCfg = Debug|x86
		{22E12503-B8A9-4A24-BDEB-C525F0E575C3}.Debug|x86.Build.0 = Debug|x86
		{22E12503-B8A9-4A24-BDEB-C525F0E575C3}.Release|x86.ActiveCfg = Release|x86
		{22E12503-B8A9-4A24-BDEB-C525F0E575C3}.Release|x86.Build.0 = Release|x86
		{63918D79-45B5-485F-80FA-164D9BEA4014}.Debug|x86.ActiveCfg = Debug|x86
		{63918D79-45B5-485F-80FA-164D9BEA4014}.Debug|x86.Build.0 = Debug|x86
		{63918D79-45B5-485F-80FA-164D9BEA4014}.Release|x86.ActiveCfg = Release|x86
		{63918D79-45B5-485F-80FA-164D9BEA4014}.Release|x86.Build.0 = Release|x86
		{93824EAD-8B42-495E-BA0A-857E5D0A7580}.Debug|x86.ActiveCfg = Debug|x86
		{93824EAD-8B42-495E-BA0A-857E5D0A7580}.Debug|x86.Build.0 = Debug|x86
		{93824EAD-8B42-495E-BA0A-857E5D0A7580}.Release|x86.ActiveCfg = Release|x86
		{93824EAD-8B42-495E-BA0A-857E5D0A7580}.Release|x86.Build.0 = Release|x86
		{197A33DD-863C-4E5E-B8BD-C7A048EDEB34}.Debug|x86.ActiveCfg = Debug|x86
		{197A33DD-863C-4E5E-B8BD-C7A048EDEB34}.Debug|x86.Build.0 = Debug|x86
		{197A33DD-863C-4E5E-B8BD-C7A048EDEB34}.Release|x86.ActiveCfg = Release|x86
		{197A33DD-863C-4E5E-B8BD-C7A048EDEB34}.Release|x86.Build.0 = Release|x86
		{C6F0F478-3A06-4D44-8F52-8B6571B0BCB2}.Debug|x86.ActiveCfg = Debug|x86
		{C6F0F478-3A06-4D44-8F52-8B6571B0BCB2}.Debug|x86.Build.0 = Debug|x86
		{C6F0F478-3A06-4D44-8F52-8B6571B0BCB2}.Release|x86.ActiveCfg = Release|x86
		{C6F0F478-3A06-4D44-8F52-8B6571B0BCB2}.Release|x86.Build.0 = Release|x86
		{7CBDF916-0F9A-4513-8256-49C3711D22AD}.Debug|x86.ActiveCfg = Debug|x86
		{7CBDF916-0F9A-4513-8256-49C3711D22AD}.Debug|x86.Build.0 = Debug|x86
		{7CBDF916-0F9A-4513-8256-49C3711D22AD}.Release|x86.ActiveCfg = Release|x86
		{7CBDF916-0F9A-4513-8256-49C3711D22AD}.Release|x86.Build.0 = Release|x86
		{4ADEC05C-0E8E-4335-B88D-157021D1B188}.Debug|x86.ActiveCfg = Debug|x86
		{4ADEC05C-0E8E-4335-B88D-157021D1B188}.Debug|x86.Build.0 = Debug|x86
		{4ADEC05C-0E8E-4335-B88D-157021D1B188}.Release|x86.ActiveCfg = Release|x86
		{4ADEC05C-0E8E-4335-B88D-157021D1B188}.Release|x86.Build.0 = Release|x86
		{59E046D2-4B17-4207-86DB-ABBB0C4D5395}.Debug|x86.ActiveCfg = Debug|x86
		{59E046D2-4B17-4207-86DB-ABBB0C4D5395}.Debug|x86.Build.0 = Debug|x86
		{59E046D2-4B17-4207-86DB-ABBB0C4D5395}.Release|x86.ActiveCfg = Release|x86
		{59E046D2-4B17-4207-86DB-ABBB0C4D5395}.Release|x86.Build.0 = Release|x86
		{A80884D7-98B1-41EC-B29B-E6F5FEB1629D}.Debug|x86.ActiveCfg = Debug|x86
		{A80884D7-98B1-41EC-B29B-E6F5FEB1629D}.Debug|x86.Build.0 = Debug|x86
		{A80884D7-98B1-41EC-B29B-E6F5FEB1629D}.Release|x86.ActiveCfg = Release|x86
		{A80884D7-98B1-41EC-B29B-E6F5FEB1629D}.Release|x86.Build.0 = Release|x86
		{B06C64A3-45A5-4507-B002-DCC9A686C758}.Debug|x86.ActiveCfg = Debug|x86
		{B06C64A3-45A5-4507-B002-DCC9A686C758}.Debug|x86.Build.0 = Debug|x86
		{B06C64A3-45A5-4507-B002-DCC9A686C758}.Release|x86.ActiveCfg = Release|x86
		{B06C64A3-45A5-4507-B002-DCC9A686C758}.Release|x86.Build.0 = Release|x86
		{1C21458E-4327-42BC-BC7B-3578171330A2}.Debug|x86.ActiveCfg = Debug|x86
		{1C21458E-4327-42BC-BC7B-3578171330A2}.Debug|x86.Build.0 = Debug|x86
		{1C21458E-4327-42BC-BC7B-3578171330A2}.Release|x86.ActiveCfg = Release|x86
		{1C21458E-4327-42BC-BC7B-3578171330A2}.Release|x86.Build.0 = Release|x86
	EndGlobalSection
	GlobalSection(SolutionProperties) = preSolution
		HideSolutionNode = FALSE
	EndGlobalSection
	GlobalSection(NestedProjects) = preSolution
		{49BFBCDA-79E7-4F79-AAA7-A43A9145E1FA} = {26C8F880-D2EA-46E8-9DF9-908339DADA22}
		{FAFEA0D9-D5DA-444C-9E00-0426CAE5993A} = {11E73FA9-1EC4-4156-A07F-298CDA39D2D7}
		{8A09FFCF-3427-4A5A-BBB0-F41D0765B99B} = {54F29B4C-B96A-4B87-BE13-49A5EE02B7A3}
		{0F83891B-3A39-4ED4-BA10-AABB4D442661} = {4807843F-464C-4E5C-9255-19C3CEBD4E23}
		{22E12503-B8A9-4A24-BDEB-C525F0E575C3} = {E127702B-E555-41DA-ADEF-73E09E8F25D4}
		{63918D79-45B5-485F-80FA-164D9BEA4014} = {CD50FBA7-F96B-4EA0-A956-BAEBD8D899DA}
		{93824EAD-8B42-495E-BA0A-857E5D0A7580} = {3A06BECA-6555-41EF-A763-0E642548F260}
		{197A33DD-863C-4E5E-B8BD-C7A048EDEB34} = {42A0F0AF-29CF-43DB-985F-F48CB1701026}
		{C6F0F478-3A06-4D44-8F52-8B6571B0BCB2} = {25BB693A-589F-4495-8D50-C1E250DCF8F3}
		{7CBDF916-0F9A-4513-8256-49C3711D22AD} = {3C987C1E-4E23-4B3E-9180-24A3AC6C39E1}
		{4ADEC05C-0E8E-4335-B88D-157021D1B188} = {3653CD59-6B3F-4818-851F-724D2103AD37}
		{59E046D2-4B17-4207-86DB-ABBB0C4D5395} = {DE6EF494-9D1D-40FB-8FAA-7DEBA5B378DD}
		{A80884D7-98B1-41EC-B29B-E6F5FEB1629D} = {4A2AFCCB-A1E4-4103-B5D2-EAD0B303867D}
		{B06C64A3-45A5-4507-B002-DCC9A686C758} = {2E587B84-C1C8-4BAD-AC77-6215F3A0AC18}
		{1C21458E-4327-42BC-BC7B-3578171330A2} = {F038BF87-AAA3-4D45-8CE7-B41CFABD9DE9}
	EndGlobalSection
EndGlobal
