
Microsoft Visual Studio Solution File, Format Version 11.00
# Visual Studio 2010
Project("{FAE04EC0-301F-11D3-BF4B-00C04F79EFBC}") = "CheckChar", "CheckChar\CheckChar.csproj", "{F8FAFC92-250B-42B3-9FC5-02DEDBC52326}"
EndProject
Project("{FAE04EC0-301F-11D3-BF4B-00C04F79EFBC}") = "Discount", "Discount\Discount.csproj", "{D8EA10C5-9919-418E-968F-00356BF4A129}"
EndProject
Project("{FAE04EC0-301F-11D3-BF4B-00C04F79EFBC}") = "SortOutNumbers", "SortOutNumbers\SortOutNumbers.csproj", "{92C28376-9BA7-491B-8C35-550CB9A72E27}"
EndProject
Project("{FAE04EC0-301F-11D3-BF4B-00C04F79EFBC}") = "OnSpecial", "OnSpecial\OnSpecial.csproj", "{E635D376-93FF-4E2E-B73F-1C426094E14D}"
EndProject
Project("{FAE04EC0-301F-11D3-BF4B-00C04F79EFBC}") = "PrimeNumber", "PrimeNumber\PrimeNumber.csproj", "{FBDDA3EA-6736-4F8F-A0F4-85F7949D5C2B}"
EndProject
Project("{FAE04EC0-301F-11D3-BF4B-00C04F79EFBC}") = "EvenNumber", "EvenNumber\EvenNumber.csproj", "{BA09ABB7-2906-4198-98BF-0009CE606277}"
EndProject
Project("{FAE04EC0-301F-11D3-BF4B-00C04F79EFBC}") = "Number", "Number\Number.csproj", "{97A0791B-47C8-4FAF-8288-9FF9924B075F}"
EndProject
Project("{FAE04EC0-301F-11D3-BF4B-00C04F79EFBC}") = "Summation", "Summation\Summation.csproj", "{D84E2946-8D75-44C1-944F-289A67CB0468}"
EndProject
Project("{FAE04EC0-301F-11D3-BF4B-00C04F79EFBC}") = "Triangle", "Triangle\Triangle.csproj", "{2B48CE16-33A5-47AC-BA96-DF07598E0FF9}"
EndProject
Project("{FAE04EC0-301F-11D3-BF4B-00C04F79EFBC}") = "String", "String\String.csproj", "{0E42A844-D003-407A-BFEA-980CF3DAB414}"
EndProject
Project("{FAE04EC0-301F-11D3-BF4B-00C04F79EFBC}") = "Exception", "Exception\Exception.csproj", "{AED33013-C5A2-4513-8102-DDAFA65EED50}"
EndProject
Project("{FAE04EC0-301F-11D3-BF4B-00C04F79EFBC}") = "CockHenChick", "CockHenChick\CockHenChick.csproj", "{C839A8F6-F3C0-4740-B574-5DBF00FD9634}"
EndProject
Project("{2150E333-8FDC-42A3-9474-1A3956D46DE8}") = "实例019  模拟超市商品打折--if条件判断语句", "实例019  模拟超市商品打折--if条件判断语句", "{8B278B89-91B2-4DBB-B75D-2B190FF3C4F4}"
EndProject
Project("{2150E333-8FDC-42A3-9474-1A3956D46DE8}") = "实例020  判断字符串各字符类型--if-else条件判断语句", "实例020  判断字符串各字符类型--if-else条件判断语句", "{5C02A869-DE97-4C08-9A74-3166BEF4BD44}"
EndProject
Project("{2150E333-8FDC-42A3-9474-1A3956D46DE8}") = "实例021  将三个数从小到大输出--if-else嵌套使用", "实例021  将三个数从小到大输出--if-else嵌套使用", "{D064649A-8C85-4D21-B425-7006CABCEE94}"
EndProject
Project("{2150E333-8FDC-42A3-9474-1A3956D46DE8}") = "实例022  输出酒店指定星期特价菜--switch选择语句", "实例022  输出酒店指定星期特价菜--switch选择语句", "{F9A93184-5509-46BF-8183-0C0C09B00F34}"
EndProject
Project("{2150E333-8FDC-42A3-9474-1A3956D46DE8}") = "实例023  判断1到10之间的素数和合数--多个case语句", "实例023  判断1到10之间的素数和合数--多个case语句", "{03A32B20-4646-416C-9EBD-D7FC84AB829A}"
EndProject
Project("{2150E333-8FDC-42A3-9474-1A3956D46DE8}") = "实例024  输出1到20之间的整数--while循环语句", "实例024  输出1到20之间的整数--while循环语句", "{CD6AD6DB-D420-4279-825E-550E597B58B4}"
EndProject
Project("{2150E333-8FDC-42A3-9474-1A3956D46DE8}") = "实例025  输出1到20之间的偶数--do-while循环语句", "实例025  输出1到20之间的偶数--do-while循环语句", "{C595B882-EC02-4B39-B812-783BA4FFE892}"
EndProject
Project("{2150E333-8FDC-42A3-9474-1A3956D46DE8}") = "实例026  求表达式1-2+3-4+…-100的值--for循环语句", "实例026  求表达式1-2+3-4+…-100的值--for循环语句", "{544CA8C0-B9D2-46E8-9583-0799F178799E}"
EndProject
Project("{2150E333-8FDC-42A3-9474-1A3956D46DE8}") = "实例028  百钱买百鸡算法--for循环嵌套调用", "实例028  百钱买百鸡算法--for循环嵌套调用", "{92793D9C-BF1D-41BE-BC4B-8B78E3627E3F}"
EndProject
Project("{2150E333-8FDC-42A3-9474-1A3956D46DE8}") = "实例027  用星号排列成三角形--for循环嵌套调用", "实例027  用星号排列成三角形--for循环嵌套调用", "{E8549EE1-466B-4D8F-BB3D-39547552AB3B}"
EndProject
Project("{2150E333-8FDC-42A3-9474-1A3956D46DE8}") = "实例029  输出字符串中的每个字符--foreach循环语句", "实例029  输出字符串中的每个字符--foreach循环语句", "{EA3EF97E-1043-4BEC-B823-30969B471559}"
EndProject
Project("{2150E333-8FDC-42A3-9474-1A3956D46DE8}") = "实例030  输入数据不规范时捕获异常--异常处理语句", "实例030  输入数据不规范时捕获异常--异常处理语句", "{E1EE22FD-8EC2-41C5-BD44-B97DD5ECF4DB}"
EndProject
Global
	GlobalSection(SolutionConfigurationPlatforms) = preSolution
		Debug|x86 = Debug|x86
		Release|x86 = Release|x86
	EndGlobalSection
	GlobalSection(ProjectConfigurationPlatforms) = postSolution
		{F8FAFC92-250B-42B3-9FC5-02DEDBC52326}.Debug|x86.ActiveCfg = Debug|x86
		{F8FAFC92-250B-42B3-9FC5-02DEDBC52326}.Debug|x86.Build.0 = Debug|x86
		{F8FAFC92-250B-42B3-9FC5-02DEDBC52326}.Release|x86.ActiveCfg = Release|x86
		{F8FAFC92-250B-42B3-9FC5-02DEDBC52326}.Release|x86.Build.0 = Release|x86
		{D8EA10C5-9919-418E-968F-00356BF4A129}.Debug|x86.ActiveCfg = Debug|x86
		{D8EA10C5-9919-418E-968F-00356BF4A129}.Debug|x86.Build.0 = Debug|x86
		{D8EA10C5-9919-418E-968F-00356BF4A129}.Release|x86.ActiveCfg = Release|x86
		{D8EA10C5-9919-418E-968F-00356BF4A129}.Release|x86.Build.0 = Release|x86
		{92C28376-9BA7-491B-8C35-550CB9A72E27}.Debug|x86.ActiveCfg = Debug|x86
		{92C28376-9BA7-491B-8C35-550CB9A72E27}.Debug|x86.Build.0 = Debug|x86
		{92C28376-9BA7-491B-8C35-550CB9A72E27}.Release|x86.ActiveCfg = Release|x86
		{92C28376-9BA7-491B-8C35-550CB9A72E27}.Release|x86.Build.0 = Release|x86
		{E635D376-93FF-4E2E-B73F-1C426094E14D}.Debug|x86.ActiveCfg = Debug|x86
		{E635D376-93FF-4E2E-B73F-1C426094E14D}.Debug|x86.Build.0 = Debug|x86
		{E635D376-93FF-4E2E-B73F-1C426094E14D}.Release|x86.ActiveCfg = Release|x86
		{E635D376-93FF-4E2E-B73F-1C426094E14D}.Release|x86.Build.0 = Release|x86
		{FBDDA3EA-6736-4F8F-A0F4-85F7949D5C2B}.Debug|x86.ActiveCfg = Debug|x86
		{FBDDA3EA-6736-4F8F-A0F4-85F7949D5C2B}.Debug|x86.Build.0 = Debug|x86
		{FBDDA3EA-6736-4F8F-A0F4-85F7949D5C2B}.Release|x86.ActiveCfg = Release|x86
		{FBDDA3EA-6736-4F8F-A0F4-85F7949D5C2B}.Release|x86.Build.0 = Release|x86
		{BA09ABB7-2906-4198-98BF-0009CE606277}.Debug|x86.ActiveCfg = Debug|x86
		{BA09ABB7-2906-4198-98BF-0009CE606277}.Debug|x86.Build.0 = Debug|x86
		{BA09ABB7-2906-4198-98BF-0009CE606277}.Release|x86.ActiveCfg = Release|x86
		{BA09ABB7-2906-4198-98BF-0009CE606277}.Release|x86.Build.0 = Release|x86
		{97A0791B-47C8-4FAF-8288-9FF9924B075F}.Debug|x86.ActiveCfg = Debug|x86
		{97A0791B-47C8-4FAF-8288-9FF9924B075F}.Debug|x86.Build.0 = Debug|x86
		{97A0791B-47C8-4FAF-8288-9FF9924B075F}.Release|x86.ActiveCfg = Release|x86
		{97A0791B-47C8-4FAF-8288-9FF9924B075F}.Release|x86.Build.0 = Release|x86
		{D84E2946-8D75-44C1-944F-289A67CB0468}.Debug|x86.ActiveCfg = Debug|x86
		{D84E2946-8D75-44C1-944F-289A67CB0468}.Debug|x86.Build.0 = Debug|x86
		{D84E2946-8D75-44C1-944F-289A67CB0468}.Release|x86.ActiveCfg = Release|x86
		{D84E2946-8D75-44C1-944F-289A67CB0468}.Release|x86.Build.0 = Release|x86
		{2B48CE16-33A5-47AC-BA96-DF07598E0FF9}.Debug|x86.ActiveCfg = Debug|x86
		{2B48CE16-33A5-47AC-BA96-DF07598E0FF9}.Debug|x86.Build.0 = Debug|x86
		{2B48CE16-33A5-47AC-BA96-DF07598E0FF9}.Release|x86.ActiveCfg = Release|x86
		{2B48CE16-33A5-47AC-BA96-DF07598E0FF9}.Release|x86.Build.0 = Release|x86
		{0E42A844-D003-407A-BFEA-980CF3DAB414}.Debug|x86.ActiveCfg = Debug|x86
		{0E42A844-D003-407A-BFEA-980CF3DAB414}.Debug|x86.Build.0 = Debug|x86
		{0E42A844-D003-407A-BFEA-980CF3DAB414}.Release|x86.ActiveCfg = Release|x86
		{0E42A844-D003-407A-BFEA-980CF3DAB414}.Release|x86.Build.0 = Release|x86
		{AED33013-C5A2-4513-8102-DDAFA65EED50}.Debug|x86.ActiveCfg = Debug|x86
		{AED33013-C5A2-4513-8102-DDAFA65EED50}.Debug|x86.Build.0 = Debug|x86
		{AED33013-C5A2-4513-8102-DDAFA65EED50}.Release|x86.ActiveCfg = Release|x86
		{AED33013-C5A2-4513-8102-DDAFA65EED50}.Release|x86.Build.0 = Release|x86
		{C839A8F6-F3C0-4740-B574-5DBF00FD9634}.Debug|x86.ActiveCfg = Debug|x86
		{C839A8F6-F3C0-4740-B574-5DBF00FD9634}.Debug|x86.Build.0 = Debug|x86
		{C839A8F6-F3C0-4740-B574-5DBF00FD9634}.Release|x86.ActiveCfg = Release|x86
		{C839A8F6-F3C0-4740-B574-5DBF00FD9634}.Release|x86.Build.0 = Release|x86
	EndGlobalSection
	GlobalSection(SolutionProperties) = preSolution
		HideSolutionNode = FALSE
	EndGlobalSection
	GlobalSection(NestedProjects) = preSolution
		{D8EA10C5-9919-418E-968F-00356BF4A129} = {8B278B89-91B2-4DBB-B75D-2B190FF3C4F4}
		{F8FAFC92-250B-42B3-9FC5-02DEDBC52326} = {5C02A869-DE97-4C08-9A74-3166BEF4BD44}
		{92C28376-9BA7-491B-8C35-550CB9A72E27} = {D064649A-8C85-4D21-B425-7006CABCEE94}
		{E635D376-93FF-4E2E-B73F-1C426094E14D} = {F9A93184-5509-46BF-8183-0C0C09B00F34}
		{FBDDA3EA-6736-4F8F-A0F4-85F7949D5C2B} = {03A32B20-4646-416C-9EBD-D7FC84AB829A}
		{97A0791B-47C8-4FAF-8288-9FF9924B075F} = {CD6AD6DB-D420-4279-825E-550E597B58B4}
		{BA09ABB7-2906-4198-98BF-0009CE606277} = {C595B882-EC02-4B39-B812-783BA4FFE892}
		{D84E2946-8D75-44C1-944F-289A67CB0468} = {544CA8C0-B9D2-46E8-9583-0799F178799E}
		{C839A8F6-F3C0-4740-B574-5DBF00FD9634} = {92793D9C-BF1D-41BE-BC4B-8B78E3627E3F}
		{2B48CE16-33A5-47AC-BA96-DF07598E0FF9} = {E8549EE1-466B-4D8F-BB3D-39547552AB3B}
		{0E42A844-D003-407A-BFEA-980CF3DAB414} = {EA3EF97E-1043-4BEC-B823-30969B471559}
		{AED33013-C5A2-4513-8102-DDAFA65EED50} = {E1EE22FD-8EC2-41C5-BD44-B97DD5ECF4DB}
	EndGlobalSection
EndGlobal
