
Microsoft Visual Studio Solution File, Format Version 11.00
# Visual Studio 2010
Project("{FAE04EC0-301F-11D3-BF4B-00C04F79EFBC}") = "StudentTable", "StudentTable\StudentTable.csproj", "{3712E85C-B929-4311-9FC2-ADAEA6FD21A1}"
EndProject
Project("{FAE04EC0-301F-11D3-BF4B-00C04F79EFBC}") = "StudentDatabase", "StudentDatabase\StudentDatabase.csproj", "{1A693921-D5AD-4184-B81F-27692C84EFC9}"
EndProject
Project("{FAE04EC0-301F-11D3-BF4B-00C04F79EFBC}") = "StudentInsert", "StudentInsert\StudentInsert.csproj", "{B9561A23-1A59-4603-866B-E1F897D36083}"
EndProject
Project("{FAE04EC0-301F-11D3-BF4B-00C04F79EFBC}") = "StudentSelect", "StudentSelect\StudentSelect.csproj", "{AEF673E0-5009-4BCF-923B-3B48BFCFC14C}"
EndProject
Project("{FAE04EC0-301F-11D3-BF4B-00C04F79EFBC}") = "StudentUpdate", "StudentUpdate\StudentUpdate.csproj", "{D646FABD-484C-4AEC-9E1C-85B9CA51A087}"
EndProject
Project("{FAE04EC0-301F-11D3-BF4B-00C04F79EFBC}") = "StudentDelete", "StudentDelete\StudentDelete.csproj", "{2D6E2BE8-9604-4FFD-9D81-3494693F88E2}"
EndProject
Project("{FAE04EC0-301F-11D3-BF4B-00C04F79EFBC}") = "StudentDataSet", "StudentDataSet\StudentDataSet.csproj", "{E2151F8D-6835-461C-96A7-20DA85C15CA4}"
EndProject
Project("{FAE04EC0-301F-11D3-BF4B-00C04F79EFBC}") = "StudentGridView", "StudentGridView\StudentGridView.csproj", "{ED924A85-E71F-4566-8479-E0C7C97FD727}"
EndProject
Project("{FAE04EC0-301F-11D3-BF4B-00C04F79EFBC}") = "StudentAlter", "StudentAlter\StudentAlter.csproj", "{B5018C65-E3EE-4D85-A2E1-9A6F8BD6B261}"
EndProject
Project("{FAE04EC0-301F-11D3-BF4B-00C04F79EFBC}") = "StudentGirls", "StudentGirls\StudentGirls.csproj", "{451D9416-D9FC-45C7-BDEB-BCD2AED9BF3A}"
EndProject
Project("{FAE04EC0-301F-11D3-BF4B-00C04F79EFBC}") = "StudentGroup", "StudentGroup\StudentGroup.csproj", "{B7E02FD1-D57B-422A-BC36-CD82BEC50E58}"
EndProject
Project("{FAE04EC0-301F-11D3-BF4B-00C04F79EFBC}") = "StudentIdName", "StudentIdName\StudentIdName.csproj", "{31E663B5-E167-4457-B0A3-76FFE6B3B1FB}"
EndProject
Project("{2150E333-8FDC-42A3-9474-1A3956D46DE8}") = "实例178  创建并连接学生数据库", "实例178  创建并连接学生数据库", "{5CD70E62-BA02-4D3F-9453-3A3F3A7E8029}"
EndProject
Project("{2150E333-8FDC-42A3-9474-1A3956D46DE8}") = "实例179  创建学生信息表", "实例179  创建学生信息表", "{656D1DF0-02F8-4322-80F7-53B95DA8C0E4}"
EndProject
Project("{2150E333-8FDC-42A3-9474-1A3956D46DE8}") = "实例180  插入学生信息", "实例180  插入学生信息", "{CB32B4FD-A8F3-4420-8CB3-18D0A9F8FA24}"
EndProject
Project("{2150E333-8FDC-42A3-9474-1A3956D46DE8}") = "实例181  修改学生成绩", "实例181  修改学生成绩", "{A98D6907-1622-4BA3-A8CB-D16A3BDB76B2}"
EndProject
Project("{2150E333-8FDC-42A3-9474-1A3956D46DE8}") = "实例182  删除指定年级学生", "实例182  删除指定年级学生", "{51405A97-165A-4609-A09D-D29ECF2B1424}"
EndProject
Project("{2150E333-8FDC-42A3-9474-1A3956D46DE8}") = "实例183  查询成绩合格的学生", "实例183  查询成绩合格的学生", "{41972F29-AB59-4D4C-AFBC-E1D259BC2834}"
EndProject
Project("{2150E333-8FDC-42A3-9474-1A3956D46DE8}") = "实例184  输出全部学生信息", "实例184  输出全部学生信息", "{21348572-6940-4D61-B1CB-CF2E442E5B6B}"
EndProject
Project("{2150E333-8FDC-42A3-9474-1A3956D46DE8}") = "实例185  在窗体上显示学生信息", "实例185  在窗体上显示学生信息", "{D852B1D4-4301-4AB6-BE0B-AC4F4A1D6FD1}"
EndProject
Project("{2150E333-8FDC-42A3-9474-1A3956D46DE8}") = "实例186  增加性别字段", "实例186  增加性别字段", "{0AE2BF6F-21DD-44BE-9308-04FF8B38CB83}"
EndProject
Project("{2150E333-8FDC-42A3-9474-1A3956D46DE8}") = "实例187  查询女生信息", "实例187  查询女生信息", "{484489CF-A0BC-4C73-B69E-2CEAD89C7024}"
EndProject
Project("{2150E333-8FDC-42A3-9474-1A3956D46DE8}") = "实例188  分组统计学生信息", "实例188  分组统计学生信息", "{A48A9D74-C336-499C-ABAE-04490D9F95D1}"
EndProject
Project("{2150E333-8FDC-42A3-9474-1A3956D46DE8}") = "实例189  查询学生学号与姓名", "实例189  查询学生学号与姓名", "{8746F8F1-E98E-46E5-91EF-B9E13C476343}"
EndProject
Global
	GlobalSection(SolutionConfigurationPlatforms) = preSolution
		Debug|x86 = Debug|x86
		Release|x86 = Release|x86
	EndGlobalSection
	GlobalSection(ProjectConfigurationPlatforms) = postSolution
		{3712E85C-B929-4311-9FC2-ADAEA6FD21A1}.Debug|x86.ActiveCfg = Debug|x86
		{3712E85C-B929-4311-9FC2-ADAEA6FD21A1}.Debug|x86.Build.0 = Debug|x86
		{3712E85C-B929-4311-9FC2-ADAEA6FD21A1}.Release|x86.ActiveCfg = Release|x86
		{3712E85C-B929-4311-9FC2-ADAEA6FD21A1}.Release|x86.Build.0 = Release|x86
		{1A693921-D5AD-4184-B81F-27692C84EFC9}.Debug|x86.ActiveCfg = Debug|x86
		{1A693921-D5AD-4184-B81F-27692C84EFC9}.Debug|x86.Build.0 = Debug|x86
		{1A693921-D5AD-4184-B81F-27692C84EFC9}.Release|x86.ActiveCfg = Release|x86
		{1A693921-D5AD-4184-B81F-27692C84EFC9}.Release|x86.Build.0 = Release|x86
		{B9561A23-1A59-4603-866B-E1F897D36083}.Debug|x86.ActiveCfg = Debug|x86
		{B9561A23-1A59-4603-866B-E1F897D36083}.Debug|x86.Build.0 = Debug|x86
		{B9561A23-1A59-4603-866B-E1F897D36083}.Release|x86.ActiveCfg = Release|x86
		{B9561A23-1A59-4603-866B-E1F897D36083}.Release|x86.Build.0 = Release|x86
		{AEF673E0-5009-4BCF-923B-3B48BFCFC14C}.Debug|x86.ActiveCfg = Debug|x86
		{AEF673E0-5009-4BCF-923B-3B48BFCFC14C}.Debug|x86.Build.0 = Debug|x86
		{AEF673E0-5009-4BCF-923B-3B48BFCFC14C}.Release|x86.ActiveCfg = Release|x86
		{AEF673E0-5009-4BCF-923B-3B48BFCFC14C}.Release|x86.Build.0 = Release|x86
		{D646FABD-484C-4AEC-9E1C-85B9CA51A087}.Debug|x86.ActiveCfg = Debug|x86
		{D646FABD-484C-4AEC-9E1C-85B9CA51A087}.Debug|x86.Build.0 = Debug|x86
		{D646FABD-484C-4AEC-9E1C-85B9CA51A087}.Release|x86.ActiveCfg = Release|x86
		{D646FABD-484C-4AEC-9E1C-85B9CA51A087}.Release|x86.Build.0 = Release|x86
		{2D6E2BE8-9604-4FFD-9D81-3494693F88E2}.Debug|x86.ActiveCfg = Debug|x86
		{2D6E2BE8-9604-4FFD-9D81-3494693F88E2}.Debug|x86.Build.0 = Debug|x86
		{2D6E2BE8-9604-4FFD-9D81-3494693F88E2}.Release|x86.ActiveCfg = Release|x86
		{2D6E2BE8-9604-4FFD-9D81-3494693F88E2}.Release|x86.Build.0 = Release|x86
		{E2151F8D-6835-461C-96A7-20DA85C15CA4}.Debug|x86.ActiveCfg = Debug|x86
		{E2151F8D-6835-461C-96A7-20DA85C15CA4}.Debug|x86.Build.0 = Debug|x86
		{E2151F8D-6835-461C-96A7-20DA85C15CA4}.Release|x86.ActiveCfg = Release|x86
		{E2151F8D-6835-461C-96A7-20DA85C15CA4}.Release|x86.Build.0 = Release|x86
		{ED924A85-E71F-4566-8479-E0C7C97FD727}.Debug|x86.ActiveCfg = Debug|x86
		{ED924A85-E71F-4566-8479-E0C7C97FD727}.Debug|x86.Build.0 = Debug|x86
		{ED924A85-E71F-4566-8479-E0C7C97FD727}.Release|x86.ActiveCfg = Release|x86
		{ED924A85-E71F-4566-8479-E0C7C97FD727}.Release|x86.Build.0 = Release|x86
		{B5018C65-E3EE-4D85-A2E1-9A6F8BD6B261}.Debug|x86.ActiveCfg = Debug|x86
		{B5018C65-E3EE-4D85-A2E1-9A6F8BD6B261}.Debug|x86.Build.0 = Debug|x86
		{B5018C65-E3EE-4D85-A2E1-9A6F8BD6B261}.Release|x86.ActiveCfg = Release|x86
		{B5018C65-E3EE-4D85-A2E1-9A6F8BD6B261}.Release|x86.Build.0 = Release|x86
		{451D9416-D9FC-45C7-BDEB-BCD2AED9BF3A}.Debug|x86.ActiveCfg = Debug|x86
		{451D9416-D9FC-45C7-BDEB-BCD2AED9BF3A}.Debug|x86.Build.0 = Debug|x86
		{451D9416-D9FC-45C7-BDEB-BCD2AED9BF3A}.Release|x86.ActiveCfg = Release|x86
		{451D9416-D9FC-45C7-BDEB-BCD2AED9BF3A}.Release|x86.Build.0 = Release|x86
		{B7E02FD1-D57B-422A-BC36-CD82BEC50E58}.Debug|x86.ActiveCfg = Debug|x86
		{B7E02FD1-D57B-422A-BC36-CD82BEC50E58}.Debug|x86.Build.0 = Debug|x86
		{B7E02FD1-D57B-422A-BC36-CD82BEC50E58}.Release|x86.ActiveCfg = Release|x86
		{B7E02FD1-D57B-422A-BC36-CD82BEC50E58}.Release|x86.Build.0 = Release|x86
		{31E663B5-E167-4457-B0A3-76FFE6B3B1FB}.Debug|x86.ActiveCfg = Debug|x86
		{31E663B5-E167-4457-B0A3-76FFE6B3B1FB}.Debug|x86.Build.0 = Debug|x86
		{31E663B5-E167-4457-B0A3-76FFE6B3B1FB}.Release|x86.ActiveCfg = Release|x86
		{31E663B5-E167-4457-B0A3-76FFE6B3B1FB}.Release|x86.Build.0 = Release|x86
	EndGlobalSection
	GlobalSection(SolutionProperties) = preSolution
		HideSolutionNode = FALSE
	EndGlobalSection
	GlobalSection(NestedProjects) = preSolution
		{1A693921-D5AD-4184-B81F-27692C84EFC9} = {5CD70E62-BA02-4D3F-9453-3A3F3A7E8029}
		{3712E85C-B929-4311-9FC2-ADAEA6FD21A1} = {656D1DF0-02F8-4322-80F7-53B95DA8C0E4}
		{B9561A23-1A59-4603-866B-E1F897D36083} = {CB32B4FD-A8F3-4420-8CB3-18D0A9F8FA24}
		{D646FABD-484C-4AEC-9E1C-85B9CA51A087} = {A98D6907-1622-4BA3-A8CB-D16A3BDB76B2}
		{2D6E2BE8-9604-4FFD-9D81-3494693F88E2} = {51405A97-165A-4609-A09D-D29ECF2B1424}
		{AEF673E0-5009-4BCF-923B-3B48BFCFC14C} = {41972F29-AB59-4D4C-AFBC-E1D259BC2834}
		{E2151F8D-6835-461C-96A7-20DA85C15CA4} = {21348572-6940-4D61-B1CB-CF2E442E5B6B}
		{ED924A85-E71F-4566-8479-E0C7C97FD727} = {D852B1D4-4301-4AB6-BE0B-AC4F4A1D6FD1}
		{B5018C65-E3EE-4D85-A2E1-9A6F8BD6B261} = {0AE2BF6F-21DD-44BE-9308-04FF8B38CB83}
		{451D9416-D9FC-45C7-BDEB-BCD2AED9BF3A} = {484489CF-A0BC-4C73-B69E-2CEAD89C7024}
		{B7E02FD1-D57B-422A-BC36-CD82BEC50E58} = {A48A9D74-C336-499C-ABAE-04490D9F95D1}
		{31E663B5-E167-4457-B0A3-76FFE6B3B1FB} = {8746F8F1-E98E-46E5-91EF-B9E13C476343}
	EndGlobalSection
EndGlobal
