
Microsoft Visual Studio Solution File, Format Version 11.00
# Visual Studio 2010
Project("{FAE04EC0-301F-11D3-BF4B-00C04F79EFBC}") = "WindowsManagementInstrumentation", "WindowsManagementInstrumentation\WindowsManagementInstrumentation.csproj", "{F150E812-8CC7-4C2F-9CF1-2CA323A6614E}"
EndProject
Project("{2150E333-8FDC-42A3-9474-1A3956D46DE8}") = "实例273  至  实例280", "实例273  至  实例280", "{A380A3B7-13E6-475F-BAA1-04B6D9A307EA}"
EndProject
Global
	GlobalSection(SolutionConfigurationPlatforms) = preSolution
		Debug|x86 = Debug|x86
		Release|x86 = Release|x86
	EndGlobalSection
	GlobalSection(ProjectConfigurationPlatforms) = postSolution
		{F150E812-8CC7-4C2F-9CF1-2CA323A6614E}.Debug|x86.ActiveCfg = Debug|x86
		{F150E812-8CC7-4C2F-9CF1-2CA323A6614E}.Debug|x86.Build.0 = Debug|x86
		{F150E812-8CC7-4C2F-9CF1-2CA323A6614E}.Release|x86.ActiveCfg = Release|x86
		{F150E812-8CC7-4C2F-9CF1-2CA323A6614E}.Release|x86.Build.0 = Release|x86
	EndGlobalSection
	GlobalSection(SolutionProperties) = preSolution
		HideSolutionNode = FALSE
	EndGlobalSection
	GlobalSection(NestedProjects) = preSolution
		{F150E812-8CC7-4C2F-9CF1-2CA323A6614E} = {A380A3B7-13E6-475F-BAA1-04B6D9A307EA}
	EndGlobalSection
EndGlobal
