
Microsoft Visual Studio Solution File, Format Version 11.00
# Visual Studio 2010
Project("{FAE04EC0-301F-11D3-BF4B-00C04F79EFBC}") = "SyncSocketClient", "SyncSocketClient\SyncSocketClient.csproj", "{B8A5102C-AA0D-4162-95C6-98AA4AF05C48}"
EndProject
Project("{FAE04EC0-301F-11D3-BF4B-00C04F79EFBC}") = "AsyncSocketClient", "AsyncSocketClient\AsyncSocketClient.csproj", "{CEBB4A08-377F-4BBD-95E2-F6E902605030}"
EndProject
Project("{FAE04EC0-301F-11D3-BF4B-00C04F79EFBC}") = "ChatRoomClient", "ChatRoomClient\ChatRoomClient.csproj", "{FA8A2DB0-3E1A-4734-A742-7A208D52233D}"
EndProject
Project("{FAE04EC0-301F-11D3-BF4B-00C04F79EFBC}") = "BroadcastClient", "BroadcastClient\BroadcastClient.csproj", "{C9F5B0A8-7A53-4BB7-A56C-F92DF3A6E1BE}"
EndProject
Project("{FAE04EC0-301F-11D3-BF4B-00C04F79EFBC}") = "FileTransferClient", "FileTransferClient\FileTransferClient.csproj", "{D8F60B73-0CED-4E57-8E47-FB5E6660A9DC}"
EndProject
Project("{FAE04EC0-301F-11D3-BF4B-00C04F79EFBC}") = "SimpleBrowser", "SimpleBrowser\SimpleBrowser.csproj", "{308C8EDC-77E1-49E2-B88E-CC151E092145}"
EndProject
Project("{FAE04EC0-301F-11D3-BF4B-00C04F79EFBC}") = "SendEmail", "SendEmail\SendEmail.csproj", "{58F9D92D-329B-4BD1-8E27-3B83CF3DDF7F}"
EndProject
Project("{FAE04EC0-301F-11D3-BF4B-00C04F79EFBC}") = "RemoteClient", "RemoteClient\RemoteClient.csproj", "{DA37C9FC-2483-4F09-8A53-DF04371560B0}"
EndProject
Project("{2150E333-8FDC-42A3-9474-1A3956D46DE8}") = "实例247  同步客户端", "实例247  同步客户端", "{4AC80D81-79AC-4CC3-A9D5-B1F656F41755}"
EndProject
Project("{2150E333-8FDC-42A3-9474-1A3956D46DE8}") = "实例249  异步客户端", "实例249  异步客户端", "{0C519DC7-8C7A-4EAF-B571-96268BF8D528}"
EndProject
Project("{2150E333-8FDC-42A3-9474-1A3956D46DE8}") = "实例251  简单聊天室客户端", "实例251  简单聊天室客户端", "{93F18915-01A4-491D-AD18-E16619E00DC4}"
EndProject
Project("{2150E333-8FDC-42A3-9474-1A3956D46DE8}") = "实例252  实现局域网广播", "实例252  实现局域网广播", "{6B49B516-14FE-4C8B-9D15-9C6FD1691AEF}"
EndProject
Project("{2150E333-8FDC-42A3-9474-1A3956D46DE8}") = "实例253  实现简单浏览器", "实例253  实现简单浏览器", "{1EB9D484-7B2D-40FD-82AB-D889A5570D12}"
EndProject
Project("{2150E333-8FDC-42A3-9474-1A3956D46DE8}") = "实例255  实现文件传输客户端  实例256  断点续传文件", "实例255  实现文件传输客户端  实例256  断点续传文件", "{9D6B1569-0F64-406A-89D4-EC5924D12122}"
EndProject
Project("{2150E333-8FDC-42A3-9474-1A3956D46DE8}") = "实例257  发送电子邮件", "实例257  发送电子邮件", "{085EF394-2082-4F7A-AC93-CFB251AA8F65}"
EndProject
Project("{2150E333-8FDC-42A3-9474-1A3956D46DE8}") = "实例259  利用远程过程调用实现远程交互", "实例259  利用远程过程调用实现远程交互", "{BC4E5B93-1838-4676-A76A-DA4939B26FDC}"
EndProject
Global
	GlobalSection(SolutionConfigurationPlatforms) = preSolution
		Debug|x86 = Debug|x86
		Release|x86 = Release|x86
	EndGlobalSection
	GlobalSection(ProjectConfigurationPlatforms) = postSolution
		{B8A5102C-AA0D-4162-95C6-98AA4AF05C48}.Debug|x86.ActiveCfg = Debug|x86
		{B8A5102C-AA0D-4162-95C6-98AA4AF05C48}.Debug|x86.Build.0 = Debug|x86
		{B8A5102C-AA0D-4162-95C6-98AA4AF05C48}.Release|x86.ActiveCfg = Release|x86
		{B8A5102C-AA0D-4162-95C6-98AA4AF05C48}.Release|x86.Build.0 = Release|x86
		{CEBB4A08-377F-4BBD-95E2-F6E902605030}.Debug|x86.ActiveCfg = Debug|x86
		{CEBB4A08-377F-4BBD-95E2-F6E902605030}.Debug|x86.Build.0 = Debug|x86
		{CEBB4A08-377F-4BBD-95E2-F6E902605030}.Release|x86.ActiveCfg = Release|x86
		{CEBB4A08-377F-4BBD-95E2-F6E902605030}.Release|x86.Build.0 = Release|x86
		{FA8A2DB0-3E1A-4734-A742-7A208D52233D}.Debug|x86.ActiveCfg = Debug|x86
		{FA8A2DB0-3E1A-4734-A742-7A208D52233D}.Debug|x86.Build.0 = Debug|x86
		{FA8A2DB0-3E1A-4734-A742-7A208D52233D}.Release|x86.ActiveCfg = Release|x86
		{FA8A2DB0-3E1A-4734-A742-7A208D52233D}.Release|x86.Build.0 = Release|x86
		{C9F5B0A8-7A53-4BB7-A56C-F92DF3A6E1BE}.Debug|x86.ActiveCfg = Debug|x86
		{C9F5B0A8-7A53-4BB7-A56C-F92DF3A6E1BE}.Debug|x86.Build.0 = Debug|x86
		{C9F5B0A8-7A53-4BB7-A56C-F92DF3A6E1BE}.Release|x86.ActiveCfg = Release|x86
		{C9F5B0A8-7A53-4BB7-A56C-F92DF3A6E1BE}.Release|x86.Build.0 = Release|x86
		{D8F60B73-0CED-4E57-8E47-FB5E6660A9DC}.Debug|x86.ActiveCfg = Debug|x86
		{D8F60B73-0CED-4E57-8E47-FB5E6660A9DC}.Debug|x86.Build.0 = Debug|x86
		{D8F60B73-0CED-4E57-8E47-FB5E6660A9DC}.Release|x86.ActiveCfg = Release|x86
		{D8F60B73-0CED-4E57-8E47-FB5E6660A9DC}.Release|x86.Build.0 = Release|x86
		{308C8EDC-77E1-49E2-B88E-CC151E092145}.Debug|x86.ActiveCfg = Debug|x86
		{308C8EDC-77E1-49E2-B88E-CC151E092145}.Debug|x86.Build.0 = Debug|x86
		{308C8EDC-77E1-49E2-B88E-CC151E092145}.Release|x86.ActiveCfg = Release|x86
		{308C8EDC-77E1-49E2-B88E-CC151E092145}.Release|x86.Build.0 = Release|x86
		{58F9D92D-329B-4BD1-8E27-3B83CF3DDF7F}.Debug|x86.ActiveCfg = Debug|x86
		{58F9D92D-329B-4BD1-8E27-3B83CF3DDF7F}.Debug|x86.Build.0 = Debug|x86
		{58F9D92D-329B-4BD1-8E27-3B83CF3DDF7F}.Release|x86.ActiveCfg = Release|x86
		{58F9D92D-329B-4BD1-8E27-3B83CF3DDF7F}.Release|x86.Build.0 = Release|x86
		{DA37C9FC-2483-4F09-8A53-DF04371560B0}.Debug|x86.ActiveCfg = Debug|x86
		{DA37C9FC-2483-4F09-8A53-DF04371560B0}.Debug|x86.Build.0 = Debug|x86
		{DA37C9FC-2483-4F09-8A53-DF04371560B0}.Release|x86.ActiveCfg = Release|x86
		{DA37C9FC-2483-4F09-8A53-DF04371560B0}.Release|x86.Build.0 = Release|x86
	EndGlobalSection
	GlobalSection(SolutionProperties) = preSolution
		HideSolutionNode = FALSE
	EndGlobalSection
	GlobalSection(NestedProjects) = preSolution
		{B8A5102C-AA0D-4162-95C6-98AA4AF05C48} = {4AC80D81-79AC-4CC3-A9D5-B1F656F41755}
		{CEBB4A08-377F-4BBD-95E2-F6E902605030} = {0C519DC7-8C7A-4EAF-B571-96268BF8D528}
		{FA8A2DB0-3E1A-4734-A742-7A208D52233D} = {93F18915-01A4-491D-AD18-E16619E00DC4}
		{C9F5B0A8-7A53-4BB7-A56C-F92DF3A6E1BE} = {6B49B516-14FE-4C8B-9D15-9C6FD1691AEF}
		{308C8EDC-77E1-49E2-B88E-CC151E092145} = {1EB9D484-7B2D-40FD-82AB-D889A5570D12}
		{D8F60B73-0CED-4E57-8E47-FB5E6660A9DC} = {9D6B1569-0F64-406A-89D4-EC5924D12122}
		{58F9D92D-329B-4BD1-8E27-3B83CF3DDF7F} = {085EF394-2082-4F7A-AC93-CFB251AA8F65}
		{DA37C9FC-2483-4F09-8A53-DF04371560B0} = {BC4E5B93-1838-4676-A76A-DA4939B26FDC}
	EndGlobalSection
EndGlobal
