
Microsoft Visual Studio Solution File, Format Version 11.00
# Visual Studio 2010
Project("{FAE04EC0-301F-11D3-BF4B-00C04F79EFBC}") = "CreateEmployee", "CreateEmployee\CreateEmployee.csproj", "{D11F33D7-759D-4F1E-929F-CC59D803A981}"
EndProject
Project("{FAE04EC0-301F-11D3-BF4B-00C04F79EFBC}") = "StaticClass", "StaticClass\StaticClass.csproj", "{27A0F5ED-EF8B-4A7C-8692-C8A96840EEB0}"
EndProject
Project("{FAE04EC0-301F-11D3-BF4B-00C04F79EFBC}") = "ReloadConstruction", "ReloadConstruction\ReloadConstruction.csproj", "{59925A9D-435C-4BC8-AC59-2EFD1D383A9E}"
EndProject
Project("{FAE04EC0-301F-11D3-BF4B-00C04F79EFBC}") = "ReloadFunction", "ReloadFunction\ReloadFunction.csproj", "{C3740321-DA35-44E7-BD8E-41D4EF394829}"
EndProject
Project("{FAE04EC0-301F-11D3-BF4B-00C04F79EFBC}") = "Indexer", "Indexer\Indexer.csproj", "{1D0EE538-64EB-4558-B95B-2B12DEF86015}"
EndProject
Project("{FAE04EC0-301F-11D3-BF4B-00C04F79EFBC}") = "Property", "Property\Property.csproj", "{E92B433D-B699-4C95-A97C-A1B8A742B4EA}"
EndProject
Project("{FAE04EC0-301F-11D3-BF4B-00C04F79EFBC}") = "Inheritance", "Inheritance\Inheritance.csproj", "{4B0AAEEC-E333-4D61-A6C2-19810855FEC3}"
EndProject
Project("{FAE04EC0-301F-11D3-BF4B-00C04F79EFBC}") = "InheritanceFunction", "InheritanceFunction\InheritanceFunction.csproj", "{81B2A653-ACB3-4CBE-A4F0-249D23E660BA}"
EndProject
Project("{FAE04EC0-301F-11D3-BF4B-00C04F79EFBC}") = "BaseConstruct", "BaseConstruct\BaseConstruct.csproj", "{7F5F67CF-9143-400A-A79C-1FFBA6111412}"
EndProject
Project("{FAE04EC0-301F-11D3-BF4B-00C04F79EFBC}") = "Polymorphism", "Polymorphism\Polymorphism.csproj", "{995F8FFF-06B9-4580-85CD-A05F777857F3}"
EndProject
Project("{FAE04EC0-301F-11D3-BF4B-00C04F79EFBC}") = "AbstractClass", "AbstractClass\AbstractClass.csproj", "{EBCB17F6-F15D-48A8-874D-FFED509EEBA3}"
EndProject
Project("{FAE04EC0-301F-11D3-BF4B-00C04F79EFBC}") = "Interface", "Interface\Interface.csproj", "{14E81918-6265-4305-8FC5-AB9D6D9ED37C}"
EndProject
Project("{FAE04EC0-301F-11D3-BF4B-00C04F79EFBC}") = "Event", "Event\Event.csproj", "{EB367D38-BBA3-4DD4-9E1C-396A982B9FCF}"
EndProject
Project("{FAE04EC0-301F-11D3-BF4B-00C04F79EFBC}") = "BaseEvent", "BaseEvent\BaseEvent.csproj", "{C39B4CF0-7E77-4CB7-BB30-37B9B3A80327}"
EndProject
Project("{FAE04EC0-301F-11D3-BF4B-00C04F79EFBC}") = "Delegate", "Delegate\Delegate.csproj", "{C5A60950-AF2A-4D68-9D32-8707BF120856}"
EndProject
Project("{2150E333-8FDC-42A3-9474-1A3956D46DE8}") = "实例073  创建员工信息表--类与对象", "实例073  创建员工信息表--类与对象", "{3AB9B3F8-8B56-41F1-9ED4-C7C53B9292A8}"
EndProject
Project("{2150E333-8FDC-42A3-9474-1A3956D46DE8}") = "实例074  统计工厂生产汽车的数量--静态类型与成员", "实例074  统计工厂生产汽车的数量--静态类型与成员", "{7996EE89-FCFF-4DE7-BB02-D8C257A25521}"
EndProject
Project("{2150E333-8FDC-42A3-9474-1A3956D46DE8}") = "实例075  自定义日期类型--构造函数重载", "实例075  自定义日期类型--构造函数重载", "{7A1F6A2E-11E5-4D8C-830F-5A7520DEFE6F}"
EndProject
Project("{2150E333-8FDC-42A3-9474-1A3956D46DE8}") = "实例076  计算不同级别员工工资--函数重载", "实例076  计算不同级别员工工资--函数重载", "{AB9C2B82-B68D-41E3-AE74-05F993FD3A0A}"
EndProject
Project("{2150E333-8FDC-42A3-9474-1A3956D46DE8}") = "实例077  计算学生年级平均成绩--索引器", "实例077  计算学生年级平均成绩--索引器", "{C18A52D7-7570-4272-88C2-797AEFE2E865}"
EndProject
Project("{2150E333-8FDC-42A3-9474-1A3956D46DE8}") = "实例078  旅行社费用计算--属性", "实例078  旅行社费用计算--属性", "{C69ABEF2-FCC5-4962-A3E2-A8C88FE7A757}"
EndProject
Project("{2150E333-8FDC-42A3-9474-1A3956D46DE8}") = "实例079  计算球、圆柱和圆锥的体积--继承", "实例079  计算球、圆柱和圆锥的体积--继承", "{1838FCB7-D85A-4E82-BFEC-F1AEDC0BA63B}"
EndProject
Project("{2150E333-8FDC-42A3-9474-1A3956D46DE8}") = "实例080  输出不同员工的工作内容--继承方法", "实例080  输出不同员工的工作内容--继承方法", "{386E8D8C-5E70-4384-BB1F-0CF6A4B7F8E8}"
EndProject
Project("{2150E333-8FDC-42A3-9474-1A3956D46DE8}") = "实例081  动物园给不同动物喂食--基类构造函数", "实例081  动物园给不同动物喂食--基类构造函数", "{7E13DAA7-F1FB-44D1-B5B6-D3E391B17712}"
EndProject
Project("{2150E333-8FDC-42A3-9474-1A3956D46DE8}") = "实例082  计算圆柱体和圆锥体表面积--多态", "实例082  计算圆柱体和圆锥体表面积--多态", "{3EEE46BA-56D7-47CC-909A-64073AF0DCF8}"
EndProject
Project("{2150E333-8FDC-42A3-9474-1A3956D46DE8}") = "实例083  图书馆管理学生借书权限--抽象类", "实例083  图书馆管理学生借书权限--抽象类", "{9C16E1F3-1A1E-40A4-A4D9-ED3812A2B4E7}"
EndProject
Project("{2150E333-8FDC-42A3-9474-1A3956D46DE8}") = "实例084  计算两个数的加减乘除--接口", "实例084  计算两个数的加减乘除--接口", "{36B7E9AE-81A9-4917-B0D7-37638261187A}"
EndProject
Project("{2150E333-8FDC-42A3-9474-1A3956D46DE8}") = "实例085  模拟电话来电提醒--事件", "实例085  模拟电话来电提醒--事件", "{127364AE-567A-4DFD-B5C6-D09676A183C6}"
EndProject
Project("{2150E333-8FDC-42A3-9474-1A3956D46DE8}") = "实例086  重新计算圆形和矩形的面积--基类事件", "实例086  重新计算圆形和矩形的面积--基类事件", "{61FD04B9-7BDD-41A6-822C-557FE3437E77}"
EndProject
Project("{2150E333-8FDC-42A3-9474-1A3956D46DE8}") = "实例087  输出学生表中男生的信息--委托", "实例087  输出学生表中男生的信息--委托", "{9EB79E4E-B3D1-4736-8CD5-E442971120FE}"
EndProject
Global
	GlobalSection(SolutionConfigurationPlatforms) = preSolution
		Debug|x86 = Debug|x86
		Release|x86 = Release|x86
	EndGlobalSection
	GlobalSection(ProjectConfigurationPlatforms) = postSolution
		{D11F33D7-759D-4F1E-929F-CC59D803A981}.Debug|x86.ActiveCfg = Debug|x86
		{D11F33D7-759D-4F1E-929F-CC59D803A981}.Debug|x86.Build.0 = Debug|x86
		{D11F33D7-759D-4F1E-929F-CC59D803A981}.Release|x86.ActiveCfg = Release|x86
		{D11F33D7-759D-4F1E-929F-CC59D803A981}.Release|x86.Build.0 = Release|x86
		{27A0F5ED-EF8B-4A7C-8692-C8A96840EEB0}.Debug|x86.ActiveCfg = Debug|x86
		{27A0F5ED-EF8B-4A7C-8692-C8A96840EEB0}.Debug|x86.Build.0 = Debug|x86
		{27A0F5ED-EF8B-4A7C-8692-C8A96840EEB0}.Release|x86.ActiveCfg = Release|x86
		{27A0F5ED-EF8B-4A7C-8692-C8A96840EEB0}.Release|x86.Build.0 = Release|x86
		{59925A9D-435C-4BC8-AC59-2EFD1D383A9E}.Debug|x86.ActiveCfg = Debug|x86
		{59925A9D-435C-4BC8-AC59-2EFD1D383A9E}.Debug|x86.Build.0 = Debug|x86
		{59925A9D-435C-4BC8-AC59-2EFD1D383A9E}.Release|x86.ActiveCfg = Release|x86
		{59925A9D-435C-4BC8-AC59-2EFD1D383A9E}.Release|x86.Build.0 = Release|x86
		{C3740321-DA35-44E7-BD8E-41D4EF394829}.Debug|x86.ActiveCfg = Debug|x86
		{C3740321-DA35-44E7-BD8E-41D4EF394829}.Debug|x86.Build.0 = Debug|x86
		{C3740321-DA35-44E7-BD8E-41D4EF394829}.Release|x86.ActiveCfg = Release|x86
		{C3740321-DA35-44E7-BD8E-41D4EF394829}.Release|x86.Build.0 = Release|x86
		{1D0EE538-64EB-4558-B95B-2B12DEF86015}.Debug|x86.ActiveCfg = Debug|x86
		{1D0EE538-64EB-4558-B95B-2B12DEF86015}.Debug|x86.Build.0 = Debug|x86
		{1D0EE538-64EB-4558-B95B-2B12DEF86015}.Release|x86.ActiveCfg = Release|x86
		{1D0EE538-64EB-4558-B95B-2B12DEF86015}.Release|x86.Build.0 = Release|x86
		{E92B433D-B699-4C95-A97C-A1B8A742B4EA}.Debug|x86.ActiveCfg = Debug|x86
		{E92B433D-B699-4C95-A97C-A1B8A742B4EA}.Debug|x86.Build.0 = Debug|x86
		{E92B433D-B699-4C95-A97C-A1B8A742B4EA}.Release|x86.ActiveCfg = Release|x86
		{E92B433D-B699-4C95-A97C-A1B8A742B4EA}.Release|x86.Build.0 = Release|x86
		{4B0AAEEC-E333-4D61-A6C2-19810855FEC3}.Debug|x86.ActiveCfg = Debug|x86
		{4B0AAEEC-E333-4D61-A6C2-19810855FEC3}.Debug|x86.Build.0 = Debug|x86
		{4B0AAEEC-E333-4D61-A6C2-19810855FEC3}.Release|x86.ActiveCfg = Release|x86
		{4B0AAEEC-E333-4D61-A6C2-19810855FEC3}.Release|x86.Build.0 = Release|x86
		{81B2A653-ACB3-4CBE-A4F0-249D23E660BA}.Debug|x86.ActiveCfg = Debug|x86
		{81B2A653-ACB3-4CBE-A4F0-249D23E660BA}.Debug|x86.Build.0 = Debug|x86
		{81B2A653-ACB3-4CBE-A4F0-249D23E660BA}.Release|x86.ActiveCfg = Release|x86
		{81B2A653-ACB3-4CBE-A4F0-249D23E660BA}.Release|x86.Build.0 = Release|x86
		{7F5F67CF-9143-400A-A79C-1FFBA6111412}.Debug|x86.ActiveCfg = Debug|x86
		{7F5F67CF-9143-400A-A79C-1FFBA6111412}.Debug|x86.Build.0 = Debug|x86
		{7F5F67CF-9143-400A-A79C-1FFBA6111412}.Release|x86.ActiveCfg = Release|x86
		{7F5F67CF-9143-400A-A79C-1FFBA6111412}.Release|x86.Build.0 = Release|x86
		{995F8FFF-06B9-4580-85CD-A05F777857F3}.Debug|x86.ActiveCfg = Debug|x86
		{995F8FFF-06B9-4580-85CD-A05F777857F3}.Debug|x86.Build.0 = Debug|x86
		{995F8FFF-06B9-4580-85CD-A05F777857F3}.Release|x86.ActiveCfg = Release|x86
		{995F8FFF-06B9-4580-85CD-A05F777857F3}.Release|x86.Build.0 = Release|x86
		{EBCB17F6-F15D-48A8-874D-FFED509EEBA3}.Debug|x86.ActiveCfg = Debug|x86
		{EBCB17F6-F15D-48A8-874D-FFED509EEBA3}.Debug|x86.Build.0 = Debug|x86
		{EBCB17F6-F15D-48A8-874D-FFED509EEBA3}.Release|x86.ActiveCfg = Release|x86
		{EBCB17F6-F15D-48A8-874D-FFED509EEBA3}.Release|x86.Build.0 = Release|x86
		{14E81918-6265-4305-8FC5-AB9D6D9ED37C}.Debug|x86.ActiveCfg = Debug|x86
		{14E81918-6265-4305-8FC5-AB9D6D9ED37C}.Debug|x86.Build.0 = Debug|x86
		{14E81918-6265-4305-8FC5-AB9D6D9ED37C}.Release|x86.ActiveCfg = Release|x86
		{14E81918-6265-4305-8FC5-AB9D6D9ED37C}.Release|x86.Build.0 = Release|x86
		{EB367D38-BBA3-4DD4-9E1C-396A982B9FCF}.Debug|x86.ActiveCfg = Debug|x86
		{EB367D38-BBA3-4DD4-9E1C-396A982B9FCF}.Debug|x86.Build.0 = Debug|x86
		{EB367D38-BBA3-4DD4-9E1C-396A982B9FCF}.Release|x86.ActiveCfg = Release|x86
		{EB367D38-BBA3-4DD4-9E1C-396A982B9FCF}.Release|x86.Build.0 = Release|x86
		{C39B4CF0-7E77-4CB7-BB30-37B9B3A80327}.Debug|x86.ActiveCfg = Debug|x86
		{C39B4CF0-7E77-4CB7-BB30-37B9B3A80327}.Debug|x86.Build.0 = Debug|x86
		{C39B4CF0-7E77-4CB7-BB30-37B9B3A80327}.Release|x86.ActiveCfg = Release|x86
		{C39B4CF0-7E77-4CB7-BB30-37B9B3A80327}.Release|x86.Build.0 = Release|x86
		{C5A60950-AF2A-4D68-9D32-8707BF120856}.Debug|x86.ActiveCfg = Debug|x86
		{C5A60950-AF2A-4D68-9D32-8707BF120856}.Debug|x86.Build.0 = Debug|x86
		{C5A60950-AF2A-4D68-9D32-8707BF120856}.Release|x86.ActiveCfg = Release|x86
		{C5A60950-AF2A-4D68-9D32-8707BF120856}.Release|x86.Build.0 = Release|x86
	EndGlobalSection
	GlobalSection(SolutionProperties) = preSolution
		HideSolutionNode = FALSE
	EndGlobalSection
	GlobalSection(NestedProjects) = preSolution
		{D11F33D7-759D-4F1E-929F-CC59D803A981} = {3AB9B3F8-8B56-41F1-9ED4-C7C53B9292A8}
		{27A0F5ED-EF8B-4A7C-8692-C8A96840EEB0} = {7996EE89-FCFF-4DE7-BB02-D8C257A25521}
		{59925A9D-435C-4BC8-AC59-2EFD1D383A9E} = {7A1F6A2E-11E5-4D8C-830F-5A7520DEFE6F}
		{C3740321-DA35-44E7-BD8E-41D4EF394829} = {AB9C2B82-B68D-41E3-AE74-05F993FD3A0A}
		{1D0EE538-64EB-4558-B95B-2B12DEF86015} = {C18A52D7-7570-4272-88C2-797AEFE2E865}
		{E92B433D-B699-4C95-A97C-A1B8A742B4EA} = {C69ABEF2-FCC5-4962-A3E2-A8C88FE7A757}
		{4B0AAEEC-E333-4D61-A6C2-19810855FEC3} = {1838FCB7-D85A-4E82-BFEC-F1AEDC0BA63B}
		{81B2A653-ACB3-4CBE-A4F0-249D23E660BA} = {386E8D8C-5E70-4384-BB1F-0CF6A4B7F8E8}
		{7F5F67CF-9143-400A-A79C-1FFBA6111412} = {7E13DAA7-F1FB-44D1-B5B6-D3E391B17712}
		{995F8FFF-06B9-4580-85CD-A05F777857F3} = {3EEE46BA-56D7-47CC-909A-64073AF0DCF8}
		{EBCB17F6-F15D-48A8-874D-FFED509EEBA3} = {9C16E1F3-1A1E-40A4-A4D9-ED3812A2B4E7}
		{14E81918-6265-4305-8FC5-AB9D6D9ED37C} = {36B7E9AE-81A9-4917-B0D7-37638261187A}
		{EB367D38-BBA3-4DD4-9E1C-396A982B9FCF} = {127364AE-567A-4DFD-B5C6-D09676A183C6}
		{C39B4CF0-7E77-4CB7-BB30-37B9B3A80327} = {61FD04B9-7BDD-41A6-822C-557FE3437E77}
		{C5A60950-AF2A-4D68-9D32-8707BF120856} = {9EB79E4E-B3D1-4736-8CD5-E442971120FE}
	EndGlobalSection
EndGlobal
