
Microsoft Visual Studio Solution File, Format Version 11.00
# Visual Studio 2010
Project("{FAE04EC0-301F-11D3-BF4B-00C04F79EFBC}") = "MousePosition", "MousePosition\MousePosition.csproj", "{F0CCF0B5-834E-4AA0-BD28-909947C223D1}"
EndProject
Project("{FAE04EC0-301F-11D3-BF4B-00C04F79EFBC}") = "MouseLongDown", "MouseLongDown\MouseLongDown.csproj", "{38F8E65A-B0E7-41C8-B1CD-C9138FC09A02}"
EndProject
Project("{FAE04EC0-301F-11D3-BF4B-00C04F79EFBC}") = "MouseRegion", "MouseRegion\MouseRegion.csproj", "{F97C1A6B-21EA-4CE8-8439-C062F51E0322}"
EndProject
Project("{FAE04EC0-301F-11D3-BF4B-00C04F79EFBC}") = "MouseIcon", "MouseIcon\MouseIcon.csproj", "{2112A0CF-EC5E-401A-9604-BC83B4942C89}"
EndProject
Project("{FAE04EC0-301F-11D3-BF4B-00C04F79EFBC}") = "MouseClip", "MouseClip\MouseClip.csproj", "{FC8CF789-AB92-40ED-AF4F-19149606F541}"
EndProject
Project("{FAE04EC0-301F-11D3-BF4B-00C04F79EFBC}") = "MouseVisible", "MouseVisible\MouseVisible.csproj", "{D1BBC2BD-46AF-4410-872B-6FA311A1B655}"
EndProject
Project("{FAE04EC0-301F-11D3-BF4B-00C04F79EFBC}") = "MouseDraw", "MouseDraw\MouseDraw.csproj", "{BBCEA4E3-2C94-4999-BBAC-459E74D96AA3}"
EndProject
Project("{FAE04EC0-301F-11D3-BF4B-00C04F79EFBC}") = "KeyboardCtrlEnter", "KeyboardCtrlEnter\KeyboardCtrlEnter.csproj", "{BE9CC3EA-2326-4702-B428-7A2A9254E766}"
EndProject
Project("{FAE04EC0-301F-11D3-BF4B-00C04F79EFBC}") = "KeyboardAltF4", "KeyboardAltF4\KeyboardAltF4.csproj", "{89284095-0BB0-409C-AD1A-1A88E6222A07}"
EndProject
Project("{FAE04EC0-301F-11D3-BF4B-00C04F79EFBC}") = "KeyboardShift", "KeyboardShift\KeyboardShift.csproj", "{2AC54E56-500C-4732-BAA2-92581D1E569F}"
EndProject
Project("{FAE04EC0-301F-11D3-BF4B-00C04F79EFBC}") = "MouseMove", "MouseMove\MouseMove.csproj", "{E023691C-FFA8-45D6-9D3B-34BD57F7CAEF}"
EndProject
Project("{FAE04EC0-301F-11D3-BF4B-00C04F79EFBC}") = "KeyboardSimulate", "KeyboardSimulate\KeyboardSimulate.csproj", "{32F6B820-16AC-4D4F-96EC-EA3A66AA7CB7}"
EndProject
Project("{2150E333-8FDC-42A3-9474-1A3956D46DE8}") = "实例104  获取鼠标窗体坐标和屏幕坐标", "实例104  获取鼠标窗体坐标和屏幕坐标", "{B6F34FA7-040F-4CEE-8234-C740CC0B386D}"
EndProject
Project("{2150E333-8FDC-42A3-9474-1A3956D46DE8}") = "实例105  鼠标长时间按下事件", "实例105  鼠标长时间按下事件", "{8C5A76D8-05A2-40EE-9773-ED0B09E7B00B}"
EndProject
Project("{2150E333-8FDC-42A3-9474-1A3956D46DE8}") = "实例106  根据区域设置鼠标类型", "实例106  根据区域设置鼠标类型", "{05C96E82-7AFA-4BC4-A138-9C671A917829}"
EndProject
Project("{2150E333-8FDC-42A3-9474-1A3956D46DE8}") = "实例107  创建鼠标图标", "实例107  创建鼠标图标", "{581C1C3E-E05A-4FFB-AB25-CF438319654B}"
EndProject
Project("{2150E333-8FDC-42A3-9474-1A3956D46DE8}") = "实例108  限制鼠标活动范围", "实例108  限制鼠标活动范围", "{6FACFF04-4EA3-46B5-A618-E2CD147805BD}"
EndProject
Project("{2150E333-8FDC-42A3-9474-1A3956D46DE8}") = "实例109  隐藏和显示鼠标指针", "实例109  隐藏和显示鼠标指针", "{40B9896B-CEE0-4DFD-8DE8-58063B2BFA4A}"
EndProject
Project("{2150E333-8FDC-42A3-9474-1A3956D46DE8}") = "实例110  利用鼠标书写汉字", "实例110  利用鼠标书写汉字", "{504F3CEB-F10F-4C90-86C0-376582C6E148}"
EndProject
Project("{2150E333-8FDC-42A3-9474-1A3956D46DE8}") = "实例111  按下Ctrl+Enter组合键实现窗体全屏", "实例111  按下Ctrl+Enter组合键实现窗体全屏", "{38240E5F-673E-4C56-9F5A-79C3E2A3476F}"
EndProject
Project("{2150E333-8FDC-42A3-9474-1A3956D46DE8}") = "实例112  屏蔽Alt+F4组合键", "实例112  屏蔽Alt+F4组合键", "{CDAFE58D-5B85-4754-80D6-92237A8A1C90}"
EndProject
Project("{2150E333-8FDC-42A3-9474-1A3956D46DE8}") = "实例113  使用Shift+方向键调整窗体大小", "实例113  使用Shift+方向键调整窗体大小", "{E837BE88-1293-4A68-9C09-B5C4EEF61D5E}"
EndProject
Project("{2150E333-8FDC-42A3-9474-1A3956D46DE8}") = "实例114  录制并回放鼠标移动轨迹", "实例114  录制并回放鼠标移动轨迹", "{AD4C8942-E3EF-421F-B1AD-26DD6070AF1A}"
EndProject
Project("{2150E333-8FDC-42A3-9474-1A3956D46DE8}") = "实例115  模拟键盘输入", "实例115  模拟键盘输入", "{05047E16-1481-4F5C-8751-2415954332E6}"
EndProject
Global
	GlobalSection(SolutionConfigurationPlatforms) = preSolution
		Debug|x86 = Debug|x86
		Release|x86 = Release|x86
	EndGlobalSection
	GlobalSection(ProjectConfigurationPlatforms) = postSolution
		{F0CCF0B5-834E-4AA0-BD28-909947C223D1}.Debug|x86.ActiveCfg = Debug|x86
		{F0CCF0B5-834E-4AA0-BD28-909947C223D1}.Debug|x86.Build.0 = Debug|x86
		{F0CCF0B5-834E-4AA0-BD28-909947C223D1}.Release|x86.ActiveCfg = Release|x86
		{F0CCF0B5-834E-4AA0-BD28-909947C223D1}.Release|x86.Build.0 = Release|x86
		{38F8E65A-B0E7-41C8-B1CD-C9138FC09A02}.Debug|x86.ActiveCfg = Debug|x86
		{38F8E65A-B0E7-41C8-B1CD-C9138FC09A02}.Debug|x86.Build.0 = Debug|x86
		{38F8E65A-B0E7-41C8-B1CD-C9138FC09A02}.Release|x86.ActiveCfg = Release|x86
		{38F8E65A-B0E7-41C8-B1CD-C9138FC09A02}.Release|x86.Build.0 = Release|x86
		{F97C1A6B-21EA-4CE8-8439-C062F51E0322}.Debug|x86.ActiveCfg = Debug|x86
		{F97C1A6B-21EA-4CE8-8439-C062F51E0322}.Debug|x86.Build.0 = Debug|x86
		{F97C1A6B-21EA-4CE8-8439-C062F51E0322}.Release|x86.ActiveCfg = Release|x86
		{F97C1A6B-21EA-4CE8-8439-C062F51E0322}.Release|x86.Build.0 = Release|x86
		{2112A0CF-EC5E-401A-9604-BC83B4942C89}.Debug|x86.ActiveCfg = Debug|x86
		{2112A0CF-EC5E-401A-9604-BC83B4942C89}.Debug|x86.Build.0 = Debug|x86
		{2112A0CF-EC5E-401A-9604-BC83B4942C89}.Release|x86.ActiveCfg = Release|x86
		{2112A0CF-EC5E-401A-9604-BC83B4942C89}.Release|x86.Build.0 = Release|x86
		{FC8CF789-AB92-40ED-AF4F-19149606F541}.Debug|x86.ActiveCfg = Debug|x86
		{FC8CF789-AB92-40ED-AF4F-19149606F541}.Debug|x86.Build.0 = Debug|x86
		{FC8CF789-AB92-40ED-AF4F-19149606F541}.Release|x86.ActiveCfg = Release|x86
		{FC8CF789-AB92-40ED-AF4F-19149606F541}.Release|x86.Build.0 = Release|x86
		{D1BBC2BD-46AF-4410-872B-6FA311A1B655}.Debug|x86.ActiveCfg = Debug|x86
		{D1BBC2BD-46AF-4410-872B-6FA311A1B655}.Debug|x86.Build.0 = Debug|x86
		{D1BBC2BD-46AF-4410-872B-6FA311A1B655}.Release|x86.ActiveCfg = Release|x86
		{D1BBC2BD-46AF-4410-872B-6FA311A1B655}.Release|x86.Build.0 = Release|x86
		{BBCEA4E3-2C94-4999-BBAC-459E74D96AA3}.Debug|x86.ActiveCfg = Debug|x86
		{BBCEA4E3-2C94-4999-BBAC-459E74D96AA3}.Debug|x86.Build.0 = Debug|x86
		{BBCEA4E3-2C94-4999-BBAC-459E74D96AA3}.Release|x86.ActiveCfg = Release|x86
		{BBCEA4E3-2C94-4999-BBAC-459E74D96AA3}.Release|x86.Build.0 = Release|x86
		{BE9CC3EA-2326-4702-B428-7A2A9254E766}.Debug|x86.ActiveCfg = Debug|x86
		{BE9CC3EA-2326-4702-B428-7A2A9254E766}.Debug|x86.Build.0 = Debug|x86
		{BE9CC3EA-2326-4702-B428-7A2A9254E766}.Release|x86.ActiveCfg = Release|x86
		{BE9CC3EA-2326-4702-B428-7A2A9254E766}.Release|x86.Build.0 = Release|x86
		{89284095-0BB0-409C-AD1A-1A88E6222A07}.Debug|x86.ActiveCfg = Debug|x86
		{89284095-0BB0-409C-AD1A-1A88E6222A07}.Debug|x86.Build.0 = Debug|x86
		{89284095-0BB0-409C-AD1A-1A88E6222A07}.Release|x86.ActiveCfg = Release|x86
		{89284095-0BB0-409C-AD1A-1A88E6222A07}.Release|x86.Build.0 = Release|x86
		{2AC54E56-500C-4732-BAA2-92581D1E569F}.Debug|x86.ActiveCfg = Debug|x86
		{2AC54E56-500C-4732-BAA2-92581D1E569F}.Debug|x86.Build.0 = Debug|x86
		{2AC54E56-500C-4732-BAA2-92581D1E569F}.Release|x86.ActiveCfg = Release|x86
		{2AC54E56-500C-4732-BAA2-92581D1E569F}.Release|x86.Build.0 = Release|x86
		{E023691C-FFA8-45D6-9D3B-34BD57F7CAEF}.Debug|x86.ActiveCfg = Debug|x86
		{E023691C-FFA8-45D6-9D3B-34BD57F7CAEF}.Debug|x86.Build.0 = Debug|x86
		{E023691C-FFA8-45D6-9D3B-34BD57F7CAEF}.Release|x86.ActiveCfg = Release|x86
		{E023691C-FFA8-45D6-9D3B-34BD57F7CAEF}.Release|x86.Build.0 = Release|x86
		{32F6B820-16AC-4D4F-96EC-EA3A66AA7CB7}.Debug|x86.ActiveCfg = Debug|x86
		{32F6B820-16AC-4D4F-96EC-EA3A66AA7CB7}.Debug|x86.Build.0 = Debug|x86
		{32F6B820-16AC-4D4F-96EC-EA3A66AA7CB7}.Release|x86.ActiveCfg = Release|x86
		{32F6B820-16AC-4D4F-96EC-EA3A66AA7CB7}.Release|x86.Build.0 = Release|x86
	EndGlobalSection
	GlobalSection(SolutionProperties) = preSolution
		HideSolutionNode = FALSE
	EndGlobalSection
	GlobalSection(NestedProjects) = preSolution
		{F0CCF0B5-834E-4AA0-BD28-909947C223D1} = {B6F34FA7-040F-4CEE-8234-C740CC0B386D}
		{38F8E65A-B0E7-41C8-B1CD-C9138FC09A02} = {8C5A76D8-05A2-40EE-9773-ED0B09E7B00B}
		{F97C1A6B-21EA-4CE8-8439-C062F51E0322} = {05C96E82-7AFA-4BC4-A138-9C671A917829}
		{2112A0CF-EC5E-401A-9604-BC83B4942C89} = {581C1C3E-E05A-4FFB-AB25-CF438319654B}
		{FC8CF789-AB92-40ED-AF4F-19149606F541} = {6FACFF04-4EA3-46B5-A618-E2CD147805BD}
		{D1BBC2BD-46AF-4410-872B-6FA311A1B655} = {40B9896B-CEE0-4DFD-8DE8-58063B2BFA4A}
		{BBCEA4E3-2C94-4999-BBAC-459E74D96AA3} = {504F3CEB-F10F-4C90-86C0-376582C6E148}
		{BE9CC3EA-2326-4702-B428-7A2A9254E766} = {38240E5F-673E-4C56-9F5A-79C3E2A3476F}
		{89284095-0BB0-409C-AD1A-1A88E6222A07} = {CDAFE58D-5B85-4754-80D6-92237A8A1C90}
		{2AC54E56-500C-4732-BAA2-92581D1E569F} = {E837BE88-1293-4A68-9C09-B5C4EEF61D5E}
		{E023691C-FFA8-45D6-9D3B-34BD57F7CAEF} = {AD4C8942-E3EF-421F-B1AD-26DD6070AF1A}
		{32F6B820-16AC-4D4F-96EC-EA3A66AA7CB7} = {05047E16-1481-4F5C-8751-2415954332E6}
	EndGlobalSection
EndGlobal
