
Microsoft Visual Studio Solution File, Format Version 11.00
# Visual Studio 2010
Project("{FAE04EC0-301F-11D3-BF4B-00C04F79EFBC}") = "ControlButton", "ControlButton\ControlButton.csproj", "{8A16AEF2-90ED-4E4D-BEBD-B60BEF9A5BE2}"
EndProject
Project("{FAE04EC0-301F-11D3-BF4B-00C04F79EFBC}") = "ControlTextBox", "ControlTextBox\ControlTextBox.csproj", "{A58FE8D8-E5B0-4595-9ECA-AAFBA7EABD83}"
EndProject
Project("{FAE04EC0-301F-11D3-BF4B-00C04F79EFBC}") = "ControlComboBox", "ControlComboBox\ControlComboBox.csproj", "{2DE7862A-8128-4A2E-B958-C6B40161B75C}"
EndProject
Project("{FAE04EC0-301F-11D3-BF4B-00C04F79EFBC}") = "ControlListBox", "ControlListBox\ControlListBox.csproj", "{4AA08F5D-BE21-4149-82FF-897C7EC19243}"
EndProject
Project("{FAE04EC0-301F-11D3-BF4B-00C04F79EFBC}") = "ControlCheckBox", "ControlCheckBox\ControlCheckBox.csproj", "{D669E4AC-97CD-4BDE-A42A-9B71FA122652}"
EndProject
Project("{FAE04EC0-301F-11D3-BF4B-00C04F79EFBC}") = "ControlTreeView", "ControlTreeView\ControlTreeView.csproj", "{35CCCB7D-5030-4B03-A82A-C6E462E33886}"
EndProject
Project("{FAE04EC0-301F-11D3-BF4B-00C04F79EFBC}") = "ControlProgressBar", "ControlProgressBar\ControlProgressBar.csproj", "{304664E0-4592-45DB-9E1D-06D620C22856}"
EndProject
Project("{FAE04EC0-301F-11D3-BF4B-00C04F79EFBC}") = "ControlToolTip", "ControlToolTip\ControlToolTip.csproj", "{227DB73F-56ED-4E3C-9CB5-EE124786B454}"
EndProject
Project("{FAE04EC0-301F-11D3-BF4B-00C04F79EFBC}") = "ControlNotifyIcon", "ControlNotifyIcon\ControlNotifyIcon.csproj", "{25A6BB3C-324E-48E8-9768-6D84C877C67C}"
EndProject
Project("{FAE04EC0-301F-11D3-BF4B-00C04F79EFBC}") = "ControlListView", "ControlListView\ControlListView.csproj", "{F4243239-00BB-4879-B4C4-CD5A0CFE1BCD}"
EndProject
Project("{FAE04EC0-301F-11D3-BF4B-00C04F79EFBC}") = "ControlSplitContainer", "ControlSplitContainer\ControlSplitContainer.csproj", "{37BD56D9-B65C-459F-B9B3-FA098C7DB2FD}"
EndProject
Project("{FAE04EC0-301F-11D3-BF4B-00C04F79EFBC}") = "ControlTabControl", "ControlTabControl\ControlTabControl.csproj", "{1F366C4F-4C45-4C60-89CD-CC5B9BEE0746}"
EndProject
Project("{FAE04EC0-301F-11D3-BF4B-00C04F79EFBC}") = "ControlContextMenuStrip", "ControlContextMenuStrip\ControlContextMenuStrip.csproj", "{5DFAF396-CF28-4F29-979F-44B2E2C1ED03}"
EndProject
Project("{FAE04EC0-301F-11D3-BF4B-00C04F79EFBC}") = "ControlMenuStrip", "ControlMenuStrip\ControlMenuStrip.csproj", "{E545F22E-F7E6-4FAB-A1D8-922625FE3A05}"
EndProject
Project("{2150E333-8FDC-42A3-9474-1A3956D46DE8}") = "实例124  动态添加按钮-- Button控件", "实例124  动态添加按钮-- Button控件", "{016D8872-3B40-419B-BC80-14D8542FE769}"
EndProject
Project("{2150E333-8FDC-42A3-9474-1A3956D46DE8}") = "实例125  限制文本框输入内容--TextBox控件", "实例125  限制文本框输入内容--TextBox控件", "{F0824860-72EA-4B65-B6BB-FB3BC5935CAE}"
EndProject
Project("{2150E333-8FDC-42A3-9474-1A3956D46DE8}") = "实例126  省市选择--ComboBox控件", "实例126  省市选择--ComboBox控件", "{832EC7AC-5976-410A-81FB-7906A600175D}"
EndProject
Project("{2150E333-8FDC-42A3-9474-1A3956D46DE8}") = "实例127  突出显示关键字--RichTextBox控件", "实例127  突出显示关键字--RichTextBox控件", "{D05075B2-678D-4D27-AF8D-44BD5C9A02F4}"
EndProject
Project("{FAE04EC0-301F-11D3-BF4B-00C04F79EFBC}") = "ControlRichTextBox", "ControlRichTextBox\ControlRichTextBox.csproj", "{50369ACD-9A1B-4BAD-AAD1-ACD4892B04F4}"
EndProject
Project("{2150E333-8FDC-42A3-9474-1A3956D46DE8}") = "实例128  数据批处理--ListBox控件", "实例128  数据批处理--ListBox控件", "{A45F2B62-AE30-414E-8FC0-4278CE46D86C}"
EndProject
Project("{2150E333-8FDC-42A3-9474-1A3956D46DE8}") = "实例129  输入选课信息--CheckBox控件", "实例129  输入选课信息--CheckBox控件", "{D78DB52C-36C0-4FFF-A1EC-DF17C69E55F6}"
EndProject
Project("{2150E333-8FDC-42A3-9474-1A3956D46DE8}") = "实例131  监控程序执行进度--ProgressBar控件", "实例131  监控程序执行进度--ProgressBar控件", "{1DE189FD-AD75-4D07-A099-98ED96198E38}"
EndProject
Project("{2150E333-8FDC-42A3-9474-1A3956D46DE8}") = "实例130  浏览磁盘目录--TreeView控件", "实例130  浏览磁盘目录--TreeView控件", "{84981B68-A56D-4BB9-B0A1-390D0FA72E55}"
EndProject
Project("{2150E333-8FDC-42A3-9474-1A3956D46DE8}") = "实例132  窗体和控件的气泡提示--ToolTip控件", "实例132  窗体和控件的气泡提示--ToolTip控件", "{90217DA3-17B2-45EF-BF64-B26A9AF1C606}"
EndProject
Project("{2150E333-8FDC-42A3-9474-1A3956D46DE8}") = "实例133  通知区图标动画--NotifyIcon控件", "实例133  通知区图标动画--NotifyIcon控件", "{0DFA4B90-4244-4143-9712-D1C443C781B0}"
EndProject
Project("{2150E333-8FDC-42A3-9474-1A3956D46DE8}") = "实例134  浏览学生信息--ListView控件", "实例134  浏览学生信息--ListView控件", "{3D9440A0-CDC5-4614-A368-CA24C58BAB73}"
EndProject
Project("{2150E333-8FDC-42A3-9474-1A3956D46DE8}") = "实例135  窗体分块显示--SplitContainer控件", "实例135  窗体分块显示--SplitContainer控件", "{CF930772-C9EC-40E1-A5A6-C270682114DE}"
EndProject
Project("{2150E333-8FDC-42A3-9474-1A3956D46DE8}") = "实例136  窗体分页显示--TabControl控件", "实例136  窗体分页显示--TabControl控件", "{790BD643-38AA-4C26-A8CD-127FFD56ED88}"
EndProject
Project("{2150E333-8FDC-42A3-9474-1A3956D46DE8}") = "实例137  功能菜单退出程序--MenuStrip控件", "实例137  功能菜单退出程序--MenuStrip控件", "{88F91C47-21EA-44CD-85E5-D387E9758C8E}"
EndProject
Project("{2150E333-8FDC-42A3-9474-1A3956D46DE8}") = "实例138  通知区菜单退出程序--ContextMenuStrip控件", "实例138  通知区菜单退出程序--ContextMenuStrip控件", "{B131EF35-042D-4D46-9DE8-4F8C02F17BA3}"
EndProject
Global
	GlobalSection(SolutionConfigurationPlatforms) = preSolution
		Debug|x86 = Debug|x86
		Release|x86 = Release|x86
	EndGlobalSection
	GlobalSection(ProjectConfigurationPlatforms) = postSolution
		{8A16AEF2-90ED-4E4D-BEBD-B60BEF9A5BE2}.Debug|x86.ActiveCfg = Debug|x86
		{8A16AEF2-90ED-4E4D-BEBD-B60BEF9A5BE2}.Debug|x86.Build.0 = Debug|x86
		{8A16AEF2-90ED-4E4D-BEBD-B60BEF9A5BE2}.Release|x86.ActiveCfg = Release|x86
		{8A16AEF2-90ED-4E4D-BEBD-B60BEF9A5BE2}.Release|x86.Build.0 = Release|x86
		{A58FE8D8-E5B0-4595-9ECA-AAFBA7EABD83}.Debug|x86.ActiveCfg = Debug|x86
		{A58FE8D8-E5B0-4595-9ECA-AAFBA7EABD83}.Debug|x86.Build.0 = Debug|x86
		{A58FE8D8-E5B0-4595-9ECA-AAFBA7EABD83}.Release|x86.ActiveCfg = Release|x86
		{A58FE8D8-E5B0-4595-9ECA-AAFBA7EABD83}.Release|x86.Build.0 = Release|x86
		{2DE7862A-8128-4A2E-B958-C6B40161B75C}.Debug|x86.ActiveCfg = Debug|x86
		{2DE7862A-8128-4A2E-B958-C6B40161B75C}.Debug|x86.Build.0 = Debug|x86
		{2DE7862A-8128-4A2E-B958-C6B40161B75C}.Release|x86.ActiveCfg = Release|x86
		{2DE7862A-8128-4A2E-B958-C6B40161B75C}.Release|x86.Build.0 = Release|x86
		{4AA08F5D-BE21-4149-82FF-897C7EC19243}.Debug|x86.ActiveCfg = Debug|x86
		{4AA08F5D-BE21-4149-82FF-897C7EC19243}.Debug|x86.Build.0 = Debug|x86
		{4AA08F5D-BE21-4149-82FF-897C7EC19243}.Release|x86.ActiveCfg = Release|x86
		{4AA08F5D-BE21-4149-82FF-897C7EC19243}.Release|x86.Build.0 = Release|x86
		{D669E4AC-97CD-4BDE-A42A-9B71FA122652}.Debug|x86.ActiveCfg = Debug|x86
		{D669E4AC-97CD-4BDE-A42A-9B71FA122652}.Debug|x86.Build.0 = Debug|x86
		{D669E4AC-97CD-4BDE-A42A-9B71FA122652}.Release|x86.ActiveCfg = Release|x86
		{D669E4AC-97CD-4BDE-A42A-9B71FA122652}.Release|x86.Build.0 = Release|x86
		{35CCCB7D-5030-4B03-A82A-C6E462E33886}.Debug|x86.ActiveCfg = Debug|x86
		{35CCCB7D-5030-4B03-A82A-C6E462E33886}.Debug|x86.Build.0 = Debug|x86
		{35CCCB7D-5030-4B03-A82A-C6E462E33886}.Release|x86.ActiveCfg = Release|x86
		{35CCCB7D-5030-4B03-A82A-C6E462E33886}.Release|x86.Build.0 = Release|x86
		{304664E0-4592-45DB-9E1D-06D620C22856}.Debug|x86.ActiveCfg = Debug|x86
		{304664E0-4592-45DB-9E1D-06D620C22856}.Debug|x86.Build.0 = Debug|x86
		{304664E0-4592-45DB-9E1D-06D620C22856}.Release|x86.ActiveCfg = Release|x86
		{304664E0-4592-45DB-9E1D-06D620C22856}.Release|x86.Build.0 = Release|x86
		{227DB73F-56ED-4E3C-9CB5-EE124786B454}.Debug|x86.ActiveCfg = Debug|x86
		{227DB73F-56ED-4E3C-9CB5-EE124786B454}.Debug|x86.Build.0 = Debug|x86
		{227DB73F-56ED-4E3C-9CB5-EE124786B454}.Release|x86.ActiveCfg = Release|x86
		{227DB73F-56ED-4E3C-9CB5-EE124786B454}.Release|x86.Build.0 = Release|x86
		{25A6BB3C-324E-48E8-9768-6D84C877C67C}.Debug|x86.ActiveCfg = Debug|x86
		{25A6BB3C-324E-48E8-9768-6D84C877C67C}.Debug|x86.Build.0 = Debug|x86
		{25A6BB3C-324E-48E8-9768-6D84C877C67C}.Release|x86.ActiveCfg = Release|x86
		{25A6BB3C-324E-48E8-9768-6D84C877C67C}.Release|x86.Build.0 = Release|x86
		{F4243239-00BB-4879-B4C4-CD5A0CFE1BCD}.Debug|x86.ActiveCfg = Debug|x86
		{F4243239-00BB-4879-B4C4-CD5A0CFE1BCD}.Debug|x86.Build.0 = Debug|x86
		{F4243239-00BB-4879-B4C4-CD5A0CFE1BCD}.Release|x86.ActiveCfg = Release|x86
		{F4243239-00BB-4879-B4C4-CD5A0CFE1BCD}.Release|x86.Build.0 = Release|x86
		{37BD56D9-B65C-459F-B9B3-FA098C7DB2FD}.Debug|x86.ActiveCfg = Debug|x86
		{37BD56D9-B65C-459F-B9B3-FA098C7DB2FD}.Debug|x86.Build.0 = Debug|x86
		{37BD56D9-B65C-459F-B9B3-FA098C7DB2FD}.Release|x86.ActiveCfg = Release|x86
		{37BD56D9-B65C-459F-B9B3-FA098C7DB2FD}.Release|x86.Build.0 = Release|x86
		{1F366C4F-4C45-4C60-89CD-CC5B9BEE0746}.Debug|x86.ActiveCfg = Debug|x86
		{1F366C4F-4C45-4C60-89CD-CC5B9BEE0746}.Debug|x86.Build.0 = Debug|x86
		{1F366C4F-4C45-4C60-89CD-CC5B9BEE0746}.Release|x86.ActiveCfg = Release|x86
		{1F366C4F-4C45-4C60-89CD-CC5B9BEE0746}.Release|x86.Build.0 = Release|x86
		{5DFAF396-CF28-4F29-979F-44B2E2C1ED03}.Debug|x86.ActiveCfg = Debug|x86
		{5DFAF396-CF28-4F29-979F-44B2E2C1ED03}.Debug|x86.Build.0 = Debug|x86
		{5DFAF396-CF28-4F29-979F-44B2E2C1ED03}.Release|x86.ActiveCfg = Release|x86
		{5DFAF396-CF28-4F29-979F-44B2E2C1ED03}.Release|x86.Build.0 = Release|x86
		{E545F22E-F7E6-4FAB-A1D8-922625FE3A05}.Debug|x86.ActiveCfg = Debug|x86
		{E545F22E-F7E6-4FAB-A1D8-922625FE3A05}.Debug|x86.Build.0 = Debug|x86
		{E545F22E-F7E6-4FAB-A1D8-922625FE3A05}.Release|x86.ActiveCfg = Release|x86
		{E545F22E-F7E6-4FAB-A1D8-922625FE3A05}.Release|x86.Build.0 = Release|x86
		{50369ACD-9A1B-4BAD-AAD1-ACD4892B04F4}.Debug|x86.ActiveCfg = Debug|x86
		{50369ACD-9A1B-4BAD-AAD1-ACD4892B04F4}.Debug|x86.Build.0 = Debug|x86
		{50369ACD-9A1B-4BAD-AAD1-ACD4892B04F4}.Release|x86.ActiveCfg = Release|x86
		{50369ACD-9A1B-4BAD-AAD1-ACD4892B04F4}.Release|x86.Build.0 = Release|x86
	EndGlobalSection
	GlobalSection(SolutionProperties) = preSolution
		HideSolutionNode = FALSE
	EndGlobalSection
	GlobalSection(NestedProjects) = preSolution
		{8A16AEF2-90ED-4E4D-BEBD-B60BEF9A5BE2} = {016D8872-3B40-419B-BC80-14D8542FE769}
		{A58FE8D8-E5B0-4595-9ECA-AAFBA7EABD83} = {F0824860-72EA-4B65-B6BB-FB3BC5935CAE}
		{2DE7862A-8128-4A2E-B958-C6B40161B75C} = {832EC7AC-5976-410A-81FB-7906A600175D}
		{4AA08F5D-BE21-4149-82FF-897C7EC19243} = {A45F2B62-AE30-414E-8FC0-4278CE46D86C}
		{D669E4AC-97CD-4BDE-A42A-9B71FA122652} = {D78DB52C-36C0-4FFF-A1EC-DF17C69E55F6}
		{35CCCB7D-5030-4B03-A82A-C6E462E33886} = {84981B68-A56D-4BB9-B0A1-390D0FA72E55}
		{304664E0-4592-45DB-9E1D-06D620C22856} = {1DE189FD-AD75-4D07-A099-98ED96198E38}
		{227DB73F-56ED-4E3C-9CB5-EE124786B454} = {90217DA3-17B2-45EF-BF64-B26A9AF1C606}
		{25A6BB3C-324E-48E8-9768-6D84C877C67C} = {0DFA4B90-4244-4143-9712-D1C443C781B0}
		{F4243239-00BB-4879-B4C4-CD5A0CFE1BCD} = {3D9440A0-CDC5-4614-A368-CA24C58BAB73}
		{37BD56D9-B65C-459F-B9B3-FA098C7DB2FD} = {CF930772-C9EC-40E1-A5A6-C270682114DE}
		{1F366C4F-4C45-4C60-89CD-CC5B9BEE0746} = {790BD643-38AA-4C26-A8CD-127FFD56ED88}
		{5DFAF396-CF28-4F29-979F-44B2E2C1ED03} = {B131EF35-042D-4D46-9DE8-4F8C02F17BA3}
		{E545F22E-F7E6-4FAB-A1D8-922625FE3A05} = {88F91C47-21EA-44CD-85E5-D387E9758C8E}
		{50369ACD-9A1B-4BAD-AAD1-ACD4892B04F4} = {D05075B2-678D-4D27-AF8D-44BD5C9A02F4}
	EndGlobalSection
EndGlobal
