
Microsoft Visual Studio Solution File, Format Version 11.00
# Visual Studio 2010
Project("{FAE04EC0-301F-11D3-BF4B-00C04F79EFBC}") = "CharType", "CharType\CharType.csproj", "{8C1C197F-2ACA-4407-949F-45A18500F9E3}"
EndProject
Project("{FAE04EC0-301F-11D3-BF4B-00C04F79EFBC}") = "ReverseString", "ReverseString\ReverseString.csproj", "{9F8AEB17-964C-4FF1-8036-074292097C26}"
EndProject
Project("{FAE04EC0-301F-11D3-BF4B-00C04F79EFBC}") = "SubString", "SubString\SubString.csproj", "{03A8B4D5-3EF5-4C2B-A3B4-18D7D480D595}"
EndProject
Project("{FAE04EC0-301F-11D3-BF4B-00C04F79EFBC}") = "NumberFormate", "NumberFormate\NumberFormate.csproj", "{2073EDAE-200D-4AC7-910E-3CAA318E99FB}"
EndProject
Project("{FAE04EC0-301F-11D3-BF4B-00C04F79EFBC}") = "DatetimeFormat", "DatetimeFormat\DatetimeFormat.csproj", "{EE96A232-3405-40C5-9A78-CFB3930E09C4}"
EndProject
Project("{FAE04EC0-301F-11D3-BF4B-00C04F79EFBC}") = "SplitString", "SplitString\SplitString.csproj", "{E27F3C9C-BC6A-4728-B359-98AA15A47FC0}"
EndProject
Project("{FAE04EC0-301F-11D3-BF4B-00C04F79EFBC}") = "InsertString", "InsertString\InsertString.csproj", "{507391DA-0BE9-4C11-9A0B-F1EA027ECA5B}"
EndProject
Project("{FAE04EC0-301F-11D3-BF4B-00C04F79EFBC}") = "BuildString", "BuildString\BuildString.csproj", "{9D2B230B-306F-4950-9855-602B104D57D7}"
EndProject
Project("{FAE04EC0-301F-11D3-BF4B-00C04F79EFBC}") = "ContainsString", "ContainsString\ContainsString.csproj", "{1E973864-54B2-4365-A552-87FEC02C463D}"
EndProject
Project("{FAE04EC0-301F-11D3-BF4B-00C04F79EFBC}") = "Base64String", "Base64String\Base64String.csproj", "{09912465-F86F-4B56-BBC3-28F39ED8939D}"
EndProject
Project("{FAE04EC0-301F-11D3-BF4B-00C04F79EFBC}") = "EqualString", "EqualString\EqualString.csproj", "{5DFCEC97-72D3-4A85-B7ED-A43CEE9A6386}"
EndProject
Project("{FAE04EC0-301F-11D3-BF4B-00C04F79EFBC}") = "ReviseString", "ReviseString\ReviseString.csproj", "{B35970FF-D378-4BCB-AE2D-F6B8E3F44431}"
EndProject
Project("{2150E333-8FDC-42A3-9474-1A3956D46DE8}") = "实例042  将古诗分行输出--System.Char类型", "实例042  将古诗分行输出--System.Char类型", "{7D32FDBF-CB55-4BA5-B7FD-40BA90C485C1}"
EndProject
Project("{2150E333-8FDC-42A3-9474-1A3956D46DE8}") = "实例043  判断古诗默写是否正确--Equals方法", "实例043  判断古诗默写是否正确--Equals方法", "{36141E55-C9CE-4A9F-8FC2-F79366E7F6BC}"
EndProject
Project("{2150E333-8FDC-42A3-9474-1A3956D46DE8}") = "实例044  将古诗颠倒输出--Reverse方法", "实例044  将古诗颠倒输出--Reverse方法", "{468E505A-9116-40A7-92D4-F7A4A197F92D}"
EndProject
Project("{2150E333-8FDC-42A3-9474-1A3956D46DE8}") = "实例045  提取古诗中的关键词语--Substring方法", "实例045  提取古诗中的关键词语--Substring方法", "{B2537BB1-4D07-44ED-8283-7036FF8778A8}"
EndProject
Project("{2150E333-8FDC-42A3-9474-1A3956D46DE8}") = "实例046  将数字按指定格式输出--格式化字符串", "实例046  将数字按指定格式输出--格式化字符串", "{ED0D20B9-5620-430E-86E6-6804526B066B}"
EndProject
Project("{2150E333-8FDC-42A3-9474-1A3956D46DE8}") = "实例047  将日期按指定格式输出--格式化日期", "实例047  将日期按指定格式输出--格式化日期", "{6FE586C5-1AD7-4519-8B57-7C64FFE94392}"
EndProject
Project("{2150E333-8FDC-42A3-9474-1A3956D46DE8}") = "实例048  将古诗按标点分割成句-- Split方法", "实例048  将古诗按标点分割成句-- Split方法", "{CA6946AA-D9E6-4745-AACB-1436619E81F0}"
EndProject
Project("{2150E333-8FDC-42A3-9474-1A3956D46DE8}") = "实例049  古诗填空--Insert方法", "实例049  古诗填空--Insert方法", "{33ABC639-F737-469B-B4BC-AB48F3104B26}"
EndProject
Project("{2150E333-8FDC-42A3-9474-1A3956D46DE8}") = "实例050  修改错误的古诗--Remove方法", "实例050  修改错误的古诗--Remove方法", "{85120CE1-65B4-446B-9829-44DDF32A1B85}"
EndProject
Project("{2150E333-8FDC-42A3-9474-1A3956D46DE8}") = "实例051  拼接错乱的古诗句-- StringBuilder的使用", "实例051  拼接错乱的古诗句-- StringBuilder的使用", "{E160AF74-7D20-4CE8-AFA7-995160522C01}"
EndProject
Project("{2150E333-8FDC-42A3-9474-1A3956D46DE8}") = "实例052  验证IP地址字符串格式-- Regex正则表达式", "实例052  验证IP地址字符串格式-- Regex正则表达式", "{FD7DA050-B8E2-4DBF-9058-E046FCA180FC}"
EndProject
Project("{2150E333-8FDC-42A3-9474-1A3956D46DE8}") = "实例053  提取古诗中含有“明月”的诗句--Contains方法", "实例053  提取古诗中含有“明月”的诗句--Contains方法", "{19F31E2B-A8C9-46A1-A35B-5F097826CCF8}"
EndProject
Project("{2150E333-8FDC-42A3-9474-1A3956D46DE8}") = "实例054  对古诗进行Base64编码--Base64编码", "实例054  对古诗进行Base64编码--Base64编码", "{4D0AEDF9-FDB5-41AF-A653-DFA4F02412B0}"
EndProject
Project("{FAE04EC0-301F-11D3-BF4B-00C04F79EFBC}") = "CheckIP", "CheckIP\CheckIP.csproj", "{841E50CC-E65C-45CB-9799-F5A0D2F819EB}"
EndProject
Global
	GlobalSection(SolutionConfigurationPlatforms) = preSolution
		Debug|x86 = Debug|x86
		Release|x86 = Release|x86
	EndGlobalSection
	GlobalSection(ProjectConfigurationPlatforms) = postSolution
		{8C1C197F-2ACA-4407-949F-45A18500F9E3}.Debug|x86.ActiveCfg = Debug|x86
		{8C1C197F-2ACA-4407-949F-45A18500F9E3}.Debug|x86.Build.0 = Debug|x86
		{8C1C197F-2ACA-4407-949F-45A18500F9E3}.Release|x86.ActiveCfg = Release|x86
		{8C1C197F-2ACA-4407-949F-45A18500F9E3}.Release|x86.Build.0 = Release|x86
		{9F8AEB17-964C-4FF1-8036-074292097C26}.Debug|x86.ActiveCfg = Debug|x86
		{9F8AEB17-964C-4FF1-8036-074292097C26}.Debug|x86.Build.0 = Debug|x86
		{9F8AEB17-964C-4FF1-8036-074292097C26}.Release|x86.ActiveCfg = Release|x86
		{9F8AEB17-964C-4FF1-8036-074292097C26}.Release|x86.Build.0 = Release|x86
		{03A8B4D5-3EF5-4C2B-A3B4-18D7D480D595}.Debug|x86.ActiveCfg = Debug|x86
		{03A8B4D5-3EF5-4C2B-A3B4-18D7D480D595}.Debug|x86.Build.0 = Debug|x86
		{03A8B4D5-3EF5-4C2B-A3B4-18D7D480D595}.Release|x86.ActiveCfg = Release|x86
		{03A8B4D5-3EF5-4C2B-A3B4-18D7D480D595}.Release|x86.Build.0 = Release|x86
		{2073EDAE-200D-4AC7-910E-3CAA318E99FB}.Debug|x86.ActiveCfg = Debug|x86
		{2073EDAE-200D-4AC7-910E-3CAA318E99FB}.Debug|x86.Build.0 = Debug|x86
		{2073EDAE-200D-4AC7-910E-3CAA318E99FB}.Release|x86.ActiveCfg = Release|x86
		{2073EDAE-200D-4AC7-910E-3CAA318E99FB}.Release|x86.Build.0 = Release|x86
		{EE96A232-3405-40C5-9A78-CFB3930E09C4}.Debug|x86.ActiveCfg = Debug|x86
		{EE96A232-3405-40C5-9A78-CFB3930E09C4}.Debug|x86.Build.0 = Debug|x86
		{EE96A232-3405-40C5-9A78-CFB3930E09C4}.Release|x86.ActiveCfg = Release|x86
		{EE96A232-3405-40C5-9A78-CFB3930E09C4}.Release|x86.Build.0 = Release|x86
		{E27F3C9C-BC6A-4728-B359-98AA15A47FC0}.Debug|x86.ActiveCfg = Debug|x86
		{E27F3C9C-BC6A-4728-B359-98AA15A47FC0}.Debug|x86.Build.0 = Debug|x86
		{E27F3C9C-BC6A-4728-B359-98AA15A47FC0}.Release|x86.ActiveCfg = Release|x86
		{E27F3C9C-BC6A-4728-B359-98AA15A47FC0}.Release|x86.Build.0 = Release|x86
		{507391DA-0BE9-4C11-9A0B-F1EA027ECA5B}.Debug|x86.ActiveCfg = Debug|x86
		{507391DA-0BE9-4C11-9A0B-F1EA027ECA5B}.Debug|x86.Build.0 = Debug|x86
		{507391DA-0BE9-4C11-9A0B-F1EA027ECA5B}.Release|x86.ActiveCfg = Release|x86
		{507391DA-0BE9-4C11-9A0B-F1EA027ECA5B}.Release|x86.Build.0 = Release|x86
		{9D2B230B-306F-4950-9855-602B104D57D7}.Debug|x86.ActiveCfg = Debug|x86
		{9D2B230B-306F-4950-9855-602B104D57D7}.Debug|x86.Build.0 = Debug|x86
		{9D2B230B-306F-4950-9855-602B104D57D7}.Release|x86.ActiveCfg = Release|x86
		{9D2B230B-306F-4950-9855-602B104D57D7}.Release|x86.Build.0 = Release|x86
		{1E973864-54B2-4365-A552-87FEC02C463D}.Debug|x86.ActiveCfg = Debug|x86
		{1E973864-54B2-4365-A552-87FEC02C463D}.Debug|x86.Build.0 = Debug|x86
		{1E973864-54B2-4365-A552-87FEC02C463D}.Release|x86.ActiveCfg = Release|x86
		{1E973864-54B2-4365-A552-87FEC02C463D}.Release|x86.Build.0 = Release|x86
		{09912465-F86F-4B56-BBC3-28F39ED8939D}.Debug|x86.ActiveCfg = Debug|x86
		{09912465-F86F-4B56-BBC3-28F39ED8939D}.Debug|x86.Build.0 = Debug|x86
		{09912465-F86F-4B56-BBC3-28F39ED8939D}.Release|x86.ActiveCfg = Release|x86
		{09912465-F86F-4B56-BBC3-28F39ED8939D}.Release|x86.Build.0 = Release|x86
		{5DFCEC97-72D3-4A85-B7ED-A43CEE9A6386}.Debug|x86.ActiveCfg = Debug|x86
		{5DFCEC97-72D3-4A85-B7ED-A43CEE9A6386}.Debug|x86.Build.0 = Debug|x86
		{5DFCEC97-72D3-4A85-B7ED-A43CEE9A6386}.Release|x86.ActiveCfg = Release|x86
		{5DFCEC97-72D3-4A85-B7ED-A43CEE9A6386}.Release|x86.Build.0 = Release|x86
		{B35970FF-D378-4BCB-AE2D-F6B8E3F44431}.Debug|x86.ActiveCfg = Debug|x86
		{B35970FF-D378-4BCB-AE2D-F6B8E3F44431}.Debug|x86.Build.0 = Debug|x86
		{B35970FF-D378-4BCB-AE2D-F6B8E3F44431}.Release|x86.ActiveCfg = Release|x86
		{B35970FF-D378-4BCB-AE2D-F6B8E3F44431}.Release|x86.Build.0 = Release|x86
		{841E50CC-E65C-45CB-9799-F5A0D2F819EB}.Debug|x86.ActiveCfg = Debug|x86
		{841E50CC-E65C-45CB-9799-F5A0D2F819EB}.Debug|x86.Build.0 = Debug|x86
		{841E50CC-E65C-45CB-9799-F5A0D2F819EB}.Release|x86.ActiveCfg = Release|x86
		{841E50CC-E65C-45CB-9799-F5A0D2F819EB}.Release|x86.Build.0 = Release|x86
	EndGlobalSection
	GlobalSection(SolutionProperties) = preSolution
		HideSolutionNode = FALSE
	EndGlobalSection
	GlobalSection(NestedProjects) = preSolution
		{8C1C197F-2ACA-4407-949F-45A18500F9E3} = {7D32FDBF-CB55-4BA5-B7FD-40BA90C485C1}
		{9F8AEB17-964C-4FF1-8036-074292097C26} = {468E505A-9116-40A7-92D4-F7A4A197F92D}
		{03A8B4D5-3EF5-4C2B-A3B4-18D7D480D595} = {B2537BB1-4D07-44ED-8283-7036FF8778A8}
		{2073EDAE-200D-4AC7-910E-3CAA318E99FB} = {ED0D20B9-5620-430E-86E6-6804526B066B}
		{EE96A232-3405-40C5-9A78-CFB3930E09C4} = {6FE586C5-1AD7-4519-8B57-7C64FFE94392}
		{E27F3C9C-BC6A-4728-B359-98AA15A47FC0} = {CA6946AA-D9E6-4745-AACB-1436619E81F0}
		{507391DA-0BE9-4C11-9A0B-F1EA027ECA5B} = {33ABC639-F737-469B-B4BC-AB48F3104B26}
		{9D2B230B-306F-4950-9855-602B104D57D7} = {E160AF74-7D20-4CE8-AFA7-995160522C01}
		{1E973864-54B2-4365-A552-87FEC02C463D} = {19F31E2B-A8C9-46A1-A35B-5F097826CCF8}
		{09912465-F86F-4B56-BBC3-28F39ED8939D} = {4D0AEDF9-FDB5-41AF-A653-DFA4F02412B0}
		{5DFCEC97-72D3-4A85-B7ED-A43CEE9A6386} = {36141E55-C9CE-4A9F-8FC2-F79366E7F6BC}
		{B35970FF-D378-4BCB-AE2D-F6B8E3F44431} = {85120CE1-65B4-446B-9829-44DDF32A1B85}
		{841E50CC-E65C-45CB-9799-F5A0D2F819EB} = {FD7DA050-B8E2-4DBF-9058-E046FCA180FC}
	EndGlobalSection
EndGlobal
