
Microsoft Visual Studio Solution File, Format Version 11.00
# Visual Studio 2010
Project("{FAE04EC0-301F-11D3-BF4B-00C04F79EFBC}") = "UpdateFile", "UpdateFile\UpdateFile.csproj", "{62457E34-93BA-4134-8B6D-2859E2391946}"
EndProject
Project("{FAE04EC0-301F-11D3-BF4B-00C04F79EFBC}") = "UpdateDirectory", "UpdateDirectory\UpdateDirectory.csproj", "{29113777-6047-4D54-873A-F0F0B0C50D03}"
EndProject
Project("{FAE04EC0-301F-11D3-BF4B-00C04F79EFBC}") = "GetDirectories", "GetDirectories\GetDirectories.csproj", "{D6138B3A-14D1-4C90-AE47-F1282026E911}"
EndProject
Project("{FAE04EC0-301F-11D3-BF4B-00C04F79EFBC}") = "FileStatistics", "FileStatistics\FileStatistics.csproj", "{6E8B13E4-A35F-49BF-92B8-B7A285762CF5}"
EndProject
Project("{FAE04EC0-301F-11D3-BF4B-00C04F79EFBC}") = "Rename", "Rename\Rename.csproj", "{7C239885-D514-4A95-87E7-C577CD6BE5F3}"
EndProject
Project("{FAE04EC0-301F-11D3-BF4B-00C04F79EFBC}") = "FileSegment", "FileSegment\FileSegment.csproj", "{20EED086-9817-4848-BDDB-E9A268FF90FE}"
EndProject
Project("{FAE04EC0-301F-11D3-BF4B-00C04F79EFBC}") = "FileCombine", "FileCombine\FileCombine.csproj", "{8D7F0872-08D7-47E9-8873-F92552B9EA45}"
EndProject
Project("{FAE04EC0-301F-11D3-BF4B-00C04F79EFBC}") = "FileEncrypt", "FileEncrypt\FileEncrypt.csproj", "{F2F83E8C-BB50-4A2F-8E10-0BEFD169DA21}"
EndProject
Project("{FAE04EC0-301F-11D3-BF4B-00C04F79EFBC}") = "FileDecrypt", "FileDecrypt\FileDecrypt.csproj", "{D6FBFE8B-0B51-4382-A47F-D144208F855D}"
EndProject
Project("{FAE04EC0-301F-11D3-BF4B-00C04F79EFBC}") = "BinaryCompare", "BinaryCompare\BinaryCompare.csproj", "{1950A6CC-BA95-4E96-8FFE-305F8DFFF5BD}"
EndProject
Project("{FAE04EC0-301F-11D3-BF4B-00C04F79EFBC}") = "ReadWriteXML", "ReadWriteXML\ReadWriteXML.csproj", "{7D3886C8-D957-4C04-B135-9626FA8783E0}"
EndProject
Project("{FAE04EC0-301F-11D3-BF4B-00C04F79EFBC}") = "CreateXML", "CreateXML\CreateXML.csproj", "{4C3272D9-B4FC-41F0-BDDA-594D444BB835}"
EndProject
Project("{FAE04EC0-301F-11D3-BF4B-00C04F79EFBC}") = "FileWatcher", "FileWatcher\FileWatcher.csproj", "{E0917F23-5D15-49C9-9C01-98D8D414A2A4}"
EndProject
Project("{FAE04EC0-301F-11D3-BF4B-00C04F79EFBC}") = "FileCompress", "FileCompress\FileCompress.csproj", "{158849AC-5987-46C9-843A-0C7A77ECC34F}"
EndProject
Project("{FAE04EC0-301F-11D3-BF4B-00C04F79EFBC}") = "FileDecompress", "FileDecompress\FileDecompress.csproj", "{9E61FC11-BF38-4DC6-92D9-5DBF5239DDEA}"
EndProject
Project("{2150E333-8FDC-42A3-9474-1A3956D46DE8}") = "实例157  开启文件隐藏属性", "实例157  开启文件隐藏属性", "{DAC45258-B4D1-424D-B1E2-F93824D8AEBD}"
EndProject
Project("{2150E333-8FDC-42A3-9474-1A3956D46DE8}") = "实例158  开启文件夹只读属性", "实例158  开启文件夹只读属性", "{A9C8576F-AA20-414A-8F78-14442B4AB632}"
EndProject
Project("{2150E333-8FDC-42A3-9474-1A3956D46DE8}") = "实例159  输出子文件夹路径", "实例159  输出子文件夹路径", "{9D7A5869-5CD0-4DCD-96EF-873C1950DA88}"
EndProject
Project("{2150E333-8FDC-42A3-9474-1A3956D46DE8}") = "实例160  统计文件数目", "实例160  统计文件数目", "{AA73A410-13AC-4271-BA15-92C2634BFB4A}"
EndProject
Project("{2150E333-8FDC-42A3-9474-1A3956D46DE8}") = "实例161  批量重命名文件", "实例161  批量重命名文件", "{637C168A-2579-499E-9A27-C00874EF9C10}"
EndProject
Project("{2150E333-8FDC-42A3-9474-1A3956D46DE8}") = "实例162  分割文件", "实例162  分割文件", "{12E08D6B-8A40-45A4-9042-61B1F6AB0D4F}"
EndProject
Project("{2150E333-8FDC-42A3-9474-1A3956D46DE8}") = "实例163  拼接文件", "实例163  拼接文件", "{A0615935-EA15-43EE-9F1E-6B1922B889E9}"
EndProject
Project("{2150E333-8FDC-42A3-9474-1A3956D46DE8}") = "实例164  加密文件", "实例164  加密文件", "{998C8EBA-4098-437D-A62C-365AC2018448}"
EndProject
Project("{2150E333-8FDC-42A3-9474-1A3956D46DE8}") = "实例165  解密文件", "实例165  解密文件", "{F090318F-E5E0-4EAC-B7D3-353A33522357}"
EndProject
Project("{2150E333-8FDC-42A3-9474-1A3956D46DE8}") = "实例166  二进制比较文件", "实例166  二进制比较文件", "{FB8BDDF4-C05D-4C11-8744-BCE1F9859615}"
EndProject
Project("{2150E333-8FDC-42A3-9474-1A3956D46DE8}") = "实例167  创建XML文档", "实例167  创建XML文档", "{C21DDF9A-F6DE-473D-8D04-74F03E584905}"
EndProject
Project("{2150E333-8FDC-42A3-9474-1A3956D46DE8}") = "实例168  读写XML文档", "实例168  读写XML文档", "{182F3973-8E3C-4AE4-879A-8C98AE54AE12}"
EndProject
Project("{2150E333-8FDC-42A3-9474-1A3956D46DE8}") = "实例169  监控文件", "实例169  监控文件", "{FCD3B287-7648-4523-9952-C7F684432681}"
EndProject
Project("{2150E333-8FDC-42A3-9474-1A3956D46DE8}") = "实例170  压缩文件", "实例170  压缩文件", "{4C447207-A2BA-4FD3-B5B6-0C3875E1B49E}"
EndProject
Project("{2150E333-8FDC-42A3-9474-1A3956D46DE8}") = "实例171  解压缩文件", "实例171  解压缩文件", "{51225F56-0176-41BA-9F10-43EA586B1926}"
EndProject
Global
	GlobalSection(SolutionConfigurationPlatforms) = preSolution
		Debug|x86 = Debug|x86
		Release|x86 = Release|x86
	EndGlobalSection
	GlobalSection(ProjectConfigurationPlatforms) = postSolution
		{62457E34-93BA-4134-8B6D-2859E2391946}.Debug|x86.ActiveCfg = Debug|x86
		{62457E34-93BA-4134-8B6D-2859E2391946}.Debug|x86.Build.0 = Debug|x86
		{62457E34-93BA-4134-8B6D-2859E2391946}.Release|x86.ActiveCfg = Release|x86
		{62457E34-93BA-4134-8B6D-2859E2391946}.Release|x86.Build.0 = Release|x86
		{29113777-6047-4D54-873A-F0F0B0C50D03}.Debug|x86.ActiveCfg = Debug|x86
		{29113777-6047-4D54-873A-F0F0B0C50D03}.Debug|x86.Build.0 = Debug|x86
		{29113777-6047-4D54-873A-F0F0B0C50D03}.Release|x86.ActiveCfg = Release|x86
		{29113777-6047-4D54-873A-F0F0B0C50D03}.Release|x86.Build.0 = Release|x86
		{D6138B3A-14D1-4C90-AE47-F1282026E911}.Debug|x86.ActiveCfg = Debug|x86
		{D6138B3A-14D1-4C90-AE47-F1282026E911}.Debug|x86.Build.0 = Debug|x86
		{D6138B3A-14D1-4C90-AE47-F1282026E911}.Release|x86.ActiveCfg = Release|x86
		{D6138B3A-14D1-4C90-AE47-F1282026E911}.Release|x86.Build.0 = Release|x86
		{6E8B13E4-A35F-49BF-92B8-B7A285762CF5}.Debug|x86.ActiveCfg = Debug|x86
		{6E8B13E4-A35F-49BF-92B8-B7A285762CF5}.Debug|x86.Build.0 = Debug|x86
		{6E8B13E4-A35F-49BF-92B8-B7A285762CF5}.Release|x86.ActiveCfg = Release|x86
		{6E8B13E4-A35F-49BF-92B8-B7A285762CF5}.Release|x86.Build.0 = Release|x86
		{7C239885-D514-4A95-87E7-C577CD6BE5F3}.Debug|x86.ActiveCfg = Debug|x86
		{7C239885-D514-4A95-87E7-C577CD6BE5F3}.Debug|x86.Build.0 = Debug|x86
		{7C239885-D514-4A95-87E7-C577CD6BE5F3}.Release|x86.ActiveCfg = Release|x86
		{7C239885-D514-4A95-87E7-C577CD6BE5F3}.Release|x86.Build.0 = Release|x86
		{20EED086-9817-4848-BDDB-E9A268FF90FE}.Debug|x86.ActiveCfg = Debug|x86
		{20EED086-9817-4848-BDDB-E9A268FF90FE}.Debug|x86.Build.0 = Debug|x86
		{20EED086-9817-4848-BDDB-E9A268FF90FE}.Release|x86.ActiveCfg = Release|x86
		{20EED086-9817-4848-BDDB-E9A268FF90FE}.Release|x86.Build.0 = Release|x86
		{8D7F0872-08D7-47E9-8873-F92552B9EA45}.Debug|x86.ActiveCfg = Debug|x86
		{8D7F0872-08D7-47E9-8873-F92552B9EA45}.Debug|x86.Build.0 = Debug|x86
		{8D7F0872-08D7-47E9-8873-F92552B9EA45}.Release|x86.ActiveCfg = Release|x86
		{8D7F0872-08D7-47E9-8873-F92552B9EA45}.Release|x86.Build.0 = Release|x86
		{F2F83E8C-BB50-4A2F-8E10-0BEFD169DA21}.Debug|x86.ActiveCfg = Debug|x86
		{F2F83E8C-BB50-4A2F-8E10-0BEFD169DA21}.Debug|x86.Build.0 = Debug|x86
		{F2F83E8C-BB50-4A2F-8E10-0BEFD169DA21}.Release|x86.ActiveCfg = Release|x86
		{F2F83E8C-BB50-4A2F-8E10-0BEFD169DA21}.Release|x86.Build.0 = Release|x86
		{D6FBFE8B-0B51-4382-A47F-D144208F855D}.Debug|x86.ActiveCfg = Debug|x86
		{D6FBFE8B-0B51-4382-A47F-D144208F855D}.Debug|x86.Build.0 = Debug|x86
		{D6FBFE8B-0B51-4382-A47F-D144208F855D}.Release|x86.ActiveCfg = Release|x86
		{D6FBFE8B-0B51-4382-A47F-D144208F855D}.Release|x86.Build.0 = Release|x86
		{1950A6CC-BA95-4E96-8FFE-305F8DFFF5BD}.Debug|x86.ActiveCfg = Debug|x86
		{1950A6CC-BA95-4E96-8FFE-305F8DFFF5BD}.Debug|x86.Build.0 = Debug|x86
		{1950A6CC-BA95-4E96-8FFE-305F8DFFF5BD}.Release|x86.ActiveCfg = Release|x86
		{1950A6CC-BA95-4E96-8FFE-305F8DFFF5BD}.Release|x86.Build.0 = Release|x86
		{7D3886C8-D957-4C04-B135-9626FA8783E0}.Debug|x86.ActiveCfg = Debug|x86
		{7D3886C8-D957-4C04-B135-9626FA8783E0}.Debug|x86.Build.0 = Debug|x86
		{7D3886C8-D957-4C04-B135-9626FA8783E0}.Release|x86.ActiveCfg = Release|x86
		{7D3886C8-D957-4C04-B135-9626FA8783E0}.Release|x86.Build.0 = Release|x86
		{4C3272D9-B4FC-41F0-BDDA-594D444BB835}.Debug|x86.ActiveCfg = Debug|x86
		{4C3272D9-B4FC-41F0-BDDA-594D444BB835}.Debug|x86.Build.0 = Debug|x86
		{4C3272D9-B4FC-41F0-BDDA-594D444BB835}.Release|x86.ActiveCfg = Release|x86
		{4C3272D9-B4FC-41F0-BDDA-594D444BB835}.Release|x86.Build.0 = Release|x86
		{E0917F23-5D15-49C9-9C01-98D8D414A2A4}.Debug|x86.ActiveCfg = Debug|x86
		{E0917F23-5D15-49C9-9C01-98D8D414A2A4}.Debug|x86.Build.0 = Debug|x86
		{E0917F23-5D15-49C9-9C01-98D8D414A2A4}.Release|x86.ActiveCfg = Release|x86
		{E0917F23-5D15-49C9-9C01-98D8D414A2A4}.Release|x86.Build.0 = Release|x86
		{158849AC-5987-46C9-843A-0C7A77ECC34F}.Debug|x86.ActiveCfg = Debug|x86
		{158849AC-5987-46C9-843A-0C7A77ECC34F}.Debug|x86.Build.0 = Debug|x86
		{158849AC-5987-46C9-843A-0C7A77ECC34F}.Release|x86.ActiveCfg = Release|x86
		{158849AC-5987-46C9-843A-0C7A77ECC34F}.Release|x86.Build.0 = Release|x86
		{9E61FC11-BF38-4DC6-92D9-5DBF5239DDEA}.Debug|x86.ActiveCfg = Debug|x86
		{9E61FC11-BF38-4DC6-92D9-5DBF5239DDEA}.Debug|x86.Build.0 = Debug|x86
		{9E61FC11-BF38-4DC6-92D9-5DBF5239DDEA}.Release|x86.ActiveCfg = Release|x86
		{9E61FC11-BF38-4DC6-92D9-5DBF5239DDEA}.Release|x86.Build.0 = Release|x86
	EndGlobalSection
	GlobalSection(SolutionProperties) = preSolution
		HideSolutionNode = FALSE
	EndGlobalSection
	GlobalSection(NestedProjects) = preSolution
		{62457E34-93BA-4134-8B6D-2859E2391946} = {DAC45258-B4D1-424D-B1E2-F93824D8AEBD}
		{29113777-6047-4D54-873A-F0F0B0C50D03} = {A9C8576F-AA20-414A-8F78-14442B4AB632}
		{D6138B3A-14D1-4C90-AE47-F1282026E911} = {9D7A5869-5CD0-4DCD-96EF-873C1950DA88}
		{6E8B13E4-A35F-49BF-92B8-B7A285762CF5} = {AA73A410-13AC-4271-BA15-92C2634BFB4A}
		{7C239885-D514-4A95-87E7-C577CD6BE5F3} = {637C168A-2579-499E-9A27-C00874EF9C10}
		{20EED086-9817-4848-BDDB-E9A268FF90FE} = {12E08D6B-8A40-45A4-9042-61B1F6AB0D4F}
		{8D7F0872-08D7-47E9-8873-F92552B9EA45} = {A0615935-EA15-43EE-9F1E-6B1922B889E9}
		{F2F83E8C-BB50-4A2F-8E10-0BEFD169DA21} = {998C8EBA-4098-437D-A62C-365AC2018448}
		{D6FBFE8B-0B51-4382-A47F-D144208F855D} = {F090318F-E5E0-4EAC-B7D3-353A33522357}
		{1950A6CC-BA95-4E96-8FFE-305F8DFFF5BD} = {FB8BDDF4-C05D-4C11-8744-BCE1F9859615}
		{4C3272D9-B4FC-41F0-BDDA-594D444BB835} = {C21DDF9A-F6DE-473D-8D04-74F03E584905}
		{7D3886C8-D957-4C04-B135-9626FA8783E0} = {182F3973-8E3C-4AE4-879A-8C98AE54AE12}
		{E0917F23-5D15-49C9-9C01-98D8D414A2A4} = {FCD3B287-7648-4523-9952-C7F684432681}
		{158849AC-5987-46C9-843A-0C7A77ECC34F} = {4C447207-A2BA-4FD3-B5B6-0C3875E1B49E}
		{9E61FC11-BF38-4DC6-92D9-5DBF5239DDEA} = {51225F56-0176-41BA-9F10-43EA586B1926}
	EndGlobalSection
EndGlobal
