
Microsoft Visual Studio Solution File, Format Version 11.00
# Visual Studio 2010
Project("{FAE04EC0-301F-11D3-BF4B-00C04F79EFBC}") = "WpfApplication", "WpfApplication\WpfApplication.csproj", "{75675DDB-E320-4615-90D7-1FDDEE077929}"
EndProject
Project("{FAE04EC0-301F-11D3-BF4B-00C04F79EFBC}") = "WpfButtonChangeColor", "WpfButtonChangeColor\WpfButtonChangeColor.csproj", "{D166B61F-B94A-4AEF-BD24-88FA715A5F49}"
EndProject
Project("{FAE04EC0-301F-11D3-BF4B-00C04F79EFBC}") = "WpfStringResources", "WpfStringResources\WpfStringResources.csproj", "{A40AE011-8993-437A-B330-AB72585C2F0C}"
EndProject
Project("{FAE04EC0-301F-11D3-BF4B-00C04F79EFBC}") = "WpfButtonStyle", "WpfButtonStyle\WpfButtonStyle.csproj", "{AAAA969B-5BCC-41C5-B099-B2F32FCCFB34}"
EndProject
Project("{FAE04EC0-301F-11D3-BF4B-00C04F79EFBC}") = "WpfButtonTemplate", "WpfButtonTemplate\WpfButtonTemplate.csproj", "{41EFD1A6-CF1F-486C-BDC3-377158651B89}"
EndProject
Project("{FAE04EC0-301F-11D3-BF4B-00C04F79EFBC}") = "WpfStudentTemplate", "WpfStudentTemplate\WpfStudentTemplate.csproj", "{D9351EAF-6E61-4BBE-8E02-8E1E3FA0E267}"
EndProject
Project("{FAE04EC0-301F-11D3-BF4B-00C04F79EFBC}") = "WpfTextBinding", "TextBinding\WpfTextBinding.csproj", "{9C89458D-BF6D-403B-A559-F3BAB0E89C27}"
EndProject
Project("{FAE04EC0-301F-11D3-BF4B-00C04F79EFBC}") = "WpfButton", "WpfButton\WpfButton.csproj", "{680299AA-45EF-4A4F-A00A-0B16CD23E191}"
EndProject
Project("{FAE04EC0-301F-11D3-BF4B-00C04F79EFBC}") = "WpfButtonBrush", "WpfButtonBrush\WpfButtonBrush.csproj", "{63E80313-48B3-4793-9DD1-ABB37501E13C}"
EndProject
Project("{FAE04EC0-301F-11D3-BF4B-00C04F79EFBC}") = "WpfCombinedGeometry", "WpfCombinedGeometry\WpfCombinedGeometry.csproj", "{B2A0F710-F0FA-4FB7-BA11-7F01AC026555}"
EndProject
Project("{FAE04EC0-301F-11D3-BF4B-00C04F79EFBC}") = "WpfViewport3D", "WpfViewport3D\WpfViewport3D.csproj", "{D54F86C0-D3C3-4715-8CA4-CB5D74D78CE9}"
EndProject
Project("{2150E333-8FDC-42A3-9474-1A3956D46DE8}") = "实例228  创建WPF应用程序", "实例228  创建WPF应用程序", "{E20B8DD8-C2E4-4B0F-91EB-96A3ED291E8D}"
EndProject
Project("{2150E333-8FDC-42A3-9474-1A3956D46DE8}") = "实例229  通过按钮修改窗体的颜色", "实例229  通过按钮修改窗体的颜色", "{0C527FF9-32B8-4099-8792-79AEF899667F}"
EndProject
Project("{2150E333-8FDC-42A3-9474-1A3956D46DE8}") = "实例230  在窗体上显示字符串资源", "实例230  在窗体上显示字符串资源", "{FEF8C5F7-8D6D-463F-8CA6-123A2B0D8608}"
EndProject
Project("{2150E333-8FDC-42A3-9474-1A3956D46DE8}") = "实例231  实现文本控件的互相绑定", "实例231  实现文本控件的互相绑定", "{CEF93294-B81B-472E-952A-90D0E904467E}"
EndProject
Project("{2150E333-8FDC-42A3-9474-1A3956D46DE8}") = "实例232  实现不同样式的按钮", "实例232  实现不同样式的按钮", "{D9E335B3-C1BA-4E7E-9ECE-2C73E2CA253B}"
EndProject
Project("{2150E333-8FDC-42A3-9474-1A3956D46DE8}") = "实例233  利用按钮模板实现自定义按钮", "实例233  利用按钮模板实现自定义按钮", "{F4E57D2F-71B7-4CCA-A441-86D7830D5C03}"
EndProject
Project("{2150E333-8FDC-42A3-9474-1A3956D46DE8}") = "实例234  利用数据模板显示学生信息列表", "实例234  利用数据模板显示学生信息列表", "{55082F57-5BB2-4187-8319-DD60CAA6E84D}"
EndProject
Project("{2150E333-8FDC-42A3-9474-1A3956D46DE8}") = "实例235  实现几种不同单击事件的按钮", "实例235  实现几种不同单击事件的按钮", "{B58D56B2-9BA3-455B-B293-BD6D47DE1EEE}"
EndProject
Project("{2150E333-8FDC-42A3-9474-1A3956D46DE8}") = "实例236  利用画刷实现炫丽的按钮", "实例236  利用画刷实现炫丽的按钮", "{59FC69E0-5497-4162-99B2-818ECED4C42E}"
EndProject
Project("{2150E333-8FDC-42A3-9474-1A3956D46DE8}") = "实例237  实现两个形状的多种组合", "实例237  实现两个形状的多种组合", "{5814E6B4-0457-4EF7-AD5B-81D099F32CCA}"
EndProject
Project("{2150E333-8FDC-42A3-9474-1A3956D46DE8}") = "实例238  实现鼠标控制3D立方体", "实例238  实现鼠标控制3D立方体", "{69ABB364-B47D-4BA7-9C10-4658537295AD}"
EndProject
Global
	GlobalSection(SolutionConfigurationPlatforms) = preSolution
		Debug|x86 = Debug|x86
		Release|x86 = Release|x86
	EndGlobalSection
	GlobalSection(ProjectConfigurationPlatforms) = postSolution
		{75675DDB-E320-4615-90D7-1FDDEE077929}.Debug|x86.ActiveCfg = Debug|x86
		{75675DDB-E320-4615-90D7-1FDDEE077929}.Debug|x86.Build.0 = Debug|x86
		{75675DDB-E320-4615-90D7-1FDDEE077929}.Release|x86.ActiveCfg = Release|x86
		{75675DDB-E320-4615-90D7-1FDDEE077929}.Release|x86.Build.0 = Release|x86
		{D166B61F-B94A-4AEF-BD24-88FA715A5F49}.Debug|x86.ActiveCfg = Debug|x86
		{D166B61F-B94A-4AEF-BD24-88FA715A5F49}.Debug|x86.Build.0 = Debug|x86
		{D166B61F-B94A-4AEF-BD24-88FA715A5F49}.Release|x86.ActiveCfg = Release|x86
		{D166B61F-B94A-4AEF-BD24-88FA715A5F49}.Release|x86.Build.0 = Release|x86
		{A40AE011-8993-437A-B330-AB72585C2F0C}.Debug|x86.ActiveCfg = Debug|x86
		{A40AE011-8993-437A-B330-AB72585C2F0C}.Debug|x86.Build.0 = Debug|x86
		{A40AE011-8993-437A-B330-AB72585C2F0C}.Release|x86.ActiveCfg = Release|x86
		{A40AE011-8993-437A-B330-AB72585C2F0C}.Release|x86.Build.0 = Release|x86
		{AAAA969B-5BCC-41C5-B099-B2F32FCCFB34}.Debug|x86.ActiveCfg = Debug|x86
		{AAAA969B-5BCC-41C5-B099-B2F32FCCFB34}.Debug|x86.Build.0 = Debug|x86
		{AAAA969B-5BCC-41C5-B099-B2F32FCCFB34}.Release|x86.ActiveCfg = Release|x86
		{AAAA969B-5BCC-41C5-B099-B2F32FCCFB34}.Release|x86.Build.0 = Release|x86
		{41EFD1A6-CF1F-486C-BDC3-377158651B89}.Debug|x86.ActiveCfg = Debug|x86
		{41EFD1A6-CF1F-486C-BDC3-377158651B89}.Debug|x86.Build.0 = Debug|x86
		{41EFD1A6-CF1F-486C-BDC3-377158651B89}.Release|x86.ActiveCfg = Release|x86
		{41EFD1A6-CF1F-486C-BDC3-377158651B89}.Release|x86.Build.0 = Release|x86
		{D9351EAF-6E61-4BBE-8E02-8E1E3FA0E267}.Debug|x86.ActiveCfg = Debug|x86
		{D9351EAF-6E61-4BBE-8E02-8E1E3FA0E267}.Debug|x86.Build.0 = Debug|x86
		{D9351EAF-6E61-4BBE-8E02-8E1E3FA0E267}.Release|x86.ActiveCfg = Release|x86
		{D9351EAF-6E61-4BBE-8E02-8E1E3FA0E267}.Release|x86.Build.0 = Release|x86
		{9C89458D-BF6D-403B-A559-F3BAB0E89C27}.Debug|x86.ActiveCfg = Debug|x86
		{9C89458D-BF6D-403B-A559-F3BAB0E89C27}.Debug|x86.Build.0 = Debug|x86
		{9C89458D-BF6D-403B-A559-F3BAB0E89C27}.Release|x86.ActiveCfg = Release|x86
		{9C89458D-BF6D-403B-A559-F3BAB0E89C27}.Release|x86.Build.0 = Release|x86
		{680299AA-45EF-4A4F-A00A-0B16CD23E191}.Debug|x86.ActiveCfg = Debug|x86
		{680299AA-45EF-4A4F-A00A-0B16CD23E191}.Debug|x86.Build.0 = Debug|x86
		{680299AA-45EF-4A4F-A00A-0B16CD23E191}.Release|x86.ActiveCfg = Release|x86
		{680299AA-45EF-4A4F-A00A-0B16CD23E191}.Release|x86.Build.0 = Release|x86
		{63E80313-48B3-4793-9DD1-ABB37501E13C}.Debug|x86.ActiveCfg = Debug|x86
		{63E80313-48B3-4793-9DD1-ABB37501E13C}.Debug|x86.Build.0 = Debug|x86
		{63E80313-48B3-4793-9DD1-ABB37501E13C}.Release|x86.ActiveCfg = Release|x86
		{63E80313-48B3-4793-9DD1-ABB37501E13C}.Release|x86.Build.0 = Release|x86
		{B2A0F710-F0FA-4FB7-BA11-7F01AC026555}.Debug|x86.ActiveCfg = Debug|x86
		{B2A0F710-F0FA-4FB7-BA11-7F01AC026555}.Debug|x86.Build.0 = Debug|x86
		{B2A0F710-F0FA-4FB7-BA11-7F01AC026555}.Release|x86.ActiveCfg = Release|x86
		{B2A0F710-F0FA-4FB7-BA11-7F01AC026555}.Release|x86.Build.0 = Release|x86
		{D54F86C0-D3C3-4715-8CA4-CB5D74D78CE9}.Debug|x86.ActiveCfg = Debug|x86
		{D54F86C0-D3C3-4715-8CA4-CB5D74D78CE9}.Debug|x86.Build.0 = Debug|x86
		{D54F86C0-D3C3-4715-8CA4-CB5D74D78CE9}.Release|x86.ActiveCfg = Release|x86
		{D54F86C0-D3C3-4715-8CA4-CB5D74D78CE9}.Release|x86.Build.0 = Release|x86
	EndGlobalSection
	GlobalSection(SolutionProperties) = preSolution
		HideSolutionNode = FALSE
	EndGlobalSection
	GlobalSection(NestedProjects) = preSolution
		{75675DDB-E320-4615-90D7-1FDDEE077929} = {E20B8DD8-C2E4-4B0F-91EB-96A3ED291E8D}
		{D166B61F-B94A-4AEF-BD24-88FA715A5F49} = {0C527FF9-32B8-4099-8792-79AEF899667F}
		{A40AE011-8993-437A-B330-AB72585C2F0C} = {FEF8C5F7-8D6D-463F-8CA6-123A2B0D8608}
		{9C89458D-BF6D-403B-A559-F3BAB0E89C27} = {CEF93294-B81B-472E-952A-90D0E904467E}
		{AAAA969B-5BCC-41C5-B099-B2F32FCCFB34} = {D9E335B3-C1BA-4E7E-9ECE-2C73E2CA253B}
		{41EFD1A6-CF1F-486C-BDC3-377158651B89} = {F4E57D2F-71B7-4CCA-A441-86D7830D5C03}
		{D9351EAF-6E61-4BBE-8E02-8E1E3FA0E267} = {55082F57-5BB2-4187-8319-DD60CAA6E84D}
		{680299AA-45EF-4A4F-A00A-0B16CD23E191} = {B58D56B2-9BA3-455B-B293-BD6D47DE1EEE}
		{63E80313-48B3-4793-9DD1-ABB37501E13C} = {59FC69E0-5497-4162-99B2-818ECED4C42E}
		{B2A0F710-F0FA-4FB7-BA11-7F01AC026555} = {5814E6B4-0457-4EF7-AD5B-81D099F32CCA}
		{D54F86C0-D3C3-4715-8CA4-CB5D74D78CE9} = {69ABB364-B47D-4BA7-9C10-4658537295AD}
	EndGlobalSection
EndGlobal
