
Microsoft Visual Studio Solution File, Format Version 11.00
# Visual Studio 2010
Project("{FAE04EC0-301F-11D3-BF4B-00C04F79EFBC}") = "SequenceList", "SequenceList\SequenceList.csproj", "{5E4E359B-F395-4636-97B5-A45FC10E2B36}"
EndProject
Project("{FAE04EC0-301F-11D3-BF4B-00C04F79EFBC}") = "LinkList", "LinkList\LinkList.csproj", "{8340E6BD-C5BD-4FE4-AE44-075E6A150FB5}"
EndProject
Project("{FAE04EC0-301F-11D3-BF4B-00C04F79EFBC}") = "LinkStack", "LinkStack\LinkStack.csproj", "{F11A7008-3B9D-49E6-9E37-9B50C03387C6}"
EndProject
Project("{FAE04EC0-301F-11D3-BF4B-00C04F79EFBC}") = "LinkQueue", "LinkQueue\LinkQueue.csproj", "{77F5C18F-0378-465E-83C1-C8CD7CBB5462}"
EndProject
Project("{FAE04EC0-301F-11D3-BF4B-00C04F79EFBC}") = "Tree", "Tree\Tree.csproj", "{EB3B3AC1-1B63-4916-9621-16E59AFAC7DC}"
EndProject
Project("{FAE04EC0-301F-11D3-BF4B-00C04F79EFBC}") = "Graph", "Graph\Graph.csproj", "{89F6BA2C-0DD9-4CF8-BF98-78FF2D7311A1}"
EndProject
Project("{FAE04EC0-301F-11D3-BF4B-00C04F79EFBC}") = "InsertSort", "InsertSort\InsertSort.csproj", "{9CDC9106-5F19-42F8-9924-CACD23DBEAA6}"
EndProject
Project("{FAE04EC0-301F-11D3-BF4B-00C04F79EFBC}") = "ShellSort", "ShellSort\ShellSort.csproj", "{341D3F5C-FC68-43F2-A0E5-14E223692061}"
EndProject
Project("{FAE04EC0-301F-11D3-BF4B-00C04F79EFBC}") = "BubbleSort", "BubbleSort\BubbleSort.csproj", "{02C26080-D2F6-4A81-88CF-539FC0DCDF61}"
EndProject
Project("{FAE04EC0-301F-11D3-BF4B-00C04F79EFBC}") = "QuickSort", "QuickSort\QuickSort.csproj", "{C55185E4-8DE6-4798-A1A7-4B3B63F09950}"
EndProject
Project("{FAE04EC0-301F-11D3-BF4B-00C04F79EFBC}") = "SelectSort", "SelectSort\SelectSort.csproj", "{09A3B6A1-A827-456F-8E40-8D0A12911AB2}"
EndProject
Project("{FAE04EC0-301F-11D3-BF4B-00C04F79EFBC}") = "HeapSort", "HeapSort\HeapSort.csproj", "{6CCA7D70-D025-4924-ADE7-05EB39CF1F49}"
EndProject
Project("{FAE04EC0-301F-11D3-BF4B-00C04F79EFBC}") = "MergeSort", "MergeSort\MergeSort.csproj", "{3F207457-D40F-4C12-A381-0B4EB55A6894}"
EndProject
Project("{FAE04EC0-301F-11D3-BF4B-00C04F79EFBC}") = "RadixSort", "RadixSort\RadixSort.csproj", "{CAE2B284-D3FE-46C6-B209-114D71ECABBD}"
EndProject
Project("{FAE04EC0-301F-11D3-BF4B-00C04F79EFBC}") = "SequnceSearch", "SequnceSearch\SequnceSearch.csproj", "{5A96BA97-B32C-4C2E-BC03-1EB67389F6A7}"
EndProject
Project("{FAE04EC0-301F-11D3-BF4B-00C04F79EFBC}") = "BinarySearch", "BinarySearch\BinarySearch.csproj", "{E41096DA-68DE-4787-90D5-6496D5F87FEF}"
EndProject
Project("{FAE04EC0-301F-11D3-BF4B-00C04F79EFBC}") = "BinarySortingTree", "BinarySortingTree\BinarySortingTree.csproj", "{53A27649-FB69-4FCA-8EE1-42D873E6A940}"
EndProject
Project("{FAE04EC0-301F-11D3-BF4B-00C04F79EFBC}") = "HashTable", "HashTable\HashTable.csproj", "{03B37767-5DA4-45C0-A660-7E0EC595F79E}"
EndProject
Project("{2150E333-8FDC-42A3-9474-1A3956D46DE8}") = "实例055  将学生信息表顺序倒置--顺序线性表", "实例055  将学生信息表顺序倒置--顺序线性表", "{D33DE4C6-1C01-46BE-9B48-A86EA74487E4}"
EndProject
Project("{2150E333-8FDC-42A3-9474-1A3956D46DE8}") = "实例056  将两个学生信息表交叉合并--单链表", "实例056  将两个学生信息表交叉合并--单链表", "{CF84F9FD-3A3E-4EB9-A1A4-B6DBC82EC45B}"
EndProject
Project("{2150E333-8FDC-42A3-9474-1A3956D46DE8}") = "实例057  将十进制数转换为八进制数--链栈", "实例057  将十进制数转换为八进制数--链栈", "{B6F44AF6-3E0E-4DCB-98F4-A916EFBA86DA}"
EndProject
Project("{2150E333-8FDC-42A3-9474-1A3956D46DE8}") = "实例058  判断一个字符串是否为回文--链队列", "实例058  判断一个字符串是否为回文--链队列", "{FA510335-D0A6-43E8-9913-FE2373036796}"
EndProject
Project("{2150E333-8FDC-42A3-9474-1A3956D46DE8}") = "实例059  将学生信息存储到二叉树中--二叉树", "实例059  将学生信息存储到二叉树中--二叉树", "{A591AA28-8ED6-4659-87C0-FC4191581224}"
EndProject
Project("{2150E333-8FDC-42A3-9474-1A3956D46DE8}") = "实例060  遍历城市网--图", "实例060  遍历城市网--图", "{2BD1D3E9-9198-48E3-82BB-C45B8146EA32}"
EndProject
Project("{2150E333-8FDC-42A3-9474-1A3956D46DE8}") = "实例061  对学生表的前十位学生成绩排序--直接插入排序", "实例061  对学生表的前十位学生成绩排序--直接插入排序", "{97E21D5C-918D-4745-A232-57A56686432E}"
EndProject
Project("{2150E333-8FDC-42A3-9474-1A3956D46DE8}") = "实例062  将学生按成绩进行希尔排序--希尔排序", "实例062  将学生按成绩进行希尔排序--希尔排序", "{01A0F9FE-9BAF-4423-8F08-79B9305C8F11}"
EndProject
Project("{2150E333-8FDC-42A3-9474-1A3956D46DE8}") = "实例063  求学生成绩的实际范围--双向冒泡排序", "实例063  求学生成绩的实际范围--双向冒泡排序", "{459313CD-A036-4215-8C3D-5DB1D1D3A5A7}"
EndProject
Project("{2150E333-8FDC-42A3-9474-1A3956D46DE8}") = "实例064  求成绩合格的学生--快速排序", "实例064  求成绩合格的学生--快速排序", "{97FC0AAA-BF32-4C2D-9598-1F5094A99668}"
EndProject
Project("{2150E333-8FDC-42A3-9474-1A3956D46DE8}") = "实例065  求成绩在前十名的学生--直接选择排序", "实例065  求成绩在前十名的学生--直接选择排序", "{35C06733-4860-4BF5-9AA9-92DD4545427A}"
EndProject
Project("{2150E333-8FDC-42A3-9474-1A3956D46DE8}") = "实例066  将学生按成绩从低到高排列--堆排序", "实例066  将学生按成绩从低到高排列--堆排序", "{9D060103-6B49-4535-A4B5-25512CC91FC8}"
EndProject
Project("{2150E333-8FDC-42A3-9474-1A3956D46DE8}") = "实例067  将学生按成绩进行归并排序--二路归并排序", "实例067  将学生按成绩进行归并排序--二路归并排序", "{27317537-495C-44A1-803B-31E3F48E0FDC}"
EndProject
Project("{2150E333-8FDC-42A3-9474-1A3956D46DE8}") = "实例068  将学生按年级和成绩进行排序--基数排序", "实例068  将学生按年级和成绩进行排序--基数排序", "{344F41BF-B289-45FE-A3E3-6C2D6B0589A4}"
EndProject
Project("{2150E333-8FDC-42A3-9474-1A3956D46DE8}") = "实例069  查找指定姓名的学生信息--顺序查找", "实例069  查找指定姓名的学生信息--顺序查找", "{6FFBE575-A9EC-45D8-A7F7-FF4BDD955CF1}"
EndProject
Project("{2150E333-8FDC-42A3-9474-1A3956D46DE8}") = "实例070  查找指定学号的学生信息--折半查找", "实例070  查找指定学号的学生信息--折半查找", "{9999E701-44AF-4AC0-8D3B-7E292415CAEC}"
EndProject
Project("{2150E333-8FDC-42A3-9474-1A3956D46DE8}") = "实例071  查询指定成绩的学生信息--二叉排序树", "实例071  查询指定成绩的学生信息--二叉排序树", "{BE07483D-212A-43CC-BD96-7D6D012B05D1}"
EndProject
Project("{2150E333-8FDC-42A3-9474-1A3956D46DE8}") = "实例072  按学生成绩构造哈希表--哈希表", "实例072  按学生成绩构造哈希表--哈希表", "{18AF16F8-55B1-4EBB-B91E-AF36A749A6CC}"
EndProject
Global
	GlobalSection(SolutionConfigurationPlatforms) = preSolution
		Debug|x86 = Debug|x86
		Release|x86 = Release|x86
	EndGlobalSection
	GlobalSection(ProjectConfigurationPlatforms) = postSolution
		{5E4E359B-F395-4636-97B5-A45FC10E2B36}.Debug|x86.ActiveCfg = Debug|x86
		{5E4E359B-F395-4636-97B5-A45FC10E2B36}.Debug|x86.Build.0 = Debug|x86
		{5E4E359B-F395-4636-97B5-A45FC10E2B36}.Release|x86.ActiveCfg = Release|x86
		{5E4E359B-F395-4636-97B5-A45FC10E2B36}.Release|x86.Build.0 = Release|x86
		{8340E6BD-C5BD-4FE4-AE44-075E6A150FB5}.Debug|x86.ActiveCfg = Debug|x86
		{8340E6BD-C5BD-4FE4-AE44-075E6A150FB5}.Debug|x86.Build.0 = Debug|x86
		{8340E6BD-C5BD-4FE4-AE44-075E6A150FB5}.Release|x86.ActiveCfg = Release|x86
		{8340E6BD-C5BD-4FE4-AE44-075E6A150FB5}.Release|x86.Build.0 = Release|x86
		{F11A7008-3B9D-49E6-9E37-9B50C03387C6}.Debug|x86.ActiveCfg = Debug|x86
		{F11A7008-3B9D-49E6-9E37-9B50C03387C6}.Debug|x86.Build.0 = Debug|x86
		{F11A7008-3B9D-49E6-9E37-9B50C03387C6}.Release|x86.ActiveCfg = Release|x86
		{F11A7008-3B9D-49E6-9E37-9B50C03387C6}.Release|x86.Build.0 = Release|x86
		{77F5C18F-0378-465E-83C1-C8CD7CBB5462}.Debug|x86.ActiveCfg = Debug|x86
		{77F5C18F-0378-465E-83C1-C8CD7CBB5462}.Debug|x86.Build.0 = Debug|x86
		{77F5C18F-0378-465E-83C1-C8CD7CBB5462}.Release|x86.ActiveCfg = Release|x86
		{77F5C18F-0378-465E-83C1-C8CD7CBB5462}.Release|x86.Build.0 = Release|x86
		{EB3B3AC1-1B63-4916-9621-16E59AFAC7DC}.Debug|x86.ActiveCfg = Debug|x86
		{EB3B3AC1-1B63-4916-9621-16E59AFAC7DC}.Debug|x86.Build.0 = Debug|x86
		{EB3B3AC1-1B63-4916-9621-16E59AFAC7DC}.Release|x86.ActiveCfg = Release|x86
		{EB3B3AC1-1B63-4916-9621-16E59AFAC7DC}.Release|x86.Build.0 = Release|x86
		{89F6BA2C-0DD9-4CF8-BF98-78FF2D7311A1}.Debug|x86.ActiveCfg = Debug|x86
		{89F6BA2C-0DD9-4CF8-BF98-78FF2D7311A1}.Debug|x86.Build.0 = Debug|x86
		{89F6BA2C-0DD9-4CF8-BF98-78FF2D7311A1}.Release|x86.ActiveCfg = Release|x86
		{89F6BA2C-0DD9-4CF8-BF98-78FF2D7311A1}.Release|x86.Build.0 = Release|x86
		{9CDC9106-5F19-42F8-9924-CACD23DBEAA6}.Debug|x86.ActiveCfg = Debug|x86
		{9CDC9106-5F19-42F8-9924-CACD23DBEAA6}.Debug|x86.Build.0 = Debug|x86
		{9CDC9106-5F19-42F8-9924-CACD23DBEAA6}.Release|x86.ActiveCfg = Release|x86
		{9CDC9106-5F19-42F8-9924-CACD23DBEAA6}.Release|x86.Build.0 = Release|x86
		{341D3F5C-FC68-43F2-A0E5-14E223692061}.Debug|x86.ActiveCfg = Debug|x86
		{341D3F5C-FC68-43F2-A0E5-14E223692061}.Debug|x86.Build.0 = Debug|x86
		{341D3F5C-FC68-43F2-A0E5-14E223692061}.Release|x86.ActiveCfg = Release|x86
		{341D3F5C-FC68-43F2-A0E5-14E223692061}.Release|x86.Build.0 = Release|x86
		{02C26080-D2F6-4A81-88CF-539FC0DCDF61}.Debug|x86.ActiveCfg = Debug|x86
		{02C26080-D2F6-4A81-88CF-539FC0DCDF61}.Debug|x86.Build.0 = Debug|x86
		{02C26080-D2F6-4A81-88CF-539FC0DCDF61}.Release|x86.ActiveCfg = Release|x86
		{02C26080-D2F6-4A81-88CF-539FC0DCDF61}.Release|x86.Build.0 = Release|x86
		{C55185E4-8DE6-4798-A1A7-4B3B63F09950}.Debug|x86.ActiveCfg = Debug|x86
		{C55185E4-8DE6-4798-A1A7-4B3B63F09950}.Debug|x86.Build.0 = Debug|x86
		{C55185E4-8DE6-4798-A1A7-4B3B63F09950}.Release|x86.ActiveCfg = Release|x86
		{C55185E4-8DE6-4798-A1A7-4B3B63F09950}.Release|x86.Build.0 = Release|x86
		{09A3B6A1-A827-456F-8E40-8D0A12911AB2}.Debug|x86.ActiveCfg = Debug|x86
		{09A3B6A1-A827-456F-8E40-8D0A12911AB2}.Debug|x86.Build.0 = Debug|x86
		{09A3B6A1-A827-456F-8E40-8D0A12911AB2}.Release|x86.ActiveCfg = Release|x86
		{09A3B6A1-A827-456F-8E40-8D0A12911AB2}.Release|x86.Build.0 = Release|x86
		{6CCA7D70-D025-4924-ADE7-05EB39CF1F49}.Debug|x86.ActiveCfg = Debug|x86
		{6CCA7D70-D025-4924-ADE7-05EB39CF1F49}.Debug|x86.Build.0 = Debug|x86
		{6CCA7D70-D025-4924-ADE7-05EB39CF1F49}.Release|x86.ActiveCfg = Release|x86
		{6CCA7D70-D025-4924-ADE7-05EB39CF1F49}.Release|x86.Build.0 = Release|x86
		{3F207457-D40F-4C12-A381-0B4EB55A6894}.Debug|x86.ActiveCfg = Debug|x86
		{3F207457-D40F-4C12-A381-0B4EB55A6894}.Debug|x86.Build.0 = Debug|x86
		{3F207457-D40F-4C12-A381-0B4EB55A6894}.Release|x86.ActiveCfg = Release|x86
		{3F207457-D40F-4C12-A381-0B4EB55A6894}.Release|x86.Build.0 = Release|x86
		{CAE2B284-D3FE-46C6-B209-114D71ECABBD}.Debug|x86.ActiveCfg = Debug|x86
		{CAE2B284-D3FE-46C6-B209-114D71ECABBD}.Debug|x86.Build.0 = Debug|x86
		{CAE2B284-D3FE-46C6-B209-114D71ECABBD}.Release|x86.ActiveCfg = Release|x86
		{CAE2B284-D3FE-46C6-B209-114D71ECABBD}.Release|x86.Build.0 = Release|x86
		{5A96BA97-B32C-4C2E-BC03-1EB67389F6A7}.Debug|x86.ActiveCfg = Debug|x86
		{5A96BA97-B32C-4C2E-BC03-1EB67389F6A7}.Debug|x86.Build.0 = Debug|x86
		{5A96BA97-B32C-4C2E-BC03-1EB67389F6A7}.Release|x86.ActiveCfg = Release|x86
		{5A96BA97-B32C-4C2E-BC03-1EB67389F6A7}.Release|x86.Build.0 = Release|x86
		{E41096DA-68DE-4787-90D5-6496D5F87FEF}.Debug|x86.ActiveCfg = Debug|x86
		{E41096DA-68DE-4787-90D5-6496D5F87FEF}.Debug|x86.Build.0 = Debug|x86
		{E41096DA-68DE-4787-90D5-6496D5F87FEF}.Release|x86.ActiveCfg = Release|x86
		{E41096DA-68DE-4787-90D5-6496D5F87FEF}.Release|x86.Build.0 = Release|x86
		{53A27649-FB69-4FCA-8EE1-42D873E6A940}.Debug|x86.ActiveCfg = Debug|x86
		{53A27649-FB69-4FCA-8EE1-42D873E6A940}.Debug|x86.Build.0 = Debug|x86
		{53A27649-FB69-4FCA-8EE1-42D873E6A940}.Release|x86.ActiveCfg = Release|x86
		{53A27649-FB69-4FCA-8EE1-42D873E6A940}.Release|x86.Build.0 = Release|x86
		{03B37767-5DA4-45C0-A660-7E0EC595F79E}.Debug|x86.ActiveCfg = Debug|x86
		{03B37767-5DA4-45C0-A660-7E0EC595F79E}.Debug|x86.Build.0 = Debug|x86
		{03B37767-5DA4-45C0-A660-7E0EC595F79E}.Release|x86.ActiveCfg = Release|x86
		{03B37767-5DA4-45C0-A660-7E0EC595F79E}.Release|x86.Build.0 = Release|x86
	EndGlobalSection
	GlobalSection(SolutionProperties) = preSolution
		HideSolutionNode = FALSE
	EndGlobalSection
	GlobalSection(NestedProjects) = preSolution
		{5E4E359B-F395-4636-97B5-A45FC10E2B36} = {D33DE4C6-1C01-46BE-9B48-A86EA74487E4}
		{8340E6BD-C5BD-4FE4-AE44-075E6A150FB5} = {CF84F9FD-3A3E-4EB9-A1A4-B6DBC82EC45B}
		{F11A7008-3B9D-49E6-9E37-9B50C03387C6} = {B6F44AF6-3E0E-4DCB-98F4-A916EFBA86DA}
		{77F5C18F-0378-465E-83C1-C8CD7CBB5462} = {FA510335-D0A6-43E8-9913-FE2373036796}
		{EB3B3AC1-1B63-4916-9621-16E59AFAC7DC} = {A591AA28-8ED6-4659-87C0-FC4191581224}
		{89F6BA2C-0DD9-4CF8-BF98-78FF2D7311A1} = {2BD1D3E9-9198-48E3-82BB-C45B8146EA32}
		{9CDC9106-5F19-42F8-9924-CACD23DBEAA6} = {97E21D5C-918D-4745-A232-57A56686432E}
		{341D3F5C-FC68-43F2-A0E5-14E223692061} = {01A0F9FE-9BAF-4423-8F08-79B9305C8F11}
		{02C26080-D2F6-4A81-88CF-539FC0DCDF61} = {459313CD-A036-4215-8C3D-5DB1D1D3A5A7}
		{C55185E4-8DE6-4798-A1A7-4B3B63F09950} = {97FC0AAA-BF32-4C2D-9598-1F5094A99668}
		{09A3B6A1-A827-456F-8E40-8D0A12911AB2} = {35C06733-4860-4BF5-9AA9-92DD4545427A}
		{6CCA7D70-D025-4924-ADE7-05EB39CF1F49} = {9D060103-6B49-4535-A4B5-25512CC91FC8}
		{3F207457-D40F-4C12-A381-0B4EB55A6894} = {27317537-495C-44A1-803B-31E3F48E0FDC}
		{CAE2B284-D3FE-46C6-B209-114D71ECABBD} = {344F41BF-B289-45FE-A3E3-6C2D6B0589A4}
		{5A96BA97-B32C-4C2E-BC03-1EB67389F6A7} = {6FFBE575-A9EC-45D8-A7F7-FF4BDD955CF1}
		{E41096DA-68DE-4787-90D5-6496D5F87FEF} = {9999E701-44AF-4AC0-8D3B-7E292415CAEC}
		{53A27649-FB69-4FCA-8EE1-42D873E6A940} = {BE07483D-212A-43CC-BD96-7D6D012B05D1}
		{03B37767-5DA4-45C0-A660-7E0EC595F79E} = {18AF16F8-55B1-4EBB-B91E-AF36A749A6CC}
	EndGlobalSection
EndGlobal
