
Microsoft Visual Studio Solution File, Format Version 11.00
# Visual Studio 2010
Project("{FAE04EC0-301F-11D3-BF4B-00C04F79EFBC}") = "GDIDrawShape", "GDIDrawShape\GDIDrawShape.csproj", "{9B8D292C-B865-48F2-B45B-F400122404EC}"
EndProject
Project("{FAE04EC0-301F-11D3-BF4B-00C04F79EFBC}") = "GDIPen", "GDIPen\GDIPen.csproj", "{83F14E5A-28FF-4510-91AF-B85E55076879}"
EndProject
Project("{FAE04EC0-301F-11D3-BF4B-00C04F79EFBC}") = "GDITextureBrush", "GDITextureBrush\GDITextureBrush.csproj", "{E2A925E6-1F8C-4498-9FA0-CD5BB80FB5E4}"
EndProject
Project("{FAE04EC0-301F-11D3-BF4B-00C04F79EFBC}") = "GDIGradientBrush", "GDIGradientBrush\GDIGradientBrush.csproj", "{4C7795D4-2B46-493F-893C-9552378725E4}"
EndProject
Project("{FAE04EC0-301F-11D3-BF4B-00C04F79EFBC}") = "GDIString", "GDIString\GDIString.csproj", "{227954EF-09DC-4F38-87EA-A76DB19ABE7F}"
EndProject
Project("{FAE04EC0-301F-11D3-BF4B-00C04F79EFBC}") = "GDIDrawImage", "GDIDrawImage\GDIDrawImage.csproj", "{0E8B0CA2-0928-4069-86A8-DF92600B053F}"
EndProject
Project("{FAE04EC0-301F-11D3-BF4B-00C04F79EFBC}") = "GDICreateBitmap", "GDICreateBitmap\GDICreateBitmap.csproj", "{53EF457A-C026-487C-BF7F-1C8CB2DD8D48}"
EndProject
Project("{2150E333-8FDC-42A3-9474-1A3956D46DE8}") = "实例202  在窗体上绘制各种形状", "实例202  在窗体上绘制各种形状", "{6DDAD563-3B83-4140-A591-BFCFAAE20A5A}"
EndProject
Project("{2150E333-8FDC-42A3-9474-1A3956D46DE8}") = "实例203  在窗体上绘制不同样式的线段和矩形", "实例203  在窗体上绘制不同样式的线段和矩形", "{815536F3-B1FF-47D3-AF4E-8A056E1961DD}"
EndProject
Project("{2150E333-8FDC-42A3-9474-1A3956D46DE8}") = "实例204  利用图片作为纹理绘制矩形", "实例204  利用图片作为纹理绘制矩形", "{AF826FCC-D16A-432C-8B70-A3E0D43AAA1F}"
EndProject
Project("{2150E333-8FDC-42A3-9474-1A3956D46DE8}") = "实例205  利用渐变画刷绘制窗体背景", "实例205  利用渐变画刷绘制窗体背景", "{727C1A45-F25F-4577-8CF2-BFF19A509441}"
EndProject
Project("{2150E333-8FDC-42A3-9474-1A3956D46DE8}") = "实例206  在窗体上绘制文本", "实例206  在窗体上绘制文本", "{41514ED3-1E54-4796-8E6E-AAE4E2E524F7}"
EndProject
Project("{2150E333-8FDC-42A3-9474-1A3956D46DE8}") = "实例207  在窗体上绘制图像", "实例207  在窗体上绘制图像", "{D113262B-C79B-4244-84C6-7169AE9BFED9}"
EndProject
Project("{2150E333-8FDC-42A3-9474-1A3956D46DE8}") = "实例208  创建并在窗体上绘制位图", "实例208  创建并在窗体上绘制位图", "{C7D05677-CE06-4AD8-9EC0-DF72DA5DEC2C}"
EndProject
Global
	GlobalSection(SolutionConfigurationPlatforms) = preSolution
		Debug|x86 = Debug|x86
		Release|x86 = Release|x86
	EndGlobalSection
	GlobalSection(ProjectConfigurationPlatforms) = postSolution
		{9B8D292C-B865-48F2-B45B-F400122404EC}.Debug|x86.ActiveCfg = Debug|x86
		{9B8D292C-B865-48F2-B45B-F400122404EC}.Debug|x86.Build.0 = Debug|x86
		{9B8D292C-B865-48F2-B45B-F400122404EC}.Release|x86.ActiveCfg = Release|x86
		{9B8D292C-B865-48F2-B45B-F400122404EC}.Release|x86.Build.0 = Release|x86
		{83F14E5A-28FF-4510-91AF-B85E55076879}.Debug|x86.ActiveCfg = Debug|x86
		{83F14E5A-28FF-4510-91AF-B85E55076879}.Debug|x86.Build.0 = Debug|x86
		{83F14E5A-28FF-4510-91AF-B85E55076879}.Release|x86.ActiveCfg = Release|x86
		{83F14E5A-28FF-4510-91AF-B85E55076879}.Release|x86.Build.0 = Release|x86
		{E2A925E6-1F8C-4498-9FA0-CD5BB80FB5E4}.Debug|x86.ActiveCfg = Debug|x86
		{E2A925E6-1F8C-4498-9FA0-CD5BB80FB5E4}.Debug|x86.Build.0 = Debug|x86
		{E2A925E6-1F8C-4498-9FA0-CD5BB80FB5E4}.Release|x86.ActiveCfg = Release|x86
		{E2A925E6-1F8C-4498-9FA0-CD5BB80FB5E4}.Release|x86.Build.0 = Release|x86
		{4C7795D4-2B46-493F-893C-9552378725E4}.Debug|x86.ActiveCfg = Debug|x86
		{4C7795D4-2B46-493F-893C-9552378725E4}.Debug|x86.Build.0 = Debug|x86
		{4C7795D4-2B46-493F-893C-9552378725E4}.Release|x86.ActiveCfg = Release|x86
		{4C7795D4-2B46-493F-893C-9552378725E4}.Release|x86.Build.0 = Release|x86
		{227954EF-09DC-4F38-87EA-A76DB19ABE7F}.Debug|x86.ActiveCfg = Debug|x86
		{227954EF-09DC-4F38-87EA-A76DB19ABE7F}.Debug|x86.Build.0 = Debug|x86
		{227954EF-09DC-4F38-87EA-A76DB19ABE7F}.Release|x86.ActiveCfg = Release|x86
		{227954EF-09DC-4F38-87EA-A76DB19ABE7F}.Release|x86.Build.0 = Release|x86
		{0E8B0CA2-0928-4069-86A8-DF92600B053F}.Debug|x86.ActiveCfg = Debug|x86
		{0E8B0CA2-0928-4069-86A8-DF92600B053F}.Debug|x86.Build.0 = Debug|x86
		{0E8B0CA2-0928-4069-86A8-DF92600B053F}.Release|x86.ActiveCfg = Release|x86
		{0E8B0CA2-0928-4069-86A8-DF92600B053F}.Release|x86.Build.0 = Release|x86
		{53EF457A-C026-487C-BF7F-1C8CB2DD8D48}.Debug|x86.ActiveCfg = Debug|x86
		{53EF457A-C026-487C-BF7F-1C8CB2DD8D48}.Debug|x86.Build.0 = Debug|x86
		{53EF457A-C026-487C-BF7F-1C8CB2DD8D48}.Release|x86.ActiveCfg = Release|x86
		{53EF457A-C026-487C-BF7F-1C8CB2DD8D48}.Release|x86.Build.0 = Release|x86
	EndGlobalSection
	GlobalSection(SolutionProperties) = preSolution
		HideSolutionNode = FALSE
	EndGlobalSection
	GlobalSection(NestedProjects) = preSolution
		{9B8D292C-B865-48F2-B45B-F400122404EC} = {6DDAD563-3B83-4140-A591-BFCFAAE20A5A}
		{83F14E5A-28FF-4510-91AF-B85E55076879} = {815536F3-B1FF-47D3-AF4E-8A056E1961DD}
		{E2A925E6-1F8C-4498-9FA0-CD5BB80FB5E4} = {AF826FCC-D16A-432C-8B70-A3E0D43AAA1F}
		{4C7795D4-2B46-493F-893C-9552378725E4} = {727C1A45-F25F-4577-8CF2-BFF19A509441}
		{227954EF-09DC-4F38-87EA-A76DB19ABE7F} = {41514ED3-1E54-4796-8E6E-AAE4E2E524F7}
		{0E8B0CA2-0928-4069-86A8-DF92600B053F} = {D113262B-C79B-4244-84C6-7169AE9BFED9}
		{53EF457A-C026-487C-BF7F-1C8CB2DD8D48} = {C7D05677-CE06-4AD8-9EC0-DF72DA5DEC2C}
	EndGlobalSection
EndGlobal
