
Microsoft Visual Studio Solution File, Format Version 11.00
# Visual Studio 2010
Project("{FAE04EC0-301F-11D3-BF4B-00C04F79EFBC}") = "SaveStudents", "SaveStudents\SaveStudents.csproj", "{9299193C-C35F-4F2D-9312-EB3498603CCF}"
EndProject
Project("{FAE04EC0-301F-11D3-BF4B-00C04F79EFBC}") = "StudentResults", "StudentResults\StudentResults.csproj", "{B5E2291E-3244-49DB-A488-CA4498133751}"
EndProject
Project("{FAE04EC0-301F-11D3-BF4B-00C04F79EFBC}") = "TotalScore", "TotalScore\TotalScore.csproj", "{B46C7196-20C9-42EA-AFE2-F37F63EB643E}"
EndProject
Project("{FAE04EC0-301F-11D3-BF4B-00C04F79EFBC}") = "MatrixMultiplication", "MatrixMultiplication\MatrixMultiplication.csproj", "{5E62F5AC-C817-4110-BAC1-CFB07885B212}"
EndProject
Project("{FAE04EC0-301F-11D3-BF4B-00C04F79EFBC}") = "SaveDate", "SaveDate\SaveDate.csproj", "{A28C9D79-6BA8-4F97-996B-CA36F1856A90}"
EndProject
Project("{FAE04EC0-301F-11D3-BF4B-00C04F79EFBC}") = "StudentInfo", "StudentInfo\StudentInfo.csproj", "{02A05AD8-ED5C-4DE6-8FEE-C10E8633436C}"
EndProject
Project("{FAE04EC0-301F-11D3-BF4B-00C04F79EFBC}") = "ManageStudent", "ManageStudent\ManageStudent.csproj", "{C0CB865F-A743-4CF5-9016-2D48A0A08C14}"
EndProject
Project("{FAE04EC0-301F-11D3-BF4B-00C04F79EFBC}") = "ProvinceCity", "ProvinceCity\ProvinceCity.csproj", "{F598A328-08B8-4497-BF8A-1C176949BBFA}"
EndProject
Project("{FAE04EC0-301F-11D3-BF4B-00C04F79EFBC}") = "TicketSale", "TicketSale\TicketSale.csproj", "{7006ED1B-B48F-42A3-8798-38CAAFCF568A}"
EndProject
Project("{FAE04EC0-301F-11D3-BF4B-00C04F79EFBC}") = "PartnerMatch", "PartnerMatch\PartnerMatch.csproj", "{DBD3FD24-E71A-474C-814E-5DE5D7AC2F9B}"
EndProject
Project("{FAE04EC0-301F-11D3-BF4B-00C04F79EFBC}") = "BracketChecked", "BracketChecked\BracketChecked.csproj", "{B8934B55-6841-4E3A-BD8D-39006BB9B6A2}"
EndProject
Project("{2150E333-8FDC-42A3-9474-1A3956D46DE8}") = "实例031  存储多个学生姓名--一维数组", "实例031  存储多个学生姓名--一维数组", "{1A06F099-F42E-4577-B5EF-2EFA1967F8FE}"
EndProject
Project("{2150E333-8FDC-42A3-9474-1A3956D46DE8}") = "实例032  生成学生成绩单--创建二维数组", "实例032  生成学生成绩单--创建二维数组", "{D9DA8149-6372-4376-8B74-D42440013546}"
EndProject
Project("{2150E333-8FDC-42A3-9474-1A3956D46DE8}") = "实例033  求学生总成绩--读取二维数组", "实例033  求学生总成绩--读取二维数组", "{70BBE7E1-2EE1-4524-B13D-4315C2437182}"
EndProject
Project("{2150E333-8FDC-42A3-9474-1A3956D46DE8}") = "实例034  计算两个矩阵乘法--二维数组运算", "实例034  计算两个矩阵乘法--二维数组运算", "{52DD1373-7B95-4D42-B84D-8889532B2B34}"
EndProject
Project("{2150E333-8FDC-42A3-9474-1A3956D46DE8}") = "实例035  按月存储日期--交错数组", "实例035  按月存储日期--交错数组", "{7F7DCFF8-6BB0-416E-AFA4-558B20712A00}"
EndProject
Project("{2150E333-8FDC-42A3-9474-1A3956D46DE8}") = "实例036  生成学生信息表--ArrayList的使用", "实例036  生成学生信息表--ArrayList的使用", "{5E1B7350-1456-4914-9A88-E0B71AA419D6}"
EndProject
Project("{2150E333-8FDC-42A3-9474-1A3956D46DE8}") = "实例037  管理学生信息--List的使用", "实例037  管理学生信息--List的使用", "{4BFE959C-F084-4130-A6B6-3FA2468BD714}"
EndProject
Project("{2150E333-8FDC-42A3-9474-1A3956D46DE8}") = "实例038  生成省市信息表--Dictionary的使用", "实例038  生成省市信息表--Dictionary的使用", "{56DEEDB8-3401-438C-94B0-80BB2A69C79E}"
EndProject
Project("{2150E333-8FDC-42A3-9474-1A3956D46DE8}") = "实例039  简单列车售票系统--二维数组的应用", "实例039  简单列车售票系统--二维数组的应用", "{1CBA0A70-C726-4F9E-A59D-50C0C2C4A688}"
EndProject
Project("{2150E333-8FDC-42A3-9474-1A3956D46DE8}") = "实例040  模拟舞伴配对问题--Queue的使用", "实例040  模拟舞伴配对问题--Queue的使用", "{73E3084F-A386-45A5-8F86-ECF450583F71}"
EndProject
Project("{2150E333-8FDC-42A3-9474-1A3956D46DE8}") = "实例041  括号匹配检测--Stack的使用", "实例041  括号匹配检测--Stack的使用", "{66B7F031-5ACD-4768-9507-FEA1A6833C65}"
EndProject
Global
	GlobalSection(SolutionConfigurationPlatforms) = preSolution
		Debug|x86 = Debug|x86
		Release|x86 = Release|x86
	EndGlobalSection
	GlobalSection(ProjectConfigurationPlatforms) = postSolution
		{9299193C-C35F-4F2D-9312-EB3498603CCF}.Debug|x86.ActiveCfg = Debug|x86
		{9299193C-C35F-4F2D-9312-EB3498603CCF}.Debug|x86.Build.0 = Debug|x86
		{9299193C-C35F-4F2D-9312-EB3498603CCF}.Release|x86.ActiveCfg = Release|x86
		{9299193C-C35F-4F2D-9312-EB3498603CCF}.Release|x86.Build.0 = Release|x86
		{B5E2291E-3244-49DB-A488-CA4498133751}.Debug|x86.ActiveCfg = Debug|x86
		{B5E2291E-3244-49DB-A488-CA4498133751}.Debug|x86.Build.0 = Debug|x86
		{B5E2291E-3244-49DB-A488-CA4498133751}.Release|x86.ActiveCfg = Release|x86
		{B5E2291E-3244-49DB-A488-CA4498133751}.Release|x86.Build.0 = Release|x86
		{B46C7196-20C9-42EA-AFE2-F37F63EB643E}.Debug|x86.ActiveCfg = Debug|x86
		{B46C7196-20C9-42EA-AFE2-F37F63EB643E}.Debug|x86.Build.0 = Debug|x86
		{B46C7196-20C9-42EA-AFE2-F37F63EB643E}.Release|x86.ActiveCfg = Release|x86
		{B46C7196-20C9-42EA-AFE2-F37F63EB643E}.Release|x86.Build.0 = Release|x86
		{5E62F5AC-C817-4110-BAC1-CFB07885B212}.Debug|x86.ActiveCfg = Debug|x86
		{5E62F5AC-C817-4110-BAC1-CFB07885B212}.Debug|x86.Build.0 = Debug|x86
		{5E62F5AC-C817-4110-BAC1-CFB07885B212}.Release|x86.ActiveCfg = Release|x86
		{5E62F5AC-C817-4110-BAC1-CFB07885B212}.Release|x86.Build.0 = Release|x86
		{A28C9D79-6BA8-4F97-996B-CA36F1856A90}.Debug|x86.ActiveCfg = Debug|x86
		{A28C9D79-6BA8-4F97-996B-CA36F1856A90}.Debug|x86.Build.0 = Debug|x86
		{A28C9D79-6BA8-4F97-996B-CA36F1856A90}.Release|x86.ActiveCfg = Release|x86
		{A28C9D79-6BA8-4F97-996B-CA36F1856A90}.Release|x86.Build.0 = Release|x86
		{02A05AD8-ED5C-4DE6-8FEE-C10E8633436C}.Debug|x86.ActiveCfg = Debug|x86
		{02A05AD8-ED5C-4DE6-8FEE-C10E8633436C}.Debug|x86.Build.0 = Debug|x86
		{02A05AD8-ED5C-4DE6-8FEE-C10E8633436C}.Release|x86.ActiveCfg = Release|x86
		{02A05AD8-ED5C-4DE6-8FEE-C10E8633436C}.Release|x86.Build.0 = Release|x86
		{C0CB865F-A743-4CF5-9016-2D48A0A08C14}.Debug|x86.ActiveCfg = Debug|x86
		{C0CB865F-A743-4CF5-9016-2D48A0A08C14}.Debug|x86.Build.0 = Debug|x86
		{C0CB865F-A743-4CF5-9016-2D48A0A08C14}.Release|x86.ActiveCfg = Release|x86
		{C0CB865F-A743-4CF5-9016-2D48A0A08C14}.Release|x86.Build.0 = Release|x86
		{F598A328-08B8-4497-BF8A-1C176949BBFA}.Debug|x86.ActiveCfg = Debug|x86
		{F598A328-08B8-4497-BF8A-1C176949BBFA}.Debug|x86.Build.0 = Debug|x86
		{F598A328-08B8-4497-BF8A-1C176949BBFA}.Release|x86.ActiveCfg = Release|x86
		{F598A328-08B8-4497-BF8A-1C176949BBFA}.Release|x86.Build.0 = Release|x86
		{7006ED1B-B48F-42A3-8798-38CAAFCF568A}.Debug|x86.ActiveCfg = Debug|x86
		{7006ED1B-B48F-42A3-8798-38CAAFCF568A}.Debug|x86.Build.0 = Debug|x86
		{7006ED1B-B48F-42A3-8798-38CAAFCF568A}.Release|x86.ActiveCfg = Release|x86
		{7006ED1B-B48F-42A3-8798-38CAAFCF568A}.Release|x86.Build.0 = Release|x86
		{DBD3FD24-E71A-474C-814E-5DE5D7AC2F9B}.Debug|x86.ActiveCfg = Debug|x86
		{DBD3FD24-E71A-474C-814E-5DE5D7AC2F9B}.Debug|x86.Build.0 = Debug|x86
		{DBD3FD24-E71A-474C-814E-5DE5D7AC2F9B}.Release|x86.ActiveCfg = Release|x86
		{DBD3FD24-E71A-474C-814E-5DE5D7AC2F9B}.Release|x86.Build.0 = Release|x86
		{B8934B55-6841-4E3A-BD8D-39006BB9B6A2}.Debug|x86.ActiveCfg = Debug|x86
		{B8934B55-6841-4E3A-BD8D-39006BB9B6A2}.Debug|x86.Build.0 = Debug|x86
		{B8934B55-6841-4E3A-BD8D-39006BB9B6A2}.Release|x86.ActiveCfg = Release|x86
		{B8934B55-6841-4E3A-BD8D-39006BB9B6A2}.Release|x86.Build.0 = Release|x86
	EndGlobalSection
	GlobalSection(SolutionProperties) = preSolution
		HideSolutionNode = FALSE
	EndGlobalSection
	GlobalSection(NestedProjects) = preSolution
		{9299193C-C35F-4F2D-9312-EB3498603CCF} = {1A06F099-F42E-4577-B5EF-2EFA1967F8FE}
		{B5E2291E-3244-49DB-A488-CA4498133751} = {D9DA8149-6372-4376-8B74-D42440013546}
		{B46C7196-20C9-42EA-AFE2-F37F63EB643E} = {70BBE7E1-2EE1-4524-B13D-4315C2437182}
		{5E62F5AC-C817-4110-BAC1-CFB07885B212} = {52DD1373-7B95-4D42-B84D-8889532B2B34}
		{A28C9D79-6BA8-4F97-996B-CA36F1856A90} = {7F7DCFF8-6BB0-416E-AFA4-558B20712A00}
		{02A05AD8-ED5C-4DE6-8FEE-C10E8633436C} = {5E1B7350-1456-4914-9A88-E0B71AA419D6}
		{C0CB865F-A743-4CF5-9016-2D48A0A08C14} = {4BFE959C-F084-4130-A6B6-3FA2468BD714}
		{F598A328-08B8-4497-BF8A-1C176949BBFA} = {56DEEDB8-3401-438C-94B0-80BB2A69C79E}
		{7006ED1B-B48F-42A3-8798-38CAAFCF568A} = {1CBA0A70-C726-4F9E-A59D-50C0C2C4A688}
		{DBD3FD24-E71A-474C-814E-5DE5D7AC2F9B} = {73E3084F-A386-45A5-8F86-ECF450583F71}
		{B8934B55-6841-4E3A-BD8D-39006BB9B6A2} = {66B7F031-5ACD-4768-9507-FEA1A6833C65}
	EndGlobalSection
EndGlobal
