
Microsoft Visual Studio Solution File, Format Version 11.00
# Visual Studio 2010
Project("{FAE04EC0-301F-11D3-BF4B-00C04F79EFBC}") = "FormSpecial", "FormSpecial\FormSpecial.csproj", "{4F07827A-91F9-42BE-B136-03DF24B441D4}"
EndProject
Project("{FAE04EC0-301F-11D3-BF4B-00C04F79EFBC}") = "FormAnchor", "FormAnchor\FormAnchor.csproj", "{D681C30F-3C35-4A45-BAEF-4038D7786509}"
EndProject
Project("{FAE04EC0-301F-11D3-BF4B-00C04F79EFBC}") = "FormSize", "FormSize\FormSize.csproj", "{4811F010-E56A-49CA-8408-BCAF122CBBD6}"
EndProject
Project("{FAE04EC0-301F-11D3-BF4B-00C04F79EFBC}") = "FormOnPaint", "FormOnPaint\FormOnPaint.csproj", "{1EF31A95-22CA-42C8-88FB-E90CEBC6F6B5}"
EndProject
Project("{FAE04EC0-301F-11D3-BF4B-00C04F79EFBC}") = "FormLocation", "FormLocation\FormLocation.csproj", "{119024B5-1182-43CA-94D1-14460E894D3B}"
EndProject
Project("{FAE04EC0-301F-11D3-BF4B-00C04F79EFBC}") = "FormBorderStyle", "FormBorderStyle\FormBorderStyle.csproj", "{E3A6B41E-1249-455D-901C-5ADB829753EF}"
EndProject
Project("{FAE04EC0-301F-11D3-BF4B-00C04F79EFBC}") = "FormMdi", "FormMdi\FormMdi.csproj", "{F9355886-87FF-4DE1-9C50-E910AF2DDB7C}"
EndProject
Project("{2150E333-8FDC-42A3-9474-1A3956D46DE8}") = "实例116  特殊形状的窗体", "实例116  特殊形状的窗体", "{16562F2B-009A-4E18-B4D2-C5C6CA725DC5}"
EndProject
Project("{2150E333-8FDC-42A3-9474-1A3956D46DE8}") = "实例117  自动调整窗体中的控件", "实例117  自动调整窗体中的控件", "{43CC95EE-BEE6-40DB-97E4-17FBBDCA8868}"
EndProject
Project("{2150E333-8FDC-42A3-9474-1A3956D46DE8}") = "实例118  窗体动态出现", "实例118  窗体动态出现", "{90839D84-345E-4836-9AC9-2910E48E52D2}"
EndProject
Project("{2150E333-8FDC-42A3-9474-1A3956D46DE8}") = "实例119  动态窗体背景", "实例119  动态窗体背景", "{47D34D2F-054C-4B77-9AC9-C7BA5BDB0580}"
EndProject
Project("{2150E333-8FDC-42A3-9474-1A3956D46DE8}") = "实例120  窗体抖动", "实例120  窗体抖动", "{A1A0BB8F-599A-4E91-A8F4-9C42B0DFD1A7}"
EndProject
Project("{2150E333-8FDC-42A3-9474-1A3956D46DE8}") = "实例121  窗体闪烁", "实例121  窗体闪烁", "{3AA71A49-B09E-40AE-8A3D-9D1BE1637D8D}"
EndProject
Project("{2150E333-8FDC-42A3-9474-1A3956D46DE8}") = "实例122  拖动无边框窗体", "实例122  拖动无边框窗体", "{DD64FCE3-3867-4389-93D9-CAD086762A56}"
EndProject
Project("{2150E333-8FDC-42A3-9474-1A3956D46DE8}") = "实例123  实现多文档窗体", "实例123  实现多文档窗体", "{403F47C6-AC91-4C37-B393-A9BD2D385014}"
EndProject
Project("{FAE04EC0-301F-11D3-BF4B-00C04F79EFBC}") = "FormShowHide", "FormShowHide\FormShowHide.csproj", "{67AEF594-F106-47BF-8114-52AD14939CF7}"
EndProject
Global
	GlobalSection(SolutionConfigurationPlatforms) = preSolution
		Debug|x86 = Debug|x86
		Release|x86 = Release|x86
	EndGlobalSection
	GlobalSection(ProjectConfigurationPlatforms) = postSolution
		{4F07827A-91F9-42BE-B136-03DF24B441D4}.Debug|x86.ActiveCfg = Debug|x86
		{4F07827A-91F9-42BE-B136-03DF24B441D4}.Debug|x86.Build.0 = Debug|x86
		{4F07827A-91F9-42BE-B136-03DF24B441D4}.Release|x86.ActiveCfg = Release|x86
		{4F07827A-91F9-42BE-B136-03DF24B441D4}.Release|x86.Build.0 = Release|x86
		{D681C30F-3C35-4A45-BAEF-4038D7786509}.Debug|x86.ActiveCfg = Debug|x86
		{D681C30F-3C35-4A45-BAEF-4038D7786509}.Debug|x86.Build.0 = Debug|x86
		{D681C30F-3C35-4A45-BAEF-4038D7786509}.Release|x86.ActiveCfg = Release|x86
		{D681C30F-3C35-4A45-BAEF-4038D7786509}.Release|x86.Build.0 = Release|x86
		{4811F010-E56A-49CA-8408-BCAF122CBBD6}.Debug|x86.ActiveCfg = Debug|x86
		{4811F010-E56A-49CA-8408-BCAF122CBBD6}.Debug|x86.Build.0 = Debug|x86
		{4811F010-E56A-49CA-8408-BCAF122CBBD6}.Release|x86.ActiveCfg = Release|x86
		{4811F010-E56A-49CA-8408-BCAF122CBBD6}.Release|x86.Build.0 = Release|x86
		{1EF31A95-22CA-42C8-88FB-E90CEBC6F6B5}.Debug|x86.ActiveCfg = Debug|x86
		{1EF31A95-22CA-42C8-88FB-E90CEBC6F6B5}.Debug|x86.Build.0 = Debug|x86
		{1EF31A95-22CA-42C8-88FB-E90CEBC6F6B5}.Release|x86.ActiveCfg = Release|x86
		{1EF31A95-22CA-42C8-88FB-E90CEBC6F6B5}.Release|x86.Build.0 = Release|x86
		{119024B5-1182-43CA-94D1-14460E894D3B}.Debug|x86.ActiveCfg = Debug|x86
		{119024B5-1182-43CA-94D1-14460E894D3B}.Debug|x86.Build.0 = Debug|x86
		{119024B5-1182-43CA-94D1-14460E894D3B}.Release|x86.ActiveCfg = Release|x86
		{119024B5-1182-43CA-94D1-14460E894D3B}.Release|x86.Build.0 = Release|x86
		{E3A6B41E-1249-455D-901C-5ADB829753EF}.Debug|x86.ActiveCfg = Debug|x86
		{E3A6B41E-1249-455D-901C-5ADB829753EF}.Debug|x86.Build.0 = Debug|x86
		{E3A6B41E-1249-455D-901C-5ADB829753EF}.Release|x86.ActiveCfg = Release|x86
		{E3A6B41E-1249-455D-901C-5ADB829753EF}.Release|x86.Build.0 = Release|x86
		{F9355886-87FF-4DE1-9C50-E910AF2DDB7C}.Debug|x86.ActiveCfg = Debug|x86
		{F9355886-87FF-4DE1-9C50-E910AF2DDB7C}.Debug|x86.Build.0 = Debug|x86
		{F9355886-87FF-4DE1-9C50-E910AF2DDB7C}.Release|x86.ActiveCfg = Release|x86
		{F9355886-87FF-4DE1-9C50-E910AF2DDB7C}.Release|x86.Build.0 = Release|x86
		{67AEF594-F106-47BF-8114-52AD14939CF7}.Debug|x86.ActiveCfg = Debug|x86
		{67AEF594-F106-47BF-8114-52AD14939CF7}.Debug|x86.Build.0 = Debug|x86
		{67AEF594-F106-47BF-8114-52AD14939CF7}.Release|x86.ActiveCfg = Release|x86
		{67AEF594-F106-47BF-8114-52AD14939CF7}.Release|x86.Build.0 = Release|x86
	EndGlobalSection
	GlobalSection(SolutionProperties) = preSolution
		HideSolutionNode = FALSE
	EndGlobalSection
	GlobalSection(NestedProjects) = preSolution
		{4F07827A-91F9-42BE-B136-03DF24B441D4} = {16562F2B-009A-4E18-B4D2-C5C6CA725DC5}
		{D681C30F-3C35-4A45-BAEF-4038D7786509} = {43CC95EE-BEE6-40DB-97E4-17FBBDCA8868}
		{4811F010-E56A-49CA-8408-BCAF122CBBD6} = {90839D84-345E-4836-9AC9-2910E48E52D2}
		{1EF31A95-22CA-42C8-88FB-E90CEBC6F6B5} = {47D34D2F-054C-4B77-9AC9-C7BA5BDB0580}
		{119024B5-1182-43CA-94D1-14460E894D3B} = {A1A0BB8F-599A-4E91-A8F4-9C42B0DFD1A7}
		{E3A6B41E-1249-455D-901C-5ADB829753EF} = {DD64FCE3-3867-4389-93D9-CAD086762A56}
		{F9355886-87FF-4DE1-9C50-E910AF2DDB7C} = {403F47C6-AC91-4C37-B393-A9BD2D385014}
		{67AEF594-F106-47BF-8114-52AD14939CF7} = {3AA71A49-B09E-40AE-8A3D-9D1BE1637D8D}
	EndGlobalSection
EndGlobal
